
Microsoft Visual Studio Solution File, Format Version 12.00
# Visual Studio 15
VisualStudioVersion = 15.0.27428.2043
MinimumVisualStudioVersion = 10.0.40219.1
Project("{8BC9CEB8-8B4A-11D0-8D11-00A0C91BC942}") = "EmperorOfDragons", "EmperorOfDragons.vcxproj", "{8853F224-07BE-445D-A9ED-C6D1C7B48195}"
EndProject
Project("{8BC9CEB8-8B4A-11D0-8D11-00A0C91BC942}") = "NexonADBalloonLib", "NexonADBalloonLib\NexonADBalloonLib.vcxproj", "{800E8072-465B-440A-BD5C-B6F88CC55EE9}"
EndProject
Project("{8BC9CEB8-8B4A-11D0-8D11-00A0C91BC942}") = "SetRegistry", "SetRegistry\SetRegistry.vcxproj", "{E2C232A9-65EC-4C54-9C9A-BE25E87B9B5C}"
EndProject
Project("{8BC9CEB8-8B4A-11D0-8D11-00A0C91BC942}") = "XFControl", "XFControl\XFControl.vcxproj", "{73266A02-538A-4D5D-A0E0-53A5376D4939}"
EndProject
Project("{8BC9CEB8-8B4A-11D0-8D11-00A0C91BC942}") = "XFileTransfer", "XFileTransfer\XFileTransfer.vcxproj", "{44075F12-2058-4AEC-A215-498189F41013}"
EndProject
Project("{8BC9CEB8-8B4A-11D0-8D11-00A0C91BC942}") = "XGamebase", "XGamebase\XGamebase.vcxproj", "{6C8541D0-E0BB-465C-988D-18261AE15444}"
EndProject
Project("{8BC9CEB8-8B4A-11D0-8D11-00A0C91BC942}") = "XKernel", "XKernel\XKernel.vcxproj", "{C21562D1-A5AA-4F7F-92A2-0220A13C57FD}"
EndProject
Project("{8BC9CEB8-8B4A-11D0-8D11-00A0C91BC942}") = "XLauncher", "XLauncher\XLauncher.vcxproj", "{ACF3E78B-ED6D-43C0-8C11-86B93C726155}"
EndProject
Project("{8BC9CEB8-8B4A-11D0-8D11-00A0C91BC942}") = "XPacker", "XPacker\XPacker.vcxproj", "{536F5843-E07E-4D1D-8679-B2368F985978}"
EndProject
Project("{8BC9CEB8-8B4A-11D0-8D11-00A0C91BC942}") = "XPatch", "XPatch\XPatch.vcxproj", "{F6936837-1D09-46B7-88D7-E437A3603191}"
EndProject
Global
	GlobalSection(SolutionConfigurationPlatforms) = preSolution
		CN_Debug|x86 = CN_Debug|x86
		CN_Release_Debug|x86 = CN_Release_Debug|x86
		CN_Release_GM|x86 = CN_Release_GM|x86
		CN_Release|x86 = CN_Release|x86
		Debug|x86 = Debug|x86
		JP_Debug|x86 = JP_Debug|x86
		JP_Release_Debug|x86 = JP_Release_Debug|x86
		JP_Release_GM|x86 = JP_Release_GM|x86
		JP_Release|x86 = JP_Release|x86
		KR_Debug|x86 = KR_Debug|x86
		KR_Release_Debug|x86 = KR_Release_Debug|x86
		KR_Release_GM|x86 = KR_Release_GM|x86
		KR_Release|x86 = KR_Release|x86
		KR_Test_Release_Debug|x86 = KR_Test_Release_Debug|x86
		KR_Test_Release_GM|x86 = KR_Test_Release_GM|x86
		KR_Test_Release|x86 = KR_Test_Release|x86
		Release_include_debugging_information|x86 = Release_include_debugging_information|x86
		Release|x86 = Release|x86
		RS_Debug|x86 = RS_Debug|x86
		RS_Release_Debug|x86 = RS_Release_Debug|x86
		RS_Release_GM|x86 = RS_Release_GM|x86
		RS_Release|x86 = RS_Release|x86
		Template|x86 = Template|x86
		test_Debug|x86 = test_Debug|x86
		test_Release|x86 = test_Release|x86
		TH_Debug|x86 = TH_Debug|x86
		TH_Release_Debug|x86 = TH_Release_Debug|x86
		TH_Release_GM|x86 = TH_Release_GM|x86
		TH_Release|x86 = TH_Release|x86
		TW_Debug|x86 = TW_Debug|x86
		TW_Release_Debug|x86 = TW_Release_Debug|x86
		TW_Release_GM|x86 = TW_Release_GM|x86
		TW_Release|x86 = TW_Release|x86
		US_Debug|x86 = US_Debug|x86
		US_Release_Debug|x86 = US_Release_Debug|x86
		US_Release_GM|x86 = US_Release_GM|x86
		US_Release|x86 = US_Release|x86
		VN_Debug|x86 = VN_Debug|x86
		VN_Release_Debug|x86 = VN_Release_Debug|x86
		VN_Release_GM|x86 = VN_Release_GM|x86
		VN_Release|x86 = VN_Release|x86
	EndGlobalSection
	GlobalSection(ProjectConfigurationPlatforms) = postSolution
		{8853F224-07BE-445D-A9ED-C6D1C7B48195}.CN_Debug|x86.ActiveCfg = CN_Debug|Win32
		{8853F224-07BE-445D-A9ED-C6D1C7B48195}.CN_Debug|x86.Build.0 = CN_Debug|Win32
		{8853F224-07BE-445D-A9ED-C6D1C7B48195}.CN_Release_Debug|x86.ActiveCfg = CN_Release_Debug|Win32
		{8853F224-07BE-445D-A9ED-C6D1C7B48195}.CN_Release_Debug|x86.Build.0 = CN_Release_Debug|Win32
		{8853F224-07BE-445D-A9ED-C6D1C7B48195}.CN_Release_GM|x86.ActiveCfg = CN_Release_GM|Win32
		{8853F224-07BE-445D-A9ED-C6D1C7B48195}.CN_Release_GM|x86.Build.0 = CN_Release_GM|Win32
		{8853F224-07BE-445D-A9ED-C6D1C7B48195}.CN_Release|x86.ActiveCfg = CN_Release|Win32
		{8853F224-07BE-445D-A9ED-C6D1C7B48195}.CN_Release|x86.Build.0 = CN_Release|Win32
		{8853F224-07BE-445D-A9ED-C6D1C7B48195}.Debug|x86.ActiveCfg = JP_Debug|Win32
		{8853F224-07BE-445D-A9ED-C6D1C7B48195}.Debug|x86.Build.0 = JP_Debug|Win32
		{8853F224-07BE-445D-A9ED-C6D1C7B48195}.JP_Debug|x86.ActiveCfg = JP_Debug|Win32
		{8853F224-07BE-445D-A9ED-C6D1C7B48195}.JP_Debug|x86.Build.0 = JP_Debug|Win32
		{8853F224-07BE-445D-A9ED-C6D1C7B48195}.JP_Release_Debug|x86.ActiveCfg = JP_Release_Debug|Win32
		{8853F224-07BE-445D-A9ED-C6D1C7B48195}.JP_Release_Debug|x86.Build.0 = JP_Release_Debug|Win32
		{8853F224-07BE-445D-A9ED-C6D1C7B48195}.JP_Release_GM|x86.ActiveCfg = JP_Release_GM|Win32
		{8853F224-07BE-445D-A9ED-C6D1C7B48195}.JP_Release_GM|x86.Build.0 = JP_Release_GM|Win32
		{8853F224-07BE-445D-A9ED-C6D1C7B48195}.JP_Release|x86.ActiveCfg = JP_Release|Win32
		{8853F224-07BE-445D-A9ED-C6D1C7B48195}.JP_Release|x86.Build.0 = JP_Release|Win32
		{8853F224-07BE-445D-A9ED-C6D1C7B48195}.KR_Debug|x86.ActiveCfg = KR_Debug|Win32
		{8853F224-07BE-445D-A9ED-C6D1C7B48195}.KR_Debug|x86.Build.0 = KR_Debug|Win32
		{8853F224-07BE-445D-A9ED-C6D1C7B48195}.KR_Release_Debug|x86.ActiveCfg = KR_Release_Debug|Win32
		{8853F224-07BE-445D-A9ED-C6D1C7B48195}.KR_Release_Debug|x86.Build.0 = KR_Release_Debug|Win32
		{8853F224-07BE-445D-A9ED-C6D1C7B48195}.KR_Release_GM|x86.ActiveCfg = KR_Release_GM|Win32
		{8853F224-07BE-445D-A9ED-C6D1C7B48195}.KR_Release_GM|x86.Build.0 = KR_Release_GM|Win32
		{8853F224-07BE-445D-A9ED-C6D1C7B48195}.KR_Release|x86.ActiveCfg = KR_Release|Win32
		{8853F224-07BE-445D-A9ED-C6D1C7B48195}.KR_Release|x86.Build.0 = KR_Release|Win32
		{8853F224-07BE-445D-A9ED-C6D1C7B48195}.KR_Test_Release_Debug|x86.ActiveCfg = KR_Test_Release_Debug|Win32
		{8853F224-07BE-445D-A9ED-C6D1C7B48195}.KR_Test_Release_Debug|x86.Build.0 = KR_Test_Release_Debug|Win32
		{8853F224-07BE-445D-A9ED-C6D1C7B48195}.KR_Test_Release_GM|x86.ActiveCfg = KR_Test_Release_GM|Win32
		{8853F224-07BE-445D-A9ED-C6D1C7B48195}.KR_Test_Release_GM|x86.Build.0 = KR_Test_Release_GM|Win32
		{8853F224-07BE-445D-A9ED-C6D1C7B48195}.KR_Test_Release|x86.ActiveCfg = KR_Test_Release|Win32
		{8853F224-07BE-445D-A9ED-C6D1C7B48195}.KR_Test_Release|x86.Build.0 = KR_Test_Release|Win32
		{8853F224-07BE-445D-A9ED-C6D1C7B48195}.Release_include_debugging_information|x86.ActiveCfg = RS_Release|Win32
		{8853F224-07BE-445D-A9ED-C6D1C7B48195}.Release_include_debugging_information|x86.Build.0 = RS_Release|Win32
		{8853F224-07BE-445D-A9ED-C6D1C7B48195}.Release|x86.ActiveCfg = RS_Release|Win32
		{8853F224-07BE-445D-A9ED-C6D1C7B48195}.Release|x86.Build.0 = RS_Release|Win32
		{8853F224-07BE-445D-A9ED-C6D1C7B48195}.RS_Debug|x86.ActiveCfg = RS_Debug|Win32
		{8853F224-07BE-445D-A9ED-C6D1C7B48195}.RS_Debug|x86.Build.0 = RS_Debug|Win32
		{8853F224-07BE-445D-A9ED-C6D1C7B48195}.RS_Release_Debug|x86.ActiveCfg = RS_Release_Debug|Win32
		{8853F224-07BE-445D-A9ED-C6D1C7B48195}.RS_Release_Debug|x86.Build.0 = RS_Release_Debug|Win32
		{8853F224-07BE-445D-A9ED-C6D1C7B48195}.RS_Release_GM|x86.ActiveCfg = RS_Release_GM|Win32
		{8853F224-07BE-445D-A9ED-C6D1C7B48195}.RS_Release_GM|x86.Build.0 = RS_Release_GM|Win32
		{8853F224-07BE-445D-A9ED-C6D1C7B48195}.RS_Release|x86.ActiveCfg = RS_Release|Win32
		{8853F224-07BE-445D-A9ED-C6D1C7B48195}.RS_Release|x86.Build.0 = RS_Release|Win32
		{8853F224-07BE-445D-A9ED-C6D1C7B48195}.Template|x86.ActiveCfg = TH_Release_GM|Win32
		{8853F224-07BE-445D-A9ED-C6D1C7B48195}.Template|x86.Build.0 = TH_Release_GM|Win32
		{8853F224-07BE-445D-A9ED-C6D1C7B48195}.test_Debug|x86.ActiveCfg = TH_Release_GM|Win32
		{8853F224-07BE-445D-A9ED-C6D1C7B48195}.test_Debug|x86.Build.0 = TH_Release_GM|Win32
		{8853F224-07BE-445D-A9ED-C6D1C7B48195}.test_Release|x86.ActiveCfg = TH_Release_GM|Win32
		{8853F224-07BE-445D-A9ED-C6D1C7B48195}.test_Release|x86.Build.0 = TH_Release_GM|Win32
		{8853F224-07BE-445D-A9ED-C6D1C7B48195}.TH_Debug|x86.ActiveCfg = TH_Debug|Win32
		{8853F224-07BE-445D-A9ED-C6D1C7B48195}.TH_Debug|x86.Build.0 = TH_Debug|Win32
		{8853F224-07BE-445D-A9ED-C6D1C7B48195}.TH_Release_Debug|x86.ActiveCfg = TH_Release_Debug|Win32
		{8853F224-07BE-445D-A9ED-C6D1C7B48195}.TH_Release_Debug|x86.Build.0 = TH_Release_Debug|Win32
		{8853F224-07BE-445D-A9ED-C6D1C7B48195}.TH_Release_GM|x86.ActiveCfg = TH_Release_GM|Win32
		{8853F224-07BE-445D-A9ED-C6D1C7B48195}.TH_Release_GM|x86.Build.0 = TH_Release_GM|Win32
		{8853F224-07BE-445D-A9ED-C6D1C7B48195}.TH_Release|x86.ActiveCfg = TH_Release|Win32
		{8853F224-07BE-445D-A9ED-C6D1C7B48195}.TH_Release|x86.Build.0 = TH_Release|Win32
		{8853F224-07BE-445D-A9ED-C6D1C7B48195}.TW_Debug|x86.ActiveCfg = TW_Debug|Win32
		{8853F224-07BE-445D-A9ED-C6D1C7B48195}.TW_Debug|x86.Build.0 = TW_Debug|Win32
		{8853F224-07BE-445D-A9ED-C6D1C7B48195}.TW_Release_Debug|x86.ActiveCfg = TW_Release_Debug|Win32
		{8853F224-07BE-445D-A9ED-C6D1C7B48195}.TW_Release_Debug|x86.Build.0 = TW_Release_Debug|Win32
		{8853F224-07BE-445D-A9ED-C6D1C7B48195}.TW_Release_GM|x86.ActiveCfg = TW_Release_GM|Win32
		{8853F224-07BE-445D-A9ED-C6D1C7B48195}.TW_Release_GM|x86.Build.0 = TW_Release_GM|Win32
		{8853F224-07BE-445D-A9ED-C6D1C7B48195}.TW_Release|x86.ActiveCfg = TW_Release|Win32
		{8853F224-07BE-445D-A9ED-C6D1C7B48195}.TW_Release|x86.Build.0 = TW_Release|Win32
		{8853F224-07BE-445D-A9ED-C6D1C7B48195}.US_Debug|x86.ActiveCfg = US_Debug|Win32
		{8853F224-07BE-445D-A9ED-C6D1C7B48195}.US_Debug|x86.Build.0 = US_Debug|Win32
		{8853F224-07BE-445D-A9ED-C6D1C7B48195}.US_Release_Debug|x86.ActiveCfg = US_Release_Debug|Win32
		{8853F224-07BE-445D-A9ED-C6D1C7B48195}.US_Release_Debug|x86.Build.0 = US_Release_Debug|Win32
		{8853F224-07BE-445D-A9ED-C6D1C7B48195}.US_Release_GM|x86.ActiveCfg = US_Release_GM|Win32
		{8853F224-07BE-445D-A9ED-C6D1C7B48195}.US_Release_GM|x86.Build.0 = US_Release_GM|Win32
		{8853F224-07BE-445D-A9ED-C6D1C7B48195}.US_Release|x86.ActiveCfg = US_Release|Win32
		{8853F224-07BE-445D-A9ED-C6D1C7B48195}.US_Release|x86.Build.0 = US_Release|Win32
		{8853F224-07BE-445D-A9ED-C6D1C7B48195}.VN_Debug|x86.ActiveCfg = VN_Debug|Win32
		{8853F224-07BE-445D-A9ED-C6D1C7B48195}.VN_Debug|x86.Build.0 = VN_Debug|Win32
		{8853F224-07BE-445D-A9ED-C6D1C7B48195}.VN_Release_Debug|x86.ActiveCfg = VN_Release_Debug|Win32
		{8853F224-07BE-445D-A9ED-C6D1C7B48195}.VN_Release_Debug|x86.Build.0 = VN_Release_Debug|Win32
		{8853F224-07BE-445D-A9ED-C6D1C7B48195}.VN_Release_GM|x86.ActiveCfg = VN_Release_GM|Win32
		{8853F224-07BE-445D-A9ED-C6D1C7B48195}.VN_Release_GM|x86.Build.0 = VN_Release_GM|Win32
		{8853F224-07BE-445D-A9ED-C6D1C7B48195}.VN_Release|x86.ActiveCfg = VN_Release|Win32
		{8853F224-07BE-445D-A9ED-C6D1C7B48195}.VN_Release|x86.Build.0 = VN_Release|Win32
		{800E8072-465B-440A-BD5C-B6F88CC55EE9}.CN_Debug|x86.ActiveCfg = KR_Release_Debug|Win32
		{800E8072-465B-440A-BD5C-B6F88CC55EE9}.CN_Debug|x86.Build.0 = KR_Release_Debug|Win32
		{800E8072-465B-440A-BD5C-B6F88CC55EE9}.CN_Release_Debug|x86.ActiveCfg = KR_Release_Debug|Win32
		{800E8072-465B-440A-BD5C-B6F88CC55EE9}.CN_Release_Debug|x86.Build.0 = KR_Release_Debug|Win32
		{800E8072-465B-440A-BD5C-B6F88CC55EE9}.CN_Release_GM|x86.ActiveCfg = KR_Release_Debug|Win32
		{800E8072-465B-440A-BD5C-B6F88CC55EE9}.CN_Release_GM|x86.Build.0 = KR_Release_Debug|Win32
		{800E8072-465B-440A-BD5C-B6F88CC55EE9}.CN_Release|x86.ActiveCfg = KR_Release_Debug|Win32
		{800E8072-465B-440A-BD5C-B6F88CC55EE9}.CN_Release|x86.Build.0 = KR_Release_Debug|Win32
		{800E8072-465B-440A-BD5C-B6F88CC55EE9}.Debug|x86.ActiveCfg = KR_Release_Debug|Win32
		{800E8072-465B-440A-BD5C-B6F88CC55EE9}.Debug|x86.Build.0 = KR_Release_Debug|Win32
		{800E8072-465B-440A-BD5C-B6F88CC55EE9}.JP_Debug|x86.ActiveCfg = KR_Release_Debug|Win32
		{800E8072-465B-440A-BD5C-B6F88CC55EE9}.JP_Debug|x86.Build.0 = KR_Release_Debug|Win32
		{800E8072-465B-440A-BD5C-B6F88CC55EE9}.JP_Release_Debug|x86.ActiveCfg = KR_Release_Debug|Win32
		{800E8072-465B-440A-BD5C-B6F88CC55EE9}.JP_Release_Debug|x86.Build.0 = KR_Release_Debug|Win32
		{800E8072-465B-440A-BD5C-B6F88CC55EE9}.JP_Release_GM|x86.ActiveCfg = KR_Release_Debug|Win32
		{800E8072-465B-440A-BD5C-B6F88CC55EE9}.JP_Release_GM|x86.Build.0 = KR_Release_Debug|Win32
		{800E8072-465B-440A-BD5C-B6F88CC55EE9}.JP_Release|x86.ActiveCfg = KR_Release_Debug|Win32
		{800E8072-465B-440A-BD5C-B6F88CC55EE9}.JP_Release|x86.Build.0 = KR_Release_Debug|Win32
		{800E8072-465B-440A-BD5C-B6F88CC55EE9}.KR_Debug|x86.ActiveCfg = KR_Release_Debug|Win32
		{800E8072-465B-440A-BD5C-B6F88CC55EE9}.KR_Debug|x86.Build.0 = KR_Release_Debug|Win32
		{800E8072-465B-440A-BD5C-B6F88CC55EE9}.KR_Release_Debug|x86.ActiveCfg = KR_Release_Debug|Win32
		{800E8072-465B-440A-BD5C-B6F88CC55EE9}.KR_Release_Debug|x86.Build.0 = KR_Release_Debug|Win32
		{800E8072-465B-440A-BD5C-B6F88CC55EE9}.KR_Release_GM|x86.ActiveCfg = KR_Release_GM|Win32
		{800E8072-465B-440A-BD5C-B6F88CC55EE9}.KR_Release_GM|x86.Build.0 = KR_Release_GM|Win32
		{800E8072-465B-440A-BD5C-B6F88CC55EE9}.KR_Release|x86.ActiveCfg = KR_Release|Win32
		{800E8072-465B-440A-BD5C-B6F88CC55EE9}.KR_Release|x86.Build.0 = KR_Release|Win32
		{800E8072-465B-440A-BD5C-B6F88CC55EE9}.KR_Test_Release_Debug|x86.ActiveCfg = KR_Release_Debug|Win32
		{800E8072-465B-440A-BD5C-B6F88CC55EE9}.KR_Test_Release_Debug|x86.Build.0 = KR_Release_Debug|Win32
		{800E8072-465B-440A-BD5C-B6F88CC55EE9}.KR_Test_Release_GM|x86.ActiveCfg = KR_Release_Debug|Win32
		{800E8072-465B-440A-BD5C-B6F88CC55EE9}.KR_Test_Release_GM|x86.Build.0 = KR_Release_Debug|Win32
		{800E8072-465B-440A-BD5C-B6F88CC55EE9}.KR_Test_Release|x86.ActiveCfg = KR_Release_Debug|Win32
		{800E8072-465B-440A-BD5C-B6F88CC55EE9}.KR_Test_Release|x86.Build.0 = KR_Release_Debug|Win32
		{800E8072-465B-440A-BD5C-B6F88CC55EE9}.Release_include_debugging_information|x86.ActiveCfg = KR_Release_Debug|Win32
		{800E8072-465B-440A-BD5C-B6F88CC55EE9}.Release_include_debugging_information|x86.Build.0 = KR_Release_Debug|Win32
		{800E8072-465B-440A-BD5C-B6F88CC55EE9}.Release|x86.ActiveCfg = KR_Release_Debug|Win32
		{800E8072-465B-440A-BD5C-B6F88CC55EE9}.Release|x86.Build.0 = KR_Release_Debug|Win32
		{800E8072-465B-440A-BD5C-B6F88CC55EE9}.RS_Debug|x86.ActiveCfg = KR_Release_Debug|Win32
		{800E8072-465B-440A-BD5C-B6F88CC55EE9}.RS_Debug|x86.Build.0 = KR_Release_Debug|Win32
		{800E8072-465B-440A-BD5C-B6F88CC55EE9}.RS_Release_Debug|x86.ActiveCfg = KR_Release_Debug|Win32
		{800E8072-465B-440A-BD5C-B6F88CC55EE9}.RS_Release_Debug|x86.Build.0 = KR_Release_Debug|Win32
		{800E8072-465B-440A-BD5C-B6F88CC55EE9}.RS_Release_GM|x86.ActiveCfg = KR_Release_Debug|Win32
		{800E8072-465B-440A-BD5C-B6F88CC55EE9}.RS_Release_GM|x86.Build.0 = KR_Release_Debug|Win32
		{800E8072-465B-440A-BD5C-B6F88CC55EE9}.RS_Release|x86.ActiveCfg = KR_Release_Debug|Win32
		{800E8072-465B-440A-BD5C-B6F88CC55EE9}.RS_Release|x86.Build.0 = KR_Release_Debug|Win32
		{800E8072-465B-440A-BD5C-B6F88CC55EE9}.Template|x86.ActiveCfg = Template|Win32
		{800E8072-465B-440A-BD5C-B6F88CC55EE9}.Template|x86.Build.0 = Template|Win32
		{800E8072-465B-440A-BD5C-B6F88CC55EE9}.test_Debug|x86.ActiveCfg = Template|Win32
		{800E8072-465B-440A-BD5C-B6F88CC55EE9}.test_Debug|x86.Build.0 = Template|Win32
		{800E8072-465B-440A-BD5C-B6F88CC55EE9}.test_Release|x86.ActiveCfg = Template|Win32
		{800E8072-465B-440A-BD5C-B6F88CC55EE9}.test_Release|x86.Build.0 = Template|Win32
		{800E8072-465B-440A-BD5C-B6F88CC55EE9}.TH_Debug|x86.ActiveCfg = Template|Win32
		{800E8072-465B-440A-BD5C-B6F88CC55EE9}.TH_Debug|x86.Build.0 = Template|Win32
		{800E8072-465B-440A-BD5C-B6F88CC55EE9}.TH_Release_Debug|x86.ActiveCfg = Template|Win32
		{800E8072-465B-440A-BD5C-B6F88CC55EE9}.TH_Release_Debug|x86.Build.0 = Template|Win32
		{800E8072-465B-440A-BD5C-B6F88CC55EE9}.TH_Release_GM|x86.ActiveCfg = Template|Win32
		{800E8072-465B-440A-BD5C-B6F88CC55EE9}.TH_Release_GM|x86.Build.0 = Template|Win32
		{800E8072-465B-440A-BD5C-B6F88CC55EE9}.TH_Release|x86.ActiveCfg = Template|Win32
		{800E8072-465B-440A-BD5C-B6F88CC55EE9}.TH_Release|x86.Build.0 = Template|Win32
		{800E8072-465B-440A-BD5C-B6F88CC55EE9}.TW_Debug|x86.ActiveCfg = Template|Win32
		{800E8072-465B-440A-BD5C-B6F88CC55EE9}.TW_Debug|x86.Build.0 = Template|Win32
		{800E8072-465B-440A-BD5C-B6F88CC55EE9}.TW_Release_Debug|x86.ActiveCfg = Template|Win32
		{800E8072-465B-440A-BD5C-B6F88CC55EE9}.TW_Release_Debug|x86.Build.0 = Template|Win32
		{800E8072-465B-440A-BD5C-B6F88CC55EE9}.TW_Release_GM|x86.ActiveCfg = Template|Win32
		{800E8072-465B-440A-BD5C-B6F88CC55EE9}.TW_Release_GM|x86.Build.0 = Template|Win32
		{800E8072-465B-440A-BD5C-B6F88CC55EE9}.TW_Release|x86.ActiveCfg = Template|Win32
		{800E8072-465B-440A-BD5C-B6F88CC55EE9}.TW_Release|x86.Build.0 = Template|Win32
		{800E8072-465B-440A-BD5C-B6F88CC55EE9}.US_Debug|x86.ActiveCfg = KR_Release_Debug|Win32
		{800E8072-465B-440A-BD5C-B6F88CC55EE9}.US_Debug|x86.Build.0 = KR_Release_Debug|Win32
		{800E8072-465B-440A-BD5C-B6F88CC55EE9}.US_Release_Debug|x86.ActiveCfg = KR_Release_Debug|Win32
		{800E8072-465B-440A-BD5C-B6F88CC55EE9}.US_Release_Debug|x86.Build.0 = KR_Release_Debug|Win32
		{800E8072-465B-440A-BD5C-B6F88CC55EE9}.US_Release_GM|x86.ActiveCfg = KR_Release_Debug|Win32
		{800E8072-465B-440A-BD5C-B6F88CC55EE9}.US_Release_GM|x86.Build.0 = KR_Release_Debug|Win32
		{800E8072-465B-440A-BD5C-B6F88CC55EE9}.US_Release|x86.ActiveCfg = KR_Release_Debug|Win32
		{800E8072-465B-440A-BD5C-B6F88CC55EE9}.US_Release|x86.Build.0 = KR_Release_Debug|Win32
		{800E8072-465B-440A-BD5C-B6F88CC55EE9}.VN_Debug|x86.ActiveCfg = KR_Release_Debug|Win32
		{800E8072-465B-440A-BD5C-B6F88CC55EE9}.VN_Debug|x86.Build.0 = KR_Release_Debug|Win32
		{800E8072-465B-440A-BD5C-B6F88CC55EE9}.VN_Release_Debug|x86.ActiveCfg = KR_Release_Debug|Win32
		{800E8072-465B-440A-BD5C-B6F88CC55EE9}.VN_Release_Debug|x86.Build.0 = KR_Release_Debug|Win32
		{800E8072-465B-440A-BD5C-B6F88CC55EE9}.VN_Release_GM|x86.ActiveCfg = KR_Release_Debug|Win32
		{800E8072-465B-440A-BD5C-B6F88CC55EE9}.VN_Release_GM|x86.Build.0 = KR_Release_Debug|Win32
		{800E8072-465B-440A-BD5C-B6F88CC55EE9}.VN_Release|x86.ActiveCfg = KR_Release_Debug|Win32
		{800E8072-465B-440A-BD5C-B6F88CC55EE9}.VN_Release|x86.Build.0 = KR_Release_Debug|Win32
		{E2C232A9-65EC-4C54-9C9A-BE25E87B9B5C}.CN_Debug|x86.ActiveCfg = Debug|Win32
		{E2C232A9-65EC-4C54-9C9A-BE25E87B9B5C}.CN_Debug|x86.Build.0 = Debug|Win32
		{E2C232A9-65EC-4C54-9C9A-BE25E87B9B5C}.CN_Release_Debug|x86.ActiveCfg = Release|Win32
		{E2C232A9-65EC-4C54-9C9A-BE25E87B9B5C}.CN_Release_Debug|x86.Build.0 = Release|Win32
		{E2C232A9-65EC-4C54-9C9A-BE25E87B9B5C}.CN_Release_GM|x86.ActiveCfg = Release|Win32
		{E2C232A9-65EC-4C54-9C9A-BE25E87B9B5C}.CN_Release_GM|x86.Build.0 = Release|Win32
		{E2C232A9-65EC-4C54-9C9A-BE25E87B9B5C}.CN_Release|x86.ActiveCfg = Release|Win32
		{E2C232A9-65EC-4C54-9C9A-BE25E87B9B5C}.CN_Release|x86.Build.0 = Release|Win32
		{E2C232A9-65EC-4C54-9C9A-BE25E87B9B5C}.Debug|x86.ActiveCfg = Debug|Win32
		{E2C232A9-65EC-4C54-9C9A-BE25E87B9B5C}.Debug|x86.Build.0 = Debug|Win32
		{E2C232A9-65EC-4C54-9C9A-BE25E87B9B5C}.JP_Debug|x86.ActiveCfg = Debug|Win32
		{E2C232A9-65EC-4C54-9C9A-BE25E87B9B5C}.JP_Debug|x86.Build.0 = Debug|Win32
		{E2C232A9-65EC-4C54-9C9A-BE25E87B9B5C}.JP_Release_Debug|x86.ActiveCfg = Release|Win32
		{E2C232A9-65EC-4C54-9C9A-BE25E87B9B5C}.JP_Release_Debug|x86.Build.0 = Release|Win32
		{E2C232A9-65EC-4C54-9C9A-BE25E87B9B5C}.JP_Release_GM|x86.ActiveCfg = Release|Win32
		{E2C232A9-65EC-4C54-9C9A-BE25E87B9B5C}.JP_Release_GM|x86.Build.0 = Release|Win32
		{E2C232A9-65EC-4C54-9C9A-BE25E87B9B5C}.JP_Release|x86.ActiveCfg = Release|Win32
		{E2C232A9-65EC-4C54-9C9A-BE25E87B9B5C}.JP_Release|x86.Build.0 = Release|Win32
		{E2C232A9-65EC-4C54-9C9A-BE25E87B9B5C}.KR_Debug|x86.ActiveCfg = Debug|Win32
		{E2C232A9-65EC-4C54-9C9A-BE25E87B9B5C}.KR_Debug|x86.Build.0 = Debug|Win32
		{E2C232A9-65EC-4C54-9C9A-BE25E87B9B5C}.KR_Release_Debug|x86.ActiveCfg = Release|Win32
		{E2C232A9-65EC-4C54-9C9A-BE25E87B9B5C}.KR_Release_Debug|x86.Build.0 = Release|Win32
		{E2C232A9-65EC-4C54-9C9A-BE25E87B9B5C}.KR_Release_GM|x86.ActiveCfg = Release|Win32
		{E2C232A9-65EC-4C54-9C9A-BE25E87B9B5C}.KR_Release_GM|x86.Build.0 = Release|Win32
		{E2C232A9-65EC-4C54-9C9A-BE25E87B9B5C}.KR_Release|x86.ActiveCfg = Release|Win32
		{E2C232A9-65EC-4C54-9C9A-BE25E87B9B5C}.KR_Release|x86.Build.0 = Release|Win32
		{E2C232A9-65EC-4C54-9C9A-BE25E87B9B5C}.KR_Test_Release_Debug|x86.ActiveCfg = Release|Win32
		{E2C232A9-65EC-4C54-9C9A-BE25E87B9B5C}.KR_Test_Release_Debug|x86.Build.0 = Release|Win32
		{E2C232A9-65EC-4C54-9C9A-BE25E87B9B5C}.KR_Test_Release_GM|x86.ActiveCfg = Release|Win32
		{E2C232A9-65EC-4C54-9C9A-BE25E87B9B5C}.KR_Test_Release_GM|x86.Build.0 = Release|Win32
		{E2C232A9-65EC-4C54-9C9A-BE25E87B9B5C}.KR_Test_Release|x86.ActiveCfg = Release|Win32
		{E2C232A9-65EC-4C54-9C9A-BE25E87B9B5C}.KR_Test_Release|x86.Build.0 = Release|Win32
		{E2C232A9-65EC-4C54-9C9A-BE25E87B9B5C}.Release_include_debugging_information|x86.ActiveCfg = Release|Win32
		{E2C232A9-65EC-4C54-9C9A-BE25E87B9B5C}.Release_include_debugging_information|x86.Build.0 = Release|Win32
		{E2C232A9-65EC-4C54-9C9A-BE25E87B9B5C}.Release|x86.ActiveCfg = Release|Win32
		{E2C232A9-65EC-4C54-9C9A-BE25E87B9B5C}.Release|x86.Build.0 = Release|Win32
		{E2C232A9-65EC-4C54-9C9A-BE25E87B9B5C}.RS_Debug|x86.ActiveCfg = Debug|Win32
		{E2C232A9-65EC-4C54-9C9A-BE25E87B9B5C}.RS_Debug|x86.Build.0 = Debug|Win32
		{E2C232A9-65EC-4C54-9C9A-BE25E87B9B5C}.RS_Release_Debug|x86.ActiveCfg = Release|Win32
		{E2C232A9-65EC-4C54-9C9A-BE25E87B9B5C}.RS_Release_Debug|x86.Build.0 = Release|Win32
		{E2C232A9-65EC-4C54-9C9A-BE25E87B9B5C}.RS_Release_GM|x86.ActiveCfg = Release|Win32
		{E2C232A9-65EC-4C54-9C9A-BE25E87B9B5C}.RS_Release_GM|x86.Build.0 = Release|Win32
		{E2C232A9-65EC-4C54-9C9A-BE25E87B9B5C}.RS_Release|x86.ActiveCfg = Release|Win32
		{E2C232A9-65EC-4C54-9C9A-BE25E87B9B5C}.RS_Release|x86.Build.0 = Release|Win32
		{E2C232A9-65EC-4C54-9C9A-BE25E87B9B5C}.Template|x86.ActiveCfg = Template|Win32
		{E2C232A9-65EC-4C54-9C9A-BE25E87B9B5C}.Template|x86.Build.0 = Template|Win32
		{E2C232A9-65EC-4C54-9C9A-BE25E87B9B5C}.test_Debug|x86.ActiveCfg = Debug|Win32
		{E2C232A9-65EC-4C54-9C9A-BE25E87B9B5C}.test_Debug|x86.Build.0 = Debug|Win32
		{E2C232A9-65EC-4C54-9C9A-BE25E87B9B5C}.test_Release|x86.ActiveCfg = Release|Win32
		{E2C232A9-65EC-4C54-9C9A-BE25E87B9B5C}.test_Release|x86.Build.0 = Release|Win32
		{E2C232A9-65EC-4C54-9C9A-BE25E87B9B5C}.TH_Debug|x86.ActiveCfg = Debug|Win32
		{E2C232A9-65EC-4C54-9C9A-BE25E87B9B5C}.TH_Debug|x86.Build.0 = Debug|Win32
		{E2C232A9-65EC-4C54-9C9A-BE25E87B9B5C}.TH_Release_Debug|x86.ActiveCfg = Release|Win32
		{E2C232A9-65EC-4C54-9C9A-BE25E87B9B5C}.TH_Release_Debug|x86.Build.0 = Release|Win32
		{E2C232A9-65EC-4C54-9C9A-BE25E87B9B5C}.TH_Release_GM|x86.ActiveCfg = Release|Win32
		{E2C232A9-65EC-4C54-9C9A-BE25E87B9B5C}.TH_Release_GM|x86.Build.0 = Release|Win32
		{E2C232A9-65EC-4C54-9C9A-BE25E87B9B5C}.TH_Release|x86.ActiveCfg = Release|Win32
		{E2C232A9-65EC-4C54-9C9A-BE25E87B9B5C}.TH_Release|x86.Build.0 = Release|Win32
		{E2C232A9-65EC-4C54-9C9A-BE25E87B9B5C}.TW_Debug|x86.ActiveCfg = Debug|Win32
		{E2C232A9-65EC-4C54-9C9A-BE25E87B9B5C}.TW_Debug|x86.Build.0 = Debug|Win32
		{E2C232A9-65EC-4C54-9C9A-BE25E87B9B5C}.TW_Release_Debug|x86.ActiveCfg = Release|Win32
		{E2C232A9-65EC-4C54-9C9A-BE25E87B9B5C}.TW_Release_Debug|x86.Build.0 = Release|Win32
		{E2C232A9-65EC-4C54-9C9A-BE25E87B9B5C}.TW_Release_GM|x86.ActiveCfg = Release|Win32
		{E2C232A9-65EC-4C54-9C9A-BE25E87B9B5C}.TW_Release_GM|x86.Build.0 = Release|Win32
		{E2C232A9-65EC-4C54-9C9A-BE25E87B9B5C}.TW_Release|x86.ActiveCfg = Release|Win32
		{E2C232A9-65EC-4C54-9C9A-BE25E87B9B5C}.TW_Release|x86.Build.0 = Release|Win32
		{E2C232A9-65EC-4C54-9C9A-BE25E87B9B5C}.US_Debug|x86.ActiveCfg = Debug|Win32
		{E2C232A9-65EC-4C54-9C9A-BE25E87B9B5C}.US_Debug|x86.Build.0 = Debug|Win32
		{E2C232A9-65EC-4C54-9C9A-BE25E87B9B5C}.US_Release_Debug|x86.ActiveCfg = Release|Win32
		{E2C232A9-65EC-4C54-9C9A-BE25E87B9B5C}.US_Release_Debug|x86.Build.0 = Release|Win32
		{E2C232A9-65EC-4C54-9C9A-BE25E87B9B5C}.US_Release_GM|x86.ActiveCfg = Release|Win32
		{E2C232A9-65EC-4C54-9C9A-BE25E87B9B5C}.US_Release_GM|x86.Build.0 = Release|Win32
		{E2C232A9-65EC-4C54-9C9A-BE25E87B9B5C}.US_Release|x86.ActiveCfg = Release|Win32
		{E2C232A9-65EC-4C54-9C9A-BE25E87B9B5C}.US_Release|x86.Build.0 = Release|Win32
		{E2C232A9-65EC-4C54-9C9A-BE25E87B9B5C}.VN_Debug|x86.ActiveCfg = Debug|Win32
		{E2C232A9-65EC-4C54-9C9A-BE25E87B9B5C}.VN_Debug|x86.Build.0 = Debug|Win32
		{E2C232A9-65EC-4C54-9C9A-BE25E87B9B5C}.VN_Release_Debug|x86.ActiveCfg = Release|Win32
		{E2C232A9-65EC-4C54-9C9A-BE25E87B9B5C}.VN_Release_Debug|x86.Build.0 = Release|Win32
		{E2C232A9-65EC-4C54-9C9A-BE25E87B9B5C}.VN_Release_GM|x86.ActiveCfg = Release|Win32
		{E2C232A9-65EC-4C54-9C9A-BE25E87B9B5C}.VN_Release_GM|x86.Build.0 = Release|Win32
		{E2C232A9-65EC-4C54-9C9A-BE25E87B9B5C}.VN_Release|x86.ActiveCfg = Release|Win32
		{E2C232A9-65EC-4C54-9C9A-BE25E87B9B5C}.VN_Release|x86.Build.0 = Release|Win32
		{73266A02-538A-4D5D-A0E0-53A5376D4939}.CN_Debug|x86.ActiveCfg = CN_Debug|Win32
		{73266A02-538A-4D5D-A0E0-53A5376D4939}.CN_Debug|x86.Build.0 = CN_Debug|Win32
		{73266A02-538A-4D5D-A0E0-53A5376D4939}.CN_Release_Debug|x86.ActiveCfg = CN_Release_Debug|Win32
		{73266A02-538A-4D5D-A0E0-53A5376D4939}.CN_Release_Debug|x86.Build.0 = CN_Release_Debug|Win32
		{73266A02-538A-4D5D-A0E0-53A5376D4939}.CN_Release_GM|x86.ActiveCfg = CN_Release_GM|Win32
		{73266A02-538A-4D5D-A0E0-53A5376D4939}.CN_Release_GM|x86.Build.0 = CN_Release_GM|Win32
		{73266A02-538A-4D5D-A0E0-53A5376D4939}.CN_Release|x86.ActiveCfg = CN_Release|Win32
		{73266A02-538A-4D5D-A0E0-53A5376D4939}.CN_Release|x86.Build.0 = CN_Release|Win32
		{73266A02-538A-4D5D-A0E0-53A5376D4939}.Debug|x86.ActiveCfg = US_Debug|Win32
		{73266A02-538A-4D5D-A0E0-53A5376D4939}.Debug|x86.Build.0 = US_Debug|Win32
		{73266A02-538A-4D5D-A0E0-53A5376D4939}.JP_Debug|x86.ActiveCfg = JP_Debug|Win32
		{73266A02-538A-4D5D-A0E0-53A5376D4939}.JP_Debug|x86.Build.0 = JP_Debug|Win32
		{73266A02-538A-4D5D-A0E0-53A5376D4939}.JP_Release_Debug|x86.ActiveCfg = JP_Release_Debug|Win32
		{73266A02-538A-4D5D-A0E0-53A5376D4939}.JP_Release_Debug|x86.Build.0 = JP_Release_Debug|Win32
		{73266A02-538A-4D5D-A0E0-53A5376D4939}.JP_Release_GM|x86.ActiveCfg = JP_Release_GM|Win32
		{73266A02-538A-4D5D-A0E0-53A5376D4939}.JP_Release_GM|x86.Build.0 = JP_Release_GM|Win32
		{73266A02-538A-4D5D-A0E0-53A5376D4939}.JP_Release|x86.ActiveCfg = JP_Release|Win32
		{73266A02-538A-4D5D-A0E0-53A5376D4939}.JP_Release|x86.Build.0 = JP_Release|Win32
		{73266A02-538A-4D5D-A0E0-53A5376D4939}.KR_Debug|x86.ActiveCfg = KR_Debug|Win32
		{73266A02-538A-4D5D-A0E0-53A5376D4939}.KR_Debug|x86.Build.0 = KR_Debug|Win32
		{73266A02-538A-4D5D-A0E0-53A5376D4939}.KR_Release_Debug|x86.ActiveCfg = KR_Release_Debug|Win32
		{73266A02-538A-4D5D-A0E0-53A5376D4939}.KR_Release_Debug|x86.Build.0 = KR_Release_Debug|Win32
		{73266A02-538A-4D5D-A0E0-53A5376D4939}.KR_Release_GM|x86.ActiveCfg = KR_Release_GM|Win32
		{73266A02-538A-4D5D-A0E0-53A5376D4939}.KR_Release_GM|x86.Build.0 = KR_Release_GM|Win32
		{73266A02-538A-4D5D-A0E0-53A5376D4939}.KR_Release|x86.ActiveCfg = KR_Release|Win32
		{73266A02-538A-4D5D-A0E0-53A5376D4939}.KR_Release|x86.Build.0 = KR_Release|Win32
		{73266A02-538A-4D5D-A0E0-53A5376D4939}.KR_Test_Release_Debug|x86.ActiveCfg = KR_Release_Debug|Win32
		{73266A02-538A-4D5D-A0E0-53A5376D4939}.KR_Test_Release_Debug|x86.Build.0 = KR_Release_Debug|Win32
		{73266A02-538A-4D5D-A0E0-53A5376D4939}.KR_Test_Release_GM|x86.ActiveCfg = KR_Release_Debug|Win32
		{73266A02-538A-4D5D-A0E0-53A5376D4939}.KR_Test_Release_GM|x86.Build.0 = KR_Release_Debug|Win32
		{73266A02-538A-4D5D-A0E0-53A5376D4939}.KR_Test_Release|x86.ActiveCfg = KR_Release_Debug|Win32
		{73266A02-538A-4D5D-A0E0-53A5376D4939}.KR_Test_Release|x86.Build.0 = KR_Release_Debug|Win32
		{73266A02-538A-4D5D-A0E0-53A5376D4939}.Release_include_debugging_information|x86.ActiveCfg = RS_Release|Win32
		{73266A02-538A-4D5D-A0E0-53A5376D4939}.Release_include_debugging_information|x86.Build.0 = RS_Release|Win32
		{73266A02-538A-4D5D-A0E0-53A5376D4939}.Release|x86.ActiveCfg = RS_Release|Win32
		{73266A02-538A-4D5D-A0E0-53A5376D4939}.Release|x86.Build.0 = RS_Release|Win32
		{73266A02-538A-4D5D-A0E0-53A5376D4939}.RS_Debug|x86.ActiveCfg = RS_Debug|Win32
		{73266A02-538A-4D5D-A0E0-53A5376D4939}.RS_Debug|x86.Build.0 = RS_Debug|Win32
		{73266A02-538A-4D5D-A0E0-53A5376D4939}.RS_Release_Debug|x86.ActiveCfg = RS_Release_Debug|Win32
		{73266A02-538A-4D5D-A0E0-53A5376D4939}.RS_Release_Debug|x86.Build.0 = RS_Release_Debug|Win32
		{73266A02-538A-4D5D-A0E0-53A5376D4939}.RS_Release_GM|x86.ActiveCfg = RS_Release_GM|Win32
		{73266A02-538A-4D5D-A0E0-53A5376D4939}.RS_Release_GM|x86.Build.0 = RS_Release_GM|Win32
		{73266A02-538A-4D5D-A0E0-53A5376D4939}.RS_Release|x86.ActiveCfg = RS_Release|Win32
		{73266A02-538A-4D5D-A0E0-53A5376D4939}.RS_Release|x86.Build.0 = RS_Release|Win32
		{73266A02-538A-4D5D-A0E0-53A5376D4939}.Template|x86.ActiveCfg = Template|Win32
		{73266A02-538A-4D5D-A0E0-53A5376D4939}.Template|x86.Build.0 = Template|Win32
		{73266A02-538A-4D5D-A0E0-53A5376D4939}.test_Debug|x86.ActiveCfg = Template|Win32
		{73266A02-538A-4D5D-A0E0-53A5376D4939}.test_Debug|x86.Build.0 = Template|Win32
		{73266A02-538A-4D5D-A0E0-53A5376D4939}.test_Release|x86.ActiveCfg = Template|Win32
		{73266A02-538A-4D5D-A0E0-53A5376D4939}.test_Release|x86.Build.0 = Template|Win32
		{73266A02-538A-4D5D-A0E0-53A5376D4939}.TH_Debug|x86.ActiveCfg = TH_Debug|Win32
		{73266A02-538A-4D5D-A0E0-53A5376D4939}.TH_Debug|x86.Build.0 = TH_Debug|Win32
		{73266A02-538A-4D5D-A0E0-53A5376D4939}.TH_Release_Debug|x86.ActiveCfg = TH_Release_Debug|Win32
		{73266A02-538A-4D5D-A0E0-53A5376D4939}.TH_Release_Debug|x86.Build.0 = TH_Release_Debug|Win32
		{73266A02-538A-4D5D-A0E0-53A5376D4939}.TH_Release_GM|x86.ActiveCfg = TH_Release_GM|Win32
		{73266A02-538A-4D5D-A0E0-53A5376D4939}.TH_Release_GM|x86.Build.0 = TH_Release_GM|Win32
		{73266A02-538A-4D5D-A0E0-53A5376D4939}.TH_Release|x86.ActiveCfg = TH_Release|Win32
		{73266A02-538A-4D5D-A0E0-53A5376D4939}.TH_Release|x86.Build.0 = TH_Release|Win32
		{73266A02-538A-4D5D-A0E0-53A5376D4939}.TW_Debug|x86.ActiveCfg = TW_Debug|Win32
		{73266A02-538A-4D5D-A0E0-53A5376D4939}.TW_Debug|x86.Build.0 = TW_Debug|Win32
		{73266A02-538A-4D5D-A0E0-53A5376D4939}.TW_Release_Debug|x86.ActiveCfg = TW_Release_Debug|Win32
		{73266A02-538A-4D5D-A0E0-53A5376D4939}.TW_Release_Debug|x86.Build.0 = TW_Release_Debug|Win32
		{73266A02-538A-4D5D-A0E0-53A5376D4939}.TW_Release_GM|x86.ActiveCfg = TW_Release_GM|Win32
		{73266A02-538A-4D5D-A0E0-53A5376D4939}.TW_Release_GM|x86.Build.0 = TW_Release_GM|Win32
		{73266A02-538A-4D5D-A0E0-53A5376D4939}.TW_Release|x86.ActiveCfg = TW_Release|Win32
		{73266A02-538A-4D5D-A0E0-53A5376D4939}.TW_Release|x86.Build.0 = TW_Release|Win32
		{73266A02-538A-4D5D-A0E0-53A5376D4939}.US_Debug|x86.ActiveCfg = US_Debug|Win32
		{73266A02-538A-4D5D-A0E0-53A5376D4939}.US_Debug|x86.Build.0 = US_Debug|Win32
		{73266A02-538A-4D5D-A0E0-53A5376D4939}.US_Release_Debug|x86.ActiveCfg = US_Release_Debug|Win32
		{73266A02-538A-4D5D-A0E0-53A5376D4939}.US_Release_Debug|x86.Build.0 = US_Release_Debug|Win32
		{73266A02-538A-4D5D-A0E0-53A5376D4939}.US_Release_GM|x86.ActiveCfg = US_Release_GM|Win32
		{73266A02-538A-4D5D-A0E0-53A5376D4939}.US_Release_GM|x86.Build.0 = US_Release_GM|Win32
		{73266A02-538A-4D5D-A0E0-53A5376D4939}.US_Release|x86.ActiveCfg = US_Release|Win32
		{73266A02-538A-4D5D-A0E0-53A5376D4939}.US_Release|x86.Build.0 = US_Release|Win32
		{73266A02-538A-4D5D-A0E0-53A5376D4939}.VN_Debug|x86.ActiveCfg = VN_Debug|Win32
		{73266A02-538A-4D5D-A0E0-53A5376D4939}.VN_Debug|x86.Build.0 = VN_Debug|Win32
		{73266A02-538A-4D5D-A0E0-53A5376D4939}.VN_Release_Debug|x86.ActiveCfg = VN_Release_Debug|Win32
		{73266A02-538A-4D5D-A0E0-53A5376D4939}.VN_Release_Debug|x86.Build.0 = VN_Release_Debug|Win32
		{73266A02-538A-4D5D-A0E0-53A5376D4939}.VN_Release_GM|x86.ActiveCfg = VN_Release_GM|Win32
		{73266A02-538A-4D5D-A0E0-53A5376D4939}.VN_Release_GM|x86.Build.0 = VN_Release_GM|Win32
		{73266A02-538A-4D5D-A0E0-53A5376D4939}.VN_Release|x86.ActiveCfg = VN_Release|Win32
		{73266A02-538A-4D5D-A0E0-53A5376D4939}.VN_Release|x86.Build.0 = VN_Release|Win32
		{44075F12-2058-4AEC-A215-498189F41013}.CN_Debug|x86.ActiveCfg = Debug|Win32
		{44075F12-2058-4AEC-A215-498189F41013}.CN_Debug|x86.Build.0 = Debug|Win32
		{44075F12-2058-4AEC-A215-498189F41013}.CN_Release_Debug|x86.ActiveCfg = Release|Win32
		{44075F12-2058-4AEC-A215-498189F41013}.CN_Release_Debug|x86.Build.0 = Release|Win32
		{44075F12-2058-4AEC-A215-498189F41013}.CN_Release_GM|x86.ActiveCfg = Release|Win32
		{44075F12-2058-4AEC-A215-498189F41013}.CN_Release_GM|x86.Build.0 = Release|Win32
		{44075F12-2058-4AEC-A215-498189F41013}.CN_Release|x86.ActiveCfg = Release|Win32
		{44075F12-2058-4AEC-A215-498189F41013}.CN_Release|x86.Build.0 = Release|Win32
		{44075F12-2058-4AEC-A215-498189F41013}.Debug|x86.ActiveCfg = Debug|Win32
		{44075F12-2058-4AEC-A215-498189F41013}.Debug|x86.Build.0 = Debug|Win32
		{44075F12-2058-4AEC-A215-498189F41013}.JP_Debug|x86.ActiveCfg = Debug|Win32
		{44075F12-2058-4AEC-A215-498189F41013}.JP_Debug|x86.Build.0 = Debug|Win32
		{44075F12-2058-4AEC-A215-498189F41013}.JP_Release_Debug|x86.ActiveCfg = Release|Win32
		{44075F12-2058-4AEC-A215-498189F41013}.JP_Release_Debug|x86.Build.0 = Release|Win32
		{44075F12-2058-4AEC-A215-498189F41013}.JP_Release_GM|x86.ActiveCfg = Release|Win32
		{44075F12-2058-4AEC-A215-498189F41013}.JP_Release_GM|x86.Build.0 = Release|Win32
		{44075F12-2058-4AEC-A215-498189F41013}.JP_Release|x86.ActiveCfg = Release|Win32
		{44075F12-2058-4AEC-A215-498189F41013}.JP_Release|x86.Build.0 = Release|Win32
		{44075F12-2058-4AEC-A215-498189F41013}.KR_Debug|x86.ActiveCfg = Debug|Win32
		{44075F12-2058-4AEC-A215-498189F41013}.KR_Debug|x86.Build.0 = Debug|Win32
		{44075F12-2058-4AEC-A215-498189F41013}.KR_Release_Debug|x86.ActiveCfg = Release|Win32
		{44075F12-2058-4AEC-A215-498189F41013}.KR_Release_Debug|x86.Build.0 = Release|Win32
		{44075F12-2058-4AEC-A215-498189F41013}.KR_Release_GM|x86.ActiveCfg = Release|Win32
		{44075F12-2058-4AEC-A215-498189F41013}.KR_Release_GM|x86.Build.0 = Release|Win32
		{44075F12-2058-4AEC-A215-498189F41013}.KR_Release|x86.ActiveCfg = Release|Win32
		{44075F12-2058-4AEC-A215-498189F41013}.KR_Release|x86.Build.0 = Release|Win32
		{44075F12-2058-4AEC-A215-498189F41013}.KR_Test_Release_Debug|x86.ActiveCfg = Release|Win32
		{44075F12-2058-4AEC-A215-498189F41013}.KR_Test_Release_Debug|x86.Build.0 = Release|Win32
		{44075F12-2058-4AEC-A215-498189F41013}.KR_Test_Release_GM|x86.ActiveCfg = Release|Win32
		{44075F12-2058-4AEC-A215-498189F41013}.KR_Test_Release_GM|x86.Build.0 = Release|Win32
		{44075F12-2058-4AEC-A215-498189F41013}.KR_Test_Release|x86.ActiveCfg = Release|Win32
		{44075F12-2058-4AEC-A215-498189F41013}.KR_Test_Release|x86.Build.0 = Release|Win32
		{44075F12-2058-4AEC-A215-498189F41013}.Release_include_debugging_information|x86.ActiveCfg = Release|Win32
		{44075F12-2058-4AEC-A215-498189F41013}.Release_include_debugging_information|x86.Build.0 = Release|Win32
		{44075F12-2058-4AEC-A215-498189F41013}.Release|x86.ActiveCfg = Release|Win32
		{44075F12-2058-4AEC-A215-498189F41013}.Release|x86.Build.0 = Release|Win32
		{44075F12-2058-4AEC-A215-498189F41013}.RS_Debug|x86.ActiveCfg = Debug|Win32
		{44075F12-2058-4AEC-A215-498189F41013}.RS_Debug|x86.Build.0 = Debug|Win32
		{44075F12-2058-4AEC-A215-498189F41013}.RS_Release_Debug|x86.ActiveCfg = Release|Win32
		{44075F12-2058-4AEC-A215-498189F41013}.RS_Release_Debug|x86.Build.0 = Release|Win32
		{44075F12-2058-4AEC-A215-498189F41013}.RS_Release_GM|x86.ActiveCfg = Release|Win32
		{44075F12-2058-4AEC-A215-498189F41013}.RS_Release_GM|x86.Build.0 = Release|Win32
		{44075F12-2058-4AEC-A215-498189F41013}.RS_Release|x86.ActiveCfg = Release|Win32
		{44075F12-2058-4AEC-A215-498189F41013}.RS_Release|x86.Build.0 = Release|Win32
		{44075F12-2058-4AEC-A215-498189F41013}.Template|x86.ActiveCfg = Template|Win32
		{44075F12-2058-4AEC-A215-498189F41013}.Template|x86.Build.0 = Template|Win32
		{44075F12-2058-4AEC-A215-498189F41013}.test_Debug|x86.ActiveCfg = Debug|Win32
		{44075F12-2058-4AEC-A215-498189F41013}.test_Debug|x86.Build.0 = Debug|Win32
		{44075F12-2058-4AEC-A215-498189F41013}.test_Release|x86.ActiveCfg = Release|Win32
		{44075F12-2058-4AEC-A215-498189F41013}.test_Release|x86.Build.0 = Release|Win32
		{44075F12-2058-4AEC-A215-498189F41013}.TH_Debug|x86.ActiveCfg = Debug|Win32
		{44075F12-2058-4AEC-A215-498189F41013}.TH_Debug|x86.Build.0 = Debug|Win32
		{44075F12-2058-4AEC-A215-498189F41013}.TH_Release_Debug|x86.ActiveCfg = Release|Win32
		{44075F12-2058-4AEC-A215-498189F41013}.TH_Release_Debug|x86.Build.0 = Release|Win32
		{44075F12-2058-4AEC-A215-498189F41013}.TH_Release_GM|x86.ActiveCfg = Release|Win32
		{44075F12-2058-4AEC-A215-498189F41013}.TH_Release_GM|x86.Build.0 = Release|Win32
		{44075F12-2058-4AEC-A215-498189F41013}.TH_Release|x86.ActiveCfg = Release|Win32
		{44075F12-2058-4AEC-A215-498189F41013}.TH_Release|x86.Build.0 = Release|Win32
		{44075F12-2058-4AEC-A215-498189F41013}.TW_Debug|x86.ActiveCfg = Debug|Win32
		{44075F12-2058-4AEC-A215-498189F41013}.TW_Debug|x86.Build.0 = Debug|Win32
		{44075F12-2058-4AEC-A215-498189F41013}.TW_Release_Debug|x86.ActiveCfg = Release|Win32
		{44075F12-2058-4AEC-A215-498189F41013}.TW_Release_Debug|x86.Build.0 = Release|Win32
		{44075F12-2058-4AEC-A215-498189F41013}.TW_Release_GM|x86.ActiveCfg = Release|Win32
		{44075F12-2058-4AEC-A215-498189F41013}.TW_Release_GM|x86.Build.0 = Release|Win32
		{44075F12-2058-4AEC-A215-498189F41013}.TW_Release|x86.ActiveCfg = Release|Win32
		{44075F12-2058-4AEC-A215-498189F41013}.TW_Release|x86.Build.0 = Release|Win32
		{44075F12-2058-4AEC-A215-498189F41013}.US_Debug|x86.ActiveCfg = Debug|Win32
		{44075F12-2058-4AEC-A215-498189F41013}.US_Debug|x86.Build.0 = Debug|Win32
		{44075F12-2058-4AEC-A215-498189F41013}.US_Release_Debug|x86.ActiveCfg = Release|Win32
		{44075F12-2058-4AEC-A215-498189F41013}.US_Release_Debug|x86.Build.0 = Release|Win32
		{44075F12-2058-4AEC-A215-498189F41013}.US_Release_GM|x86.ActiveCfg = Release|Win32
		{44075F12-2058-4AEC-A215-498189F41013}.US_Release_GM|x86.Build.0 = Release|Win32
		{44075F12-2058-4AEC-A215-498189F41013}.US_Release|x86.ActiveCfg = Release|Win32
		{44075F12-2058-4AEC-A215-498189F41013}.US_Release|x86.Build.0 = Release|Win32
		{44075F12-2058-4AEC-A215-498189F41013}.VN_Debug|x86.ActiveCfg = Debug|Win32
		{44075F12-2058-4AEC-A215-498189F41013}.VN_Debug|x86.Build.0 = Debug|Win32
		{44075F12-2058-4AEC-A215-498189F41013}.VN_Release_Debug|x86.ActiveCfg = Release|Win32
		{44075F12-2058-4AEC-A215-498189F41013}.VN_Release_Debug|x86.Build.0 = Release|Win32
		{44075F12-2058-4AEC-A215-498189F41013}.VN_Release_GM|x86.ActiveCfg = Release|Win32
		{44075F12-2058-4AEC-A215-498189F41013}.VN_Release_GM|x86.Build.0 = Release|Win32
		{44075F12-2058-4AEC-A215-498189F41013}.VN_Release|x86.ActiveCfg = Release|Win32
		{44075F12-2058-4AEC-A215-498189F41013}.VN_Release|x86.Build.0 = Release|Win32
		{6C8541D0-E0BB-465C-988D-18261AE15444}.CN_Debug|x86.ActiveCfg = CN_Debug|Win32
		{6C8541D0-E0BB-465C-988D-18261AE15444}.CN_Debug|x86.Build.0 = CN_Debug|Win32
		{6C8541D0-E0BB-465C-988D-18261AE15444}.CN_Release_Debug|x86.ActiveCfg = CN_Release_Debug|Win32
		{6C8541D0-E0BB-465C-988D-18261AE15444}.CN_Release_Debug|x86.Build.0 = CN_Release_Debug|Win32
		{6C8541D0-E0BB-465C-988D-18261AE15444}.CN_Release_GM|x86.ActiveCfg = CN_Release_GM|Win32
		{6C8541D0-E0BB-465C-988D-18261AE15444}.CN_Release_GM|x86.Build.0 = CN_Release_GM|Win32
		{6C8541D0-E0BB-465C-988D-18261AE15444}.CN_Release|x86.ActiveCfg = CN_Release|Win32
		{6C8541D0-E0BB-465C-988D-18261AE15444}.CN_Release|x86.Build.0 = CN_Release|Win32
		{6C8541D0-E0BB-465C-988D-18261AE15444}.Debug|x86.ActiveCfg = US_Release|Win32
		{6C8541D0-E0BB-465C-988D-18261AE15444}.Debug|x86.Build.0 = US_Release|Win32
		{6C8541D0-E0BB-465C-988D-18261AE15444}.JP_Debug|x86.ActiveCfg = JP_Debug|Win32
		{6C8541D0-E0BB-465C-988D-18261AE15444}.JP_Debug|x86.Build.0 = JP_Debug|Win32
		{6C8541D0-E0BB-465C-988D-18261AE15444}.JP_Release_Debug|x86.ActiveCfg = JP_Release_Debug|Win32
		{6C8541D0-E0BB-465C-988D-18261AE15444}.JP_Release_Debug|x86.Build.0 = JP_Release_Debug|Win32
		{6C8541D0-E0BB-465C-988D-18261AE15444}.JP_Release_GM|x86.ActiveCfg = JP_Release_GM|Win32
		{6C8541D0-E0BB-465C-988D-18261AE15444}.JP_Release_GM|x86.Build.0 = JP_Release_GM|Win32
		{6C8541D0-E0BB-465C-988D-18261AE15444}.JP_Release|x86.ActiveCfg = JP_Release|Win32
		{6C8541D0-E0BB-465C-988D-18261AE15444}.JP_Release|x86.Build.0 = JP_Release|Win32
		{6C8541D0-E0BB-465C-988D-18261AE15444}.KR_Debug|x86.ActiveCfg = KR_Debug|Win32
		{6C8541D0-E0BB-465C-988D-18261AE15444}.KR_Debug|x86.Build.0 = KR_Debug|Win32
		{6C8541D0-E0BB-465C-988D-18261AE15444}.KR_Release_Debug|x86.ActiveCfg = KR_Release_Debug|Win32
		{6C8541D0-E0BB-465C-988D-18261AE15444}.KR_Release_Debug|x86.Build.0 = KR_Release_Debug|Win32
		{6C8541D0-E0BB-465C-988D-18261AE15444}.KR_Release_GM|x86.ActiveCfg = KR_Release_GM|Win32
		{6C8541D0-E0BB-465C-988D-18261AE15444}.KR_Release_GM|x86.Build.0 = KR_Release_GM|Win32
		{6C8541D0-E0BB-465C-988D-18261AE15444}.KR_Release|x86.ActiveCfg = KR_Release|Win32
		{6C8541D0-E0BB-465C-988D-18261AE15444}.KR_Release|x86.Build.0 = KR_Release|Win32
		{6C8541D0-E0BB-465C-988D-18261AE15444}.KR_Test_Release_Debug|x86.ActiveCfg = KR_Test_Release_Debug|Win32
		{6C8541D0-E0BB-465C-988D-18261AE15444}.KR_Test_Release_Debug|x86.Build.0 = KR_Test_Release_Debug|Win32
		{6C8541D0-E0BB-465C-988D-18261AE15444}.KR_Test_Release_GM|x86.ActiveCfg = KR_Test_Release_GM|Win32
		{6C8541D0-E0BB-465C-988D-18261AE15444}.KR_Test_Release_GM|x86.Build.0 = KR_Test_Release_GM|Win32
		{6C8541D0-E0BB-465C-988D-18261AE15444}.KR_Test_Release|x86.ActiveCfg = KR_Test_Release|Win32
		{6C8541D0-E0BB-465C-988D-18261AE15444}.KR_Test_Release|x86.Build.0 = KR_Test_Release|Win32
		{6C8541D0-E0BB-465C-988D-18261AE15444}.Release_include_debugging_information|x86.ActiveCfg = RS_Release|Win32
		{6C8541D0-E0BB-465C-988D-18261AE15444}.Release_include_debugging_information|x86.Build.0 = RS_Release|Win32
		{6C8541D0-E0BB-465C-988D-18261AE15444}.Release|x86.ActiveCfg = RS_Release|Win32
		{6C8541D0-E0BB-465C-988D-18261AE15444}.Release|x86.Build.0 = RS_Release|Win32
		{6C8541D0-E0BB-465C-988D-18261AE15444}.RS_Debug|x86.ActiveCfg = RS_Debug|Win32
		{6C8541D0-E0BB-465C-988D-18261AE15444}.RS_Debug|x86.Build.0 = RS_Debug|Win32
		{6C8541D0-E0BB-465C-988D-18261AE15444}.RS_Release_Debug|x86.ActiveCfg = RS_Release_Debug|Win32
		{6C8541D0-E0BB-465C-988D-18261AE15444}.RS_Release_Debug|x86.Build.0 = RS_Release_Debug|Win32
		{6C8541D0-E0BB-465C-988D-18261AE15444}.RS_Release_GM|x86.ActiveCfg = RS_Release_GM|Win32
		{6C8541D0-E0BB-465C-988D-18261AE15444}.RS_Release_GM|x86.Build.0 = RS_Release_GM|Win32
		{6C8541D0-E0BB-465C-988D-18261AE15444}.RS_Release|x86.ActiveCfg = RS_Release|Win32
		{6C8541D0-E0BB-465C-988D-18261AE15444}.RS_Release|x86.Build.0 = RS_Release|Win32
		{6C8541D0-E0BB-465C-988D-18261AE15444}.Template|x86.ActiveCfg = Template|Win32
		{6C8541D0-E0BB-465C-988D-18261AE15444}.Template|x86.Build.0 = Template|Win32
		{6C8541D0-E0BB-465C-988D-18261AE15444}.test_Debug|x86.ActiveCfg = Template|Win32
		{6C8541D0-E0BB-465C-988D-18261AE15444}.test_Debug|x86.Build.0 = Template|Win32
		{6C8541D0-E0BB-465C-988D-18261AE15444}.test_Release|x86.ActiveCfg = Template|Win32
		{6C8541D0-E0BB-465C-988D-18261AE15444}.test_Release|x86.Build.0 = Template|Win32
		{6C8541D0-E0BB-465C-988D-18261AE15444}.TH_Debug|x86.ActiveCfg = TH_Debug|Win32
		{6C8541D0-E0BB-465C-988D-18261AE15444}.TH_Debug|x86.Build.0 = TH_Debug|Win32
		{6C8541D0-E0BB-465C-988D-18261AE15444}.TH_Release_Debug|x86.ActiveCfg = TH_Release_Debug|Win32
		{6C8541D0-E0BB-465C-988D-18261AE15444}.TH_Release_Debug|x86.Build.0 = TH_Release_Debug|Win32
		{6C8541D0-E0BB-465C-988D-18261AE15444}.TH_Release_GM|x86.ActiveCfg = TH_Release_GM|Win32
		{6C8541D0-E0BB-465C-988D-18261AE15444}.TH_Release_GM|x86.Build.0 = TH_Release_GM|Win32
		{6C8541D0-E0BB-465C-988D-18261AE15444}.TH_Release|x86.ActiveCfg = TH_Release|Win32
		{6C8541D0-E0BB-465C-988D-18261AE15444}.TH_Release|x86.Build.0 = TH_Release|Win32
		{6C8541D0-E0BB-465C-988D-18261AE15444}.TW_Debug|x86.ActiveCfg = TW_Debug|Win32
		{6C8541D0-E0BB-465C-988D-18261AE15444}.TW_Debug|x86.Build.0 = TW_Debug|Win32
		{6C8541D0-E0BB-465C-988D-18261AE15444}.TW_Release_Debug|x86.ActiveCfg = TW_Release_Debug|Win32
		{6C8541D0-E0BB-465C-988D-18261AE15444}.TW_Release_Debug|x86.Build.0 = TW_Release_Debug|Win32
		{6C8541D0-E0BB-465C-988D-18261AE15444}.TW_Release_GM|x86.ActiveCfg = TW_Release_GM|Win32
		{6C8541D0-E0BB-465C-988D-18261AE15444}.TW_Release_GM|x86.Build.0 = TW_Release_GM|Win32
		{6C8541D0-E0BB-465C-988D-18261AE15444}.TW_Release|x86.ActiveCfg = TW_Release|Win32
		{6C8541D0-E0BB-465C-988D-18261AE15444}.TW_Release|x86.Build.0 = TW_Release|Win32
		{6C8541D0-E0BB-465C-988D-18261AE15444}.US_Debug|x86.ActiveCfg = US_Debug|Win32
		{6C8541D0-E0BB-465C-988D-18261AE15444}.US_Debug|x86.Build.0 = US_Debug|Win32
		{6C8541D0-E0BB-465C-988D-18261AE15444}.US_Release_Debug|x86.ActiveCfg = US_Release_Debug|Win32
		{6C8541D0-E0BB-465C-988D-18261AE15444}.US_Release_Debug|x86.Build.0 = US_Release_Debug|Win32
		{6C8541D0-E0BB-465C-988D-18261AE15444}.US_Release_GM|x86.ActiveCfg = US_Release_GM|Win32
		{6C8541D0-E0BB-465C-988D-18261AE15444}.US_Release_GM|x86.Build.0 = US_Release_GM|Win32
		{6C8541D0-E0BB-465C-988D-18261AE15444}.US_Release|x86.ActiveCfg = US_Release|Win32
		{6C8541D0-E0BB-465C-988D-18261AE15444}.US_Release|x86.Build.0 = US_Release|Win32
		{6C8541D0-E0BB-465C-988D-18261AE15444}.VN_Debug|x86.ActiveCfg = VN_Debug|Win32
		{6C8541D0-E0BB-465C-988D-18261AE15444}.VN_Debug|x86.Build.0 = VN_Debug|Win32
		{6C8541D0-E0BB-465C-988D-18261AE15444}.VN_Release_Debug|x86.ActiveCfg = VN_Release_Debug|Win32
		{6C8541D0-E0BB-465C-988D-18261AE15444}.VN_Release_Debug|x86.Build.0 = VN_Release_Debug|Win32
		{6C8541D0-E0BB-465C-988D-18261AE15444}.VN_Release_GM|x86.ActiveCfg = VN_Release_GM|Win32
		{6C8541D0-E0BB-465C-988D-18261AE15444}.VN_Release_GM|x86.Build.0 = VN_Release_GM|Win32
		{6C8541D0-E0BB-465C-988D-18261AE15444}.VN_Release|x86.ActiveCfg = VN_Release|Win32
		{6C8541D0-E0BB-465C-988D-18261AE15444}.VN_Release|x86.Build.0 = VN_Release|Win32
		{C21562D1-A5AA-4F7F-92A2-0220A13C57FD}.CN_Debug|x86.ActiveCfg = CN_Debug|Win32
		{C21562D1-A5AA-4F7F-92A2-0220A13C57FD}.CN_Debug|x86.Build.0 = CN_Debug|Win32
		{C21562D1-A5AA-4F7F-92A2-0220A13C57FD}.CN_Release_Debug|x86.ActiveCfg = CN_Release_debug|Win32
		{C21562D1-A5AA-4F7F-92A2-0220A13C57FD}.CN_Release_Debug|x86.Build.0 = CN_Release_debug|Win32
		{C21562D1-A5AA-4F7F-92A2-0220A13C57FD}.CN_Release_GM|x86.ActiveCfg = CN_Release_GM|Win32
		{C21562D1-A5AA-4F7F-92A2-0220A13C57FD}.CN_Release_GM|x86.Build.0 = CN_Release_GM|Win32
		{C21562D1-A5AA-4F7F-92A2-0220A13C57FD}.CN_Release|x86.ActiveCfg = CN_Release|Win32
		{C21562D1-A5AA-4F7F-92A2-0220A13C57FD}.CN_Release|x86.Build.0 = CN_Release|Win32
		{C21562D1-A5AA-4F7F-92A2-0220A13C57FD}.Debug|x86.ActiveCfg = JP_Debug|Win32
		{C21562D1-A5AA-4F7F-92A2-0220A13C57FD}.Debug|x86.Build.0 = JP_Debug|Win32
		{C21562D1-A5AA-4F7F-92A2-0220A13C57FD}.JP_Debug|x86.ActiveCfg = JP_Debug|Win32
		{C21562D1-A5AA-4F7F-92A2-0220A13C57FD}.JP_Debug|x86.Build.0 = JP_Debug|Win32
		{C21562D1-A5AA-4F7F-92A2-0220A13C57FD}.JP_Release_Debug|x86.ActiveCfg = JP_Release_debug|Win32
		{C21562D1-A5AA-4F7F-92A2-0220A13C57FD}.JP_Release_Debug|x86.Build.0 = JP_Release_debug|Win32
		{C21562D1-A5AA-4F7F-92A2-0220A13C57FD}.JP_Release_GM|x86.ActiveCfg = JP_Release_GM|Win32
		{C21562D1-A5AA-4F7F-92A2-0220A13C57FD}.JP_Release_GM|x86.Build.0 = JP_Release_GM|Win32
		{C21562D1-A5AA-4F7F-92A2-0220A13C57FD}.JP_Release|x86.ActiveCfg = JP_Release|Win32
		{C21562D1-A5AA-4F7F-92A2-0220A13C57FD}.JP_Release|x86.Build.0 = JP_Release|Win32
		{C21562D1-A5AA-4F7F-92A2-0220A13C57FD}.KR_Debug|x86.ActiveCfg = KR_Debug|Win32
		{C21562D1-A5AA-4F7F-92A2-0220A13C57FD}.KR_Debug|x86.Build.0 = KR_Debug|Win32
		{C21562D1-A5AA-4F7F-92A2-0220A13C57FD}.KR_Release_Debug|x86.ActiveCfg = KR_Release_debug|Win32
		{C21562D1-A5AA-4F7F-92A2-0220A13C57FD}.KR_Release_Debug|x86.Build.0 = KR_Release_debug|Win32
		{C21562D1-A5AA-4F7F-92A2-0220A13C57FD}.KR_Release_GM|x86.ActiveCfg = KR_Release_GM|Win32
		{C21562D1-A5AA-4F7F-92A2-0220A13C57FD}.KR_Release_GM|x86.Build.0 = KR_Release_GM|Win32
		{C21562D1-A5AA-4F7F-92A2-0220A13C57FD}.KR_Release|x86.ActiveCfg = KR_Release|Win32
		{C21562D1-A5AA-4F7F-92A2-0220A13C57FD}.KR_Release|x86.Build.0 = KR_Release|Win32
		{C21562D1-A5AA-4F7F-92A2-0220A13C57FD}.KR_Test_Release_Debug|x86.ActiveCfg = KR_Test_Release_debug|Win32
		{C21562D1-A5AA-4F7F-92A2-0220A13C57FD}.KR_Test_Release_Debug|x86.Build.0 = KR_Test_Release_debug|Win32
		{C21562D1-A5AA-4F7F-92A2-0220A13C57FD}.KR_Test_Release_GM|x86.ActiveCfg = KR_Test_Release_GM|Win32
		{C21562D1-A5AA-4F7F-92A2-0220A13C57FD}.KR_Test_Release_GM|x86.Build.0 = KR_Test_Release_GM|Win32
		{C21562D1-A5AA-4F7F-92A2-0220A13C57FD}.KR_Test_Release|x86.ActiveCfg = KR_Test_Release|Win32
		{C21562D1-A5AA-4F7F-92A2-0220A13C57FD}.KR_Test_Release|x86.Build.0 = KR_Test_Release|Win32
		{C21562D1-A5AA-4F7F-92A2-0220A13C57FD}.Release_include_debugging_information|x86.ActiveCfg = RS_Release|Win32
		{C21562D1-A5AA-4F7F-92A2-0220A13C57FD}.Release_include_debugging_information|x86.Build.0 = RS_Release|Win32
		{C21562D1-A5AA-4F7F-92A2-0220A13C57FD}.Release|x86.ActiveCfg = RS_Release|Win32
		{C21562D1-A5AA-4F7F-92A2-0220A13C57FD}.Release|x86.Build.0 = RS_Release|Win32
		{C21562D1-A5AA-4F7F-92A2-0220A13C57FD}.RS_Debug|x86.ActiveCfg = RS_Debug|Win32
		{C21562D1-A5AA-4F7F-92A2-0220A13C57FD}.RS_Debug|x86.Build.0 = RS_Debug|Win32
		{C21562D1-A5AA-4F7F-92A2-0220A13C57FD}.RS_Release_Debug|x86.ActiveCfg = RS_Release_debug|Win32
		{C21562D1-A5AA-4F7F-92A2-0220A13C57FD}.RS_Release_Debug|x86.Build.0 = RS_Release_debug|Win32
		{C21562D1-A5AA-4F7F-92A2-0220A13C57FD}.RS_Release_GM|x86.ActiveCfg = RS_Release_GM|Win32
		{C21562D1-A5AA-4F7F-92A2-0220A13C57FD}.RS_Release_GM|x86.Build.0 = RS_Release_GM|Win32
		{C21562D1-A5AA-4F7F-92A2-0220A13C57FD}.RS_Release|x86.ActiveCfg = RS_Release|Win32
		{C21562D1-A5AA-4F7F-92A2-0220A13C57FD}.RS_Release|x86.Build.0 = RS_Release|Win32
		{C21562D1-A5AA-4F7F-92A2-0220A13C57FD}.Template|x86.ActiveCfg = Template|Win32
		{C21562D1-A5AA-4F7F-92A2-0220A13C57FD}.Template|x86.Build.0 = Template|Win32
		{C21562D1-A5AA-4F7F-92A2-0220A13C57FD}.test_Debug|x86.ActiveCfg = Template|Win32
		{C21562D1-A5AA-4F7F-92A2-0220A13C57FD}.test_Debug|x86.Build.0 = Template|Win32
		{C21562D1-A5AA-4F7F-92A2-0220A13C57FD}.test_Release|x86.ActiveCfg = Template|Win32
		{C21562D1-A5AA-4F7F-92A2-0220A13C57FD}.test_Release|x86.Build.0 = Template|Win32
		{C21562D1-A5AA-4F7F-92A2-0220A13C57FD}.TH_Debug|x86.ActiveCfg = TH_Debug|Win32
		{C21562D1-A5AA-4F7F-92A2-0220A13C57FD}.TH_Debug|x86.Build.0 = TH_Debug|Win32
		{C21562D1-A5AA-4F7F-92A2-0220A13C57FD}.TH_Release_Debug|x86.ActiveCfg = TH_Release_debug|Win32
		{C21562D1-A5AA-4F7F-92A2-0220A13C57FD}.TH_Release_Debug|x86.Build.0 = TH_Release_debug|Win32
		{C21562D1-A5AA-4F7F-92A2-0220A13C57FD}.TH_Release_GM|x86.ActiveCfg = TH_Release_GM|Win32
		{C21562D1-A5AA-4F7F-92A2-0220A13C57FD}.TH_Release_GM|x86.Build.0 = TH_Release_GM|Win32
		{C21562D1-A5AA-4F7F-92A2-0220A13C57FD}.TH_Release|x86.ActiveCfg = TH_Release|Win32
		{C21562D1-A5AA-4F7F-92A2-0220A13C57FD}.TH_Release|x86.Build.0 = TH_Release|Win32
		{C21562D1-A5AA-4F7F-92A2-0220A13C57FD}.TW_Debug|x86.ActiveCfg = TW_Debug|Win32
		{C21562D1-A5AA-4F7F-92A2-0220A13C57FD}.TW_Debug|x86.Build.0 = TW_Debug|Win32
		{C21562D1-A5AA-4F7F-92A2-0220A13C57FD}.TW_Release_Debug|x86.ActiveCfg = TW_Release_debug|Win32
		{C21562D1-A5AA-4F7F-92A2-0220A13C57FD}.TW_Release_Debug|x86.Build.0 = TW_Release_debug|Win32
		{C21562D1-A5AA-4F7F-92A2-0220A13C57FD}.TW_Release_GM|x86.ActiveCfg = TW_Release_GM|Win32
		{C21562D1-A5AA-4F7F-92A2-0220A13C57FD}.TW_Release_GM|x86.Build.0 = TW_Release_GM|Win32
		{C21562D1-A5AA-4F7F-92A2-0220A13C57FD}.TW_Release|x86.ActiveCfg = TW_Release|Win32
		{C21562D1-A5AA-4F7F-92A2-0220A13C57FD}.TW_Release|x86.Build.0 = TW_Release|Win32
		{C21562D1-A5AA-4F7F-92A2-0220A13C57FD}.US_Debug|x86.ActiveCfg = US_Debug|Win32
		{C21562D1-A5AA-4F7F-92A2-0220A13C57FD}.US_Debug|x86.Build.0 = US_Debug|Win32
		{C21562D1-A5AA-4F7F-92A2-0220A13C57FD}.US_Release_Debug|x86.ActiveCfg = US_Release_debug|Win32
		{C21562D1-A5AA-4F7F-92A2-0220A13C57FD}.US_Release_Debug|x86.Build.0 = US_Release_debug|Win32
		{C21562D1-A5AA-4F7F-92A2-0220A13C57FD}.US_Release_GM|x86.ActiveCfg = US_Release_GM|Win32
		{C21562D1-A5AA-4F7F-92A2-0220A13C57FD}.US_Release_GM|x86.Build.0 = US_Release_GM|Win32
		{C21562D1-A5AA-4F7F-92A2-0220A13C57FD}.US_Release|x86.ActiveCfg = US_Release|Win32
		{C21562D1-A5AA-4F7F-92A2-0220A13C57FD}.US_Release|x86.Build.0 = US_Release|Win32
		{C21562D1-A5AA-4F7F-92A2-0220A13C57FD}.VN_Debug|x86.ActiveCfg = VN_Debug|Win32
		{C21562D1-A5AA-4F7F-92A2-0220A13C57FD}.VN_Debug|x86.Build.0 = VN_Debug|Win32
		{C21562D1-A5AA-4F7F-92A2-0220A13C57FD}.VN_Release_Debug|x86.ActiveCfg = VN_Release_debug|Win32
		{C21562D1-A5AA-4F7F-92A2-0220A13C57FD}.VN_Release_Debug|x86.Build.0 = VN_Release_debug|Win32
		{C21562D1-A5AA-4F7F-92A2-0220A13C57FD}.VN_Release_GM|x86.ActiveCfg = VN_Release_GM|Win32
		{C21562D1-A5AA-4F7F-92A2-0220A13C57FD}.VN_Release_GM|x86.Build.0 = VN_Release_GM|Win32
		{C21562D1-A5AA-4F7F-92A2-0220A13C57FD}.VN_Release|x86.ActiveCfg = VN_Release|Win32
		{C21562D1-A5AA-4F7F-92A2-0220A13C57FD}.VN_Release|x86.Build.0 = VN_Release|Win32
		{ACF3E78B-ED6D-43C0-8C11-86B93C726155}.CN_Debug|x86.ActiveCfg = Debug|Win32
		{ACF3E78B-ED6D-43C0-8C11-86B93C726155}.CN_Debug|x86.Build.0 = Debug|Win32
		{ACF3E78B-ED6D-43C0-8C11-86B93C726155}.CN_Release_Debug|x86.ActiveCfg = Release|Win32
		{ACF3E78B-ED6D-43C0-8C11-86B93C726155}.CN_Release_Debug|x86.Build.0 = Release|Win32
		{ACF3E78B-ED6D-43C0-8C11-86B93C726155}.CN_Release_GM|x86.ActiveCfg = Release|Win32
		{ACF3E78B-ED6D-43C0-8C11-86B93C726155}.CN_Release_GM|x86.Build.0 = Release|Win32
		{ACF3E78B-ED6D-43C0-8C11-86B93C726155}.CN_Release|x86.ActiveCfg = Release|Win32
		{ACF3E78B-ED6D-43C0-8C11-86B93C726155}.CN_Release|x86.Build.0 = Release|Win32
		{ACF3E78B-ED6D-43C0-8C11-86B93C726155}.Debug|x86.ActiveCfg = Debug|Win32
		{ACF3E78B-ED6D-43C0-8C11-86B93C726155}.Debug|x86.Build.0 = Debug|Win32
		{ACF3E78B-ED6D-43C0-8C11-86B93C726155}.JP_Debug|x86.ActiveCfg = Debug|Win32
		{ACF3E78B-ED6D-43C0-8C11-86B93C726155}.JP_Debug|x86.Build.0 = Debug|Win32
		{ACF3E78B-ED6D-43C0-8C11-86B93C726155}.JP_Release_Debug|x86.ActiveCfg = Release|Win32
		{ACF3E78B-ED6D-43C0-8C11-86B93C726155}.JP_Release_Debug|x86.Build.0 = Release|Win32
		{ACF3E78B-ED6D-43C0-8C11-86B93C726155}.JP_Release_GM|x86.ActiveCfg = Release|Win32
		{ACF3E78B-ED6D-43C0-8C11-86B93C726155}.JP_Release_GM|x86.Build.0 = Release|Win32
		{ACF3E78B-ED6D-43C0-8C11-86B93C726155}.JP_Release|x86.ActiveCfg = Release|Win32
		{ACF3E78B-ED6D-43C0-8C11-86B93C726155}.JP_Release|x86.Build.0 = Release|Win32
		{ACF3E78B-ED6D-43C0-8C11-86B93C726155}.KR_Debug|x86.ActiveCfg = Debug|Win32
		{ACF3E78B-ED6D-43C0-8C11-86B93C726155}.KR_Debug|x86.Build.0 = Debug|Win32
		{ACF3E78B-ED6D-43C0-8C11-86B93C726155}.KR_Release_Debug|x86.ActiveCfg = Release|Win32
		{ACF3E78B-ED6D-43C0-8C11-86B93C726155}.KR_Release_Debug|x86.Build.0 = Release|Win32
		{ACF3E78B-ED6D-43C0-8C11-86B93C726155}.KR_Release_GM|x86.ActiveCfg = Release|Win32
		{ACF3E78B-ED6D-43C0-8C11-86B93C726155}.KR_Release_GM|x86.Build.0 = Release|Win32
		{ACF3E78B-ED6D-43C0-8C11-86B93C726155}.KR_Release|x86.ActiveCfg = Release|Win32
		{ACF3E78B-ED6D-43C0-8C11-86B93C726155}.KR_Release|x86.Build.0 = Release|Win32
		{ACF3E78B-ED6D-43C0-8C11-86B93C726155}.KR_Test_Release_Debug|x86.ActiveCfg = Release|Win32
		{ACF3E78B-ED6D-43C0-8C11-86B93C726155}.KR_Test_Release_Debug|x86.Build.0 = Release|Win32
		{ACF3E78B-ED6D-43C0-8C11-86B93C726155}.KR_Test_Release_GM|x86.ActiveCfg = Release|Win32
		{ACF3E78B-ED6D-43C0-8C11-86B93C726155}.KR_Test_Release_GM|x86.Build.0 = Release|Win32
		{ACF3E78B-ED6D-43C0-8C11-86B93C726155}.KR_Test_Release|x86.ActiveCfg = Release|Win32
		{ACF3E78B-ED6D-43C0-8C11-86B93C726155}.KR_Test_Release|x86.Build.0 = Release|Win32
		{ACF3E78B-ED6D-43C0-8C11-86B93C726155}.Release_include_debugging_information|x86.ActiveCfg = Release_include_debugging_information|Win32
		{ACF3E78B-ED6D-43C0-8C11-86B93C726155}.Release_include_debugging_information|x86.Build.0 = Release_include_debugging_information|Win32
		{ACF3E78B-ED6D-43C0-8C11-86B93C726155}.Release|x86.ActiveCfg = Release|Win32
		{ACF3E78B-ED6D-43C0-8C11-86B93C726155}.Release|x86.Build.0 = Release|Win32
		{ACF3E78B-ED6D-43C0-8C11-86B93C726155}.RS_Debug|x86.ActiveCfg = Debug|Win32
		{ACF3E78B-ED6D-43C0-8C11-86B93C726155}.RS_Debug|x86.Build.0 = Debug|Win32
		{ACF3E78B-ED6D-43C0-8C11-86B93C726155}.RS_Release_Debug|x86.ActiveCfg = Release|Win32
		{ACF3E78B-ED6D-43C0-8C11-86B93C726155}.RS_Release_Debug|x86.Build.0 = Release|Win32
		{ACF3E78B-ED6D-43C0-8C11-86B93C726155}.RS_Release_GM|x86.ActiveCfg = Release|Win32
		{ACF3E78B-ED6D-43C0-8C11-86B93C726155}.RS_Release_GM|x86.Build.0 = Release|Win32
		{ACF3E78B-ED6D-43C0-8C11-86B93C726155}.RS_Release|x86.ActiveCfg = Release|Win32
		{ACF3E78B-ED6D-43C0-8C11-86B93C726155}.RS_Release|x86.Build.0 = Release|Win32
		{ACF3E78B-ED6D-43C0-8C11-86B93C726155}.Template|x86.ActiveCfg = Template|Win32
		{ACF3E78B-ED6D-43C0-8C11-86B93C726155}.Template|x86.Build.0 = Template|Win32
		{ACF3E78B-ED6D-43C0-8C11-86B93C726155}.test_Debug|x86.ActiveCfg = test_Debug|Win32
		{ACF3E78B-ED6D-43C0-8C11-86B93C726155}.test_Debug|x86.Build.0 = test_Debug|Win32
		{ACF3E78B-ED6D-43C0-8C11-86B93C726155}.test_Release|x86.ActiveCfg = test_Release|Win32
		{ACF3E78B-ED6D-43C0-8C11-86B93C726155}.test_Release|x86.Build.0 = test_Release|Win32
		{ACF3E78B-ED6D-43C0-8C11-86B93C726155}.TH_Debug|x86.ActiveCfg = Debug|Win32
		{ACF3E78B-ED6D-43C0-8C11-86B93C726155}.TH_Debug|x86.Build.0 = Debug|Win32
		{ACF3E78B-ED6D-43C0-8C11-86B93C726155}.TH_Release_Debug|x86.ActiveCfg = Release|Win32
		{ACF3E78B-ED6D-43C0-8C11-86B93C726155}.TH_Release_Debug|x86.Build.0 = Release|Win32
		{ACF3E78B-ED6D-43C0-8C11-86B93C726155}.TH_Release_GM|x86.ActiveCfg = Release|Win32
		{ACF3E78B-ED6D-43C0-8C11-86B93C726155}.TH_Release_GM|x86.Build.0 = Release|Win32
		{ACF3E78B-ED6D-43C0-8C11-86B93C726155}.TH_Release|x86.ActiveCfg = Release|Win32
		{ACF3E78B-ED6D-43C0-8C11-86B93C726155}.TH_Release|x86.Build.0 = Release|Win32
		{ACF3E78B-ED6D-43C0-8C11-86B93C726155}.TW_Debug|x86.ActiveCfg = Debug|Win32
		{ACF3E78B-ED6D-43C0-8C11-86B93C726155}.TW_Debug|x86.Build.0 = Debug|Win32
		{ACF3E78B-ED6D-43C0-8C11-86B93C726155}.TW_Release_Debug|x86.ActiveCfg = Release|Win32
		{ACF3E78B-ED6D-43C0-8C11-86B93C726155}.TW_Release_Debug|x86.Build.0 = Release|Win32
		{ACF3E78B-ED6D-43C0-8C11-86B93C726155}.TW_Release_GM|x86.ActiveCfg = Release|Win32
		{ACF3E78B-ED6D-43C0-8C11-86B93C726155}.TW_Release_GM|x86.Build.0 = Release|Win32
		{ACF3E78B-ED6D-43C0-8C11-86B93C726155}.TW_Release|x86.ActiveCfg = Release|Win32
		{ACF3E78B-ED6D-43C0-8C11-86B93C726155}.TW_Release|x86.Build.0 = Release|Win32
		{ACF3E78B-ED6D-43C0-8C11-86B93C726155}.US_Debug|x86.ActiveCfg = Debug|Win32
		{ACF3E78B-ED6D-43C0-8C11-86B93C726155}.US_Debug|x86.Build.0 = Debug|Win32
		{ACF3E78B-ED6D-43C0-8C11-86B93C726155}.US_Release_Debug|x86.ActiveCfg = Release|Win32
		{ACF3E78B-ED6D-43C0-8C11-86B93C726155}.US_Release_Debug|x86.Build.0 = Release|Win32
		{ACF3E78B-ED6D-43C0-8C11-86B93C726155}.US_Release_GM|x86.ActiveCfg = Release|Win32
		{ACF3E78B-ED6D-43C0-8C11-86B93C726155}.US_Release_GM|x86.Build.0 = Release|Win32
		{ACF3E78B-ED6D-43C0-8C11-86B93C726155}.US_Release|x86.ActiveCfg = Release|Win32
		{ACF3E78B-ED6D-43C0-8C11-86B93C726155}.US_Release|x86.Build.0 = Release|Win32
		{ACF3E78B-ED6D-43C0-8C11-86B93C726155}.VN_Debug|x86.ActiveCfg = Debug|Win32
		{ACF3E78B-ED6D-43C0-8C11-86B93C726155}.VN_Debug|x86.Build.0 = Debug|Win32
		{ACF3E78B-ED6D-43C0-8C11-86B93C726155}.VN_Release_Debug|x86.ActiveCfg = Release|Win32
		{ACF3E78B-ED6D-43C0-8C11-86B93C726155}.VN_Release_Debug|x86.Build.0 = Release|Win32
		{ACF3E78B-ED6D-43C0-8C11-86B93C726155}.VN_Release_GM|x86.ActiveCfg = Release|Win32
		{ACF3E78B-ED6D-43C0-8C11-86B93C726155}.VN_Release_GM|x86.Build.0 = Release|Win32
		{ACF3E78B-ED6D-43C0-8C11-86B93C726155}.VN_Release|x86.ActiveCfg = Release|Win32
		{ACF3E78B-ED6D-43C0-8C11-86B93C726155}.VN_Release|x86.Build.0 = Release|Win32
		{536F5843-E07E-4D1D-8679-B2368F985978}.CN_Debug|x86.ActiveCfg = Debug|Win32
		{536F5843-E07E-4D1D-8679-B2368F985978}.CN_Debug|x86.Build.0 = Debug|Win32
		{536F5843-E07E-4D1D-8679-B2368F985978}.CN_Release_Debug|x86.ActiveCfg = Release|Win32
		{536F5843-E07E-4D1D-8679-B2368F985978}.CN_Release_Debug|x86.Build.0 = Release|Win32
		{536F5843-E07E-4D1D-8679-B2368F985978}.CN_Release_GM|x86.ActiveCfg = Release|Win32
		{536F5843-E07E-4D1D-8679-B2368F985978}.CN_Release_GM|x86.Build.0 = Release|Win32
		{536F5843-E07E-4D1D-8679-B2368F985978}.CN_Release|x86.ActiveCfg = Release|Win32
		{536F5843-E07E-4D1D-8679-B2368F985978}.CN_Release|x86.Build.0 = Release|Win32
		{536F5843-E07E-4D1D-8679-B2368F985978}.Debug|x86.ActiveCfg = Debug|Win32
		{536F5843-E07E-4D1D-8679-B2368F985978}.Debug|x86.Build.0 = Debug|Win32
		{536F5843-E07E-4D1D-8679-B2368F985978}.JP_Debug|x86.ActiveCfg = Debug|Win32
		{536F5843-E07E-4D1D-8679-B2368F985978}.JP_Debug|x86.Build.0 = Debug|Win32
		{536F5843-E07E-4D1D-8679-B2368F985978}.JP_Release_Debug|x86.ActiveCfg = Release|Win32
		{536F5843-E07E-4D1D-8679-B2368F985978}.JP_Release_Debug|x86.Build.0 = Release|Win32
		{536F5843-E07E-4D1D-8679-B2368F985978}.JP_Release_GM|x86.ActiveCfg = Release|Win32
		{536F5843-E07E-4D1D-8679-B2368F985978}.JP_Release_GM|x86.Build.0 = Release|Win32
		{536F5843-E07E-4D1D-8679-B2368F985978}.JP_Release|x86.ActiveCfg = Release|Win32
		{536F5843-E07E-4D1D-8679-B2368F985978}.JP_Release|x86.Build.0 = Release|Win32
		{536F5843-E07E-4D1D-8679-B2368F985978}.KR_Debug|x86.ActiveCfg = Debug|Win32
		{536F5843-E07E-4D1D-8679-B2368F985978}.KR_Debug|x86.Build.0 = Debug|Win32
		{536F5843-E07E-4D1D-8679-B2368F985978}.KR_Release_Debug|x86.ActiveCfg = Release|Win32
		{536F5843-E07E-4D1D-8679-B2368F985978}.KR_Release_Debug|x86.Build.0 = Release|Win32
		{536F5843-E07E-4D1D-8679-B2368F985978}.KR_Release_GM|x86.ActiveCfg = Release|Win32
		{536F5843-E07E-4D1D-8679-B2368F985978}.KR_Release_GM|x86.Build.0 = Release|Win32
		{536F5843-E07E-4D1D-8679-B2368F985978}.KR_Release|x86.ActiveCfg = Release|Win32
		{536F5843-E07E-4D1D-8679-B2368F985978}.KR_Release|x86.Build.0 = Release|Win32
		{536F5843-E07E-4D1D-8679-B2368F985978}.KR_Test_Release_Debug|x86.ActiveCfg = Release|Win32
		{536F5843-E07E-4D1D-8679-B2368F985978}.KR_Test_Release_Debug|x86.Build.0 = Release|Win32
		{536F5843-E07E-4D1D-8679-B2368F985978}.KR_Test_Release_GM|x86.ActiveCfg = Release|Win32
		{536F5843-E07E-4D1D-8679-B2368F985978}.KR_Test_Release_GM|x86.Build.0 = Release|Win32
		{536F5843-E07E-4D1D-8679-B2368F985978}.KR_Test_Release|x86.ActiveCfg = Release|Win32
		{536F5843-E07E-4D1D-8679-B2368F985978}.KR_Test_Release|x86.Build.0 = Release|Win32
		{536F5843-E07E-4D1D-8679-B2368F985978}.Release_include_debugging_information|x86.ActiveCfg = Release|Win32
		{536F5843-E07E-4D1D-8679-B2368F985978}.Release_include_debugging_information|x86.Build.0 = Release|Win32
		{536F5843-E07E-4D1D-8679-B2368F985978}.Release|x86.ActiveCfg = Release|Win32
		{536F5843-E07E-4D1D-8679-B2368F985978}.Release|x86.Build.0 = Release|Win32
		{536F5843-E07E-4D1D-8679-B2368F985978}.RS_Debug|x86.ActiveCfg = Debug|Win32
		{536F5843-E07E-4D1D-8679-B2368F985978}.RS_Debug|x86.Build.0 = Debug|Win32
		{536F5843-E07E-4D1D-8679-B2368F985978}.RS_Release_Debug|x86.ActiveCfg = Release|Win32
		{536F5843-E07E-4D1D-8679-B2368F985978}.RS_Release_Debug|x86.Build.0 = Release|Win32
		{536F5843-E07E-4D1D-8679-B2368F985978}.RS_Release_GM|x86.ActiveCfg = Release|Win32
		{536F5843-E07E-4D1D-8679-B2368F985978}.RS_Release_GM|x86.Build.0 = Release|Win32
		{536F5843-E07E-4D1D-8679-B2368F985978}.RS_Release|x86.ActiveCfg = Release|Win32
		{536F5843-E07E-4D1D-8679-B2368F985978}.RS_Release|x86.Build.0 = Release|Win32
		{536F5843-E07E-4D1D-8679-B2368F985978}.Template|x86.ActiveCfg = Template|Win32
		{536F5843-E07E-4D1D-8679-B2368F985978}.Template|x86.Build.0 = Template|Win32
		{536F5843-E07E-4D1D-8679-B2368F985978}.test_Debug|x86.ActiveCfg = Debug|Win32
		{536F5843-E07E-4D1D-8679-B2368F985978}.test_Debug|x86.Build.0 = Debug|Win32
		{536F5843-E07E-4D1D-8679-B2368F985978}.test_Release|x86.ActiveCfg = Release|Win32
		{536F5843-E07E-4D1D-8679-B2368F985978}.test_Release|x86.Build.0 = Release|Win32
		{536F5843-E07E-4D1D-8679-B2368F985978}.TH_Debug|x86.ActiveCfg = Debug|Win32
		{536F5843-E07E-4D1D-8679-B2368F985978}.TH_Debug|x86.Build.0 = Debug|Win32
		{536F5843-E07E-4D1D-8679-B2368F985978}.TH_Release_Debug|x86.ActiveCfg = Release|Win32
		{536F5843-E07E-4D1D-8679-B2368F985978}.TH_Release_Debug|x86.Build.0 = Release|Win32
		{536F5843-E07E-4D1D-8679-B2368F985978}.TH_Release_GM|x86.ActiveCfg = Release|Win32
		{536F5843-E07E-4D1D-8679-B2368F985978}.TH_Release_GM|x86.Build.0 = Release|Win32
		{536F5843-E07E-4D1D-8679-B2368F985978}.TH_Release|x86.ActiveCfg = Release|Win32
		{536F5843-E07E-4D1D-8679-B2368F985978}.TH_Release|x86.Build.0 = Release|Win32
		{536F5843-E07E-4D1D-8679-B2368F985978}.TW_Debug|x86.ActiveCfg = Debug|Win32
		{536F5843-E07E-4D1D-8679-B2368F985978}.TW_Debug|x86.Build.0 = Debug|Win32
		{536F5843-E07E-4D1D-8679-B2368F985978}.TW_Release_Debug|x86.ActiveCfg = Release|Win32
		{536F5843-E07E-4D1D-8679-B2368F985978}.TW_Release_Debug|x86.Build.0 = Release|Win32
		{536F5843-E07E-4D1D-8679-B2368F985978}.TW_Release_GM|x86.ActiveCfg = Release|Win32
		{536F5843-E07E-4D1D-8679-B2368F985978}.TW_Release_GM|x86.Build.0 = Release|Win32
		{536F5843-E07E-4D1D-8679-B2368F985978}.TW_Release|x86.ActiveCfg = Release|Win32
		{536F5843-E07E-4D1D-8679-B2368F985978}.TW_Release|x86.Build.0 = Release|Win32
		{536F5843-E07E-4D1D-8679-B2368F985978}.US_Debug|x86.ActiveCfg = Debug|Win32
		{536F5843-E07E-4D1D-8679-B2368F985978}.US_Debug|x86.Build.0 = Debug|Win32
		{536F5843-E07E-4D1D-8679-B2368F985978}.US_Release_Debug|x86.ActiveCfg = Release|Win32
		{536F5843-E07E-4D1D-8679-B2368F985978}.US_Release_Debug|x86.Build.0 = Release|Win32
		{536F5843-E07E-4D1D-8679-B2368F985978}.US_Release_GM|x86.ActiveCfg = Release|Win32
		{536F5843-E07E-4D1D-8679-B2368F985978}.US_Release_GM|x86.Build.0 = Release|Win32
		{536F5843-E07E-4D1D-8679-B2368F985978}.US_Release|x86.ActiveCfg = Release|Win32
		{536F5843-E07E-4D1D-8679-B2368F985978}.US_Release|x86.Build.0 = Release|Win32
		{536F5843-E07E-4D1D-8679-B2368F985978}.VN_Debug|x86.ActiveCfg = Debug|Win32
		{536F5843-E07E-4D1D-8679-B2368F985978}.VN_Debug|x86.Build.0 = Debug|Win32
		{536F5843-E07E-4D1D-8679-B2368F985978}.VN_Release_Debug|x86.ActiveCfg = Release|Win32
		{536F5843-E07E-4D1D-8679-B2368F985978}.VN_Release_Debug|x86.Build.0 = Release|Win32
		{536F5843-E07E-4D1D-8679-B2368F985978}.VN_Release_GM|x86.ActiveCfg = Release|Win32
		{536F5843-E07E-4D1D-8679-B2368F985978}.VN_Release_GM|x86.Build.0 = Release|Win32
		{536F5843-E07E-4D1D-8679-B2368F985978}.VN_Release|x86.ActiveCfg = Release|Win32
		{536F5843-E07E-4D1D-8679-B2368F985978}.VN_Release|x86.Build.0 = Release|Win32
		{F6936837-1D09-46B7-88D7-E437A3603191}.CN_Debug|x86.ActiveCfg = Debug|Win32
		{F6936837-1D09-46B7-88D7-E437A3603191}.CN_Debug|x86.Build.0 = Debug|Win32
		{F6936837-1D09-46B7-88D7-E437A3603191}.CN_Release_Debug|x86.ActiveCfg = Release|Win32
		{F6936837-1D09-46B7-88D7-E437A3603191}.CN_Release_Debug|x86.Build.0 = Release|Win32
		{F6936837-1D09-46B7-88D7-E437A3603191}.CN_Release_GM|x86.ActiveCfg = Release|Win32
		{F6936837-1D09-46B7-88D7-E437A3603191}.CN_Release_GM|x86.Build.0 = Release|Win32
		{F6936837-1D09-46B7-88D7-E437A3603191}.CN_Release|x86.ActiveCfg = Release|Win32
		{F6936837-1D09-46B7-88D7-E437A3603191}.CN_Release|x86.Build.0 = Release|Win32
		{F6936837-1D09-46B7-88D7-E437A3603191}.Debug|x86.ActiveCfg = Debug|Win32
		{F6936837-1D09-46B7-88D7-E437A3603191}.Debug|x86.Build.0 = Debug|Win32
		{F6936837-1D09-46B7-88D7-E437A3603191}.JP_Debug|x86.ActiveCfg = Debug|Win32
		{F6936837-1D09-46B7-88D7-E437A3603191}.JP_Debug|x86.Build.0 = Debug|Win32
		{F6936837-1D09-46B7-88D7-E437A3603191}.JP_Release_Debug|x86.ActiveCfg = Release|Win32
		{F6936837-1D09-46B7-88D7-E437A3603191}.JP_Release_Debug|x86.Build.0 = Release|Win32
		{F6936837-1D09-46B7-88D7-E437A3603191}.JP_Release_GM|x86.ActiveCfg = Release|Win32
		{F6936837-1D09-46B7-88D7-E437A3603191}.JP_Release_GM|x86.Build.0 = Release|Win32
		{F6936837-1D09-46B7-88D7-E437A3603191}.JP_Release|x86.ActiveCfg = Release|Win32
		{F6936837-1D09-46B7-88D7-E437A3603191}.JP_Release|x86.Build.0 = Release|Win32
		{F6936837-1D09-46B7-88D7-E437A3603191}.KR_Debug|x86.ActiveCfg = Debug|Win32
		{F6936837-1D09-46B7-88D7-E437A3603191}.KR_Debug|x86.Build.0 = Debug|Win32
		{F6936837-1D09-46B7-88D7-E437A3603191}.KR_Release_Debug|x86.ActiveCfg = Release|Win32
		{F6936837-1D09-46B7-88D7-E437A3603191}.KR_Release_Debug|x86.Build.0 = Release|Win32
		{F6936837-1D09-46B7-88D7-E437A3603191}.KR_Release_GM|x86.ActiveCfg = Release|Win32
		{F6936837-1D09-46B7-88D7-E437A3603191}.KR_Release_GM|x86.Build.0 = Release|Win32
		{F6936837-1D09-46B7-88D7-E437A3603191}.KR_Release|x86.ActiveCfg = Release|Win32
		{F6936837-1D09-46B7-88D7-E437A3603191}.KR_Release|x86.Build.0 = Release|Win32
		{F6936837-1D09-46B7-88D7-E437A3603191}.KR_Test_Release_Debug|x86.ActiveCfg = Release|Win32
		{F6936837-1D09-46B7-88D7-E437A3603191}.KR_Test_Release_Debug|x86.Build.0 = Release|Win32
		{F6936837-1D09-46B7-88D7-E437A3603191}.KR_Test_Release_GM|x86.ActiveCfg = Release|Win32
		{F6936837-1D09-46B7-88D7-E437A3603191}.KR_Test_Release_GM|x86.Build.0 = Release|Win32
		{F6936837-1D09-46B7-88D7-E437A3603191}.KR_Test_Release|x86.ActiveCfg = Release|Win32
		{F6936837-1D09-46B7-88D7-E437A3603191}.KR_Test_Release|x86.Build.0 = Release|Win32
		{F6936837-1D09-46B7-88D7-E437A3603191}.Release_include_debugging_information|x86.ActiveCfg = Release|Win32
		{F6936837-1D09-46B7-88D7-E437A3603191}.Release_include_debugging_information|x86.Build.0 = Release|Win32
		{F6936837-1D09-46B7-88D7-E437A3603191}.Release|x86.ActiveCfg = Release|Win32
		{F6936837-1D09-46B7-88D7-E437A3603191}.Release|x86.Build.0 = Release|Win32
		{F6936837-1D09-46B7-88D7-E437A3603191}.RS_Debug|x86.ActiveCfg = Debug|Win32
		{F6936837-1D09-46B7-88D7-E437A3603191}.RS_Debug|x86.Build.0 = Debug|Win32
		{F6936837-1D09-46B7-88D7-E437A3603191}.RS_Release_Debug|x86.ActiveCfg = Release|Win32
		{F6936837-1D09-46B7-88D7-E437A3603191}.RS_Release_Debug|x86.Build.0 = Release|Win32
		{F6936837-1D09-46B7-88D7-E437A3603191}.RS_Release_GM|x86.ActiveCfg = Release|Win32
		{F6936837-1D09-46B7-88D7-E437A3603191}.RS_Release_GM|x86.Build.0 = Release|Win32
		{F6936837-1D09-46B7-88D7-E437A3603191}.RS_Release|x86.ActiveCfg = Release|Win32
		{F6936837-1D09-46B7-88D7-E437A3603191}.RS_Release|x86.Build.0 = Release|Win32
		{F6936837-1D09-46B7-88D7-E437A3603191}.Template|x86.ActiveCfg = Template|Win32
		{F6936837-1D09-46B7-88D7-E437A3603191}.Template|x86.Build.0 = Template|Win32
		{F6936837-1D09-46B7-88D7-E437A3603191}.test_Debug|x86.ActiveCfg = Debug|Win32
		{F6936837-1D09-46B7-88D7-E437A3603191}.test_Debug|x86.Build.0 = Debug|Win32
		{F6936837-1D09-46B7-88D7-E437A3603191}.test_Release|x86.ActiveCfg = Release|Win32
		{F6936837-1D09-46B7-88D7-E437A3603191}.test_Release|x86.Build.0 = Release|Win32
		{F6936837-1D09-46B7-88D7-E437A3603191}.TH_Debug|x86.ActiveCfg = Debug|Win32
		{F6936837-1D09-46B7-88D7-E437A3603191}.TH_Debug|x86.Build.0 = Debug|Win32
		{F6936837-1D09-46B7-88D7-E437A3603191}.TH_Release_Debug|x86.ActiveCfg = Release|Win32
		{F6936837-1D09-46B7-88D7-E437A3603191}.TH_Release_Debug|x86.Build.0 = Release|Win32
		{F6936837-1D09-46B7-88D7-E437A3603191}.TH_Release_GM|x86.ActiveCfg = Release|Win32
		{F6936837-1D09-46B7-88D7-E437A3603191}.TH_Release_GM|x86.Build.0 = Release|Win32
		{F6936837-1D09-46B7-88D7-E437A3603191}.TH_Release|x86.ActiveCfg = Release|Win32
		{F6936837-1D09-46B7-88D7-E437A3603191}.TH_Release|x86.Build.0 = Release|Win32
		{F6936837-1D09-46B7-88D7-E437A3603191}.TW_Debug|x86.ActiveCfg = Debug|Win32
		{F6936837-1D09-46B7-88D7-E437A3603191}.TW_Debug|x86.Build.0 = Debug|Win32
		{F6936837-1D09-46B7-88D7-E437A3603191}.TW_Release_Debug|x86.ActiveCfg = Release|Win32
		{F6936837-1D09-46B7-88D7-E437A3603191}.TW_Release_Debug|x86.Build.0 = Release|Win32
		{F6936837-1D09-46B7-88D7-E437A3603191}.TW_Release_GM|x86.ActiveCfg = Release|Win32
		{F6936837-1D09-46B7-88D7-E437A3603191}.TW_Release_GM|x86.Build.0 = Release|Win32
		{F6936837-1D09-46B7-88D7-E437A3603191}.TW_Release|x86.ActiveCfg = Release|Win32
		{F6936837-1D09-46B7-88D7-E437A3603191}.TW_Release|x86.Build.0 = Release|Win32
		{F6936837-1D09-46B7-88D7-E437A3603191}.US_Debug|x86.ActiveCfg = Debug|Win32
		{F6936837-1D09-46B7-88D7-E437A3603191}.US_Debug|x86.Build.0 = Debug|Win32
		{F6936837-1D09-46B7-88D7-E437A3603191}.US_Release_Debug|x86.ActiveCfg = Release|Win32
		{F6936837-1D09-46B7-88D7-E437A3603191}.US_Release_Debug|x86.Build.0 = Release|Win32
		{F6936837-1D09-46B7-88D7-E437A3603191}.US_Release_GM|x86.ActiveCfg = Release|Win32
		{F6936837-1D09-46B7-88D7-E437A3603191}.US_Release_GM|x86.Build.0 = Release|Win32
		{F6936837-1D09-46B7-88D7-E437A3603191}.US_Release|x86.ActiveCfg = Release|Win32
		{F6936837-1D09-46B7-88D7-E437A3603191}.US_Release|x86.Build.0 = Release|Win32
		{F6936837-1D09-46B7-88D7-E437A3603191}.VN_Debug|x86.ActiveCfg = Debug|Win32
		{F6936837-1D09-46B7-88D7-E437A3603191}.VN_Debug|x86.Build.0 = Debug|Win32
		{F6936837-1D09-46B7-88D7-E437A3603191}.VN_Release_Debug|x86.ActiveCfg = Release|Win32
		{F6936837-1D09-46B7-88D7-E437A3603191}.VN_Release_Debug|x86.Build.0 = Release|Win32
		{F6936837-1D09-46B7-88D7-E437A3603191}.VN_Release_GM|x86.ActiveCfg = Release|Win32
		{F6936837-1D09-46B7-88D7-E437A3603191}.VN_Release_GM|x86.Build.0 = Release|Win32
		{F6936837-1D09-46B7-88D7-E437A3603191}.VN_Release|x86.ActiveCfg = Release|Win32
		{F6936837-1D09-46B7-88D7-E437A3603191}.VN_Release|x86.Build.0 = Release|Win32
	EndGlobalSection
	GlobalSection(SolutionProperties) = preSolution
		HideSolutionNode = FALSE
	EndGlobalSection
	GlobalSection(ExtensibilityGlobals) = postSolution
		SolutionGuid = {E4C2E02E-27D5-4E4F-8943-08C6563EE2C4}
	EndGlobalSection
EndGlobal
