
Microsoft Visual Studio Solution File, Format Version 12.00
# Visual Studio 15
VisualStudioVersion = 15.0.28307.572
MinimumVisualStudioVersion = 10.0.40219.1
Project("{8BC9CEB8-8B4A-11D0-8D11-00A0C91BC942}") = "NexonADBalloonLib", "NexonADBalloonLib\NexonADBalloonLib.vcxproj", "{C2940AF0-8D99-4F53-B2E6-478B26D50E8B}"
EndProject
Project("{8BC9CEB8-8B4A-11D0-8D11-00A0C91BC942}") = "SetRegistry", "SetRegistry\SetRegistry.vcxproj", "{8CE3C0D2-C217-42C2-B6F2-B1C44D054E42}"
EndProject
Project("{8BC9CEB8-8B4A-11D0-8D11-00A0C91BC942}") = "XFControl", "XFControl\XFControl.vcxproj", "{80C45CD1-845E-468B-A9F9-F01F6D6303FE}"
EndProject
Project("{8BC9CEB8-8B4A-11D0-8D11-00A0C91BC942}") = "XFileTransfer", "XFileTransfer\XFileTransfer.vcxproj", "{4118AF65-84D8-480B-83DA-5B07D2B14B57}"
EndProject
Project("{8BC9CEB8-8B4A-11D0-8D11-00A0C91BC942}") = "XGamebase", "XGamebase\XGamebase.vcxproj", "{6AA56202-B62A-4F33-ABBB-F9D05E884535}"
EndProject
Project("{8BC9CEB8-8B4A-11D0-8D11-00A0C91BC942}") = "XKernel", "XKernel\XKernel.vcxproj", "{2D7241CC-145D-4E67-A9D9-C5F597057F67}"
EndProject
Project("{8BC9CEB8-8B4A-11D0-8D11-00A0C91BC942}") = "XLauncher", "XLauncher\XLauncher.vcxproj", "{E8C64569-43D7-4B0A-AC04-8B7D18197A6B}"
EndProject
Project("{8BC9CEB8-8B4A-11D0-8D11-00A0C91BC942}") = "XPacker", "XPacker\XPacker.vcxproj", "{9FAE482B-4FBA-4A2E-A077-3EC8766A9E9C}"
EndProject
Project("{8BC9CEB8-8B4A-11D0-8D11-00A0C91BC942}") = "XPatch", "XPatch\XPatch.vcxproj", "{6F9D607A-E964-47BD-B4DE-3A15D7FCC843}"
EndProject
Global
	GlobalSection(SolutionConfigurationPlatforms) = preSolution
		CN_Debug|x86 = CN_Debug|x86
		CN_Release_Debug|x86 = CN_Release_Debug|x86
		CN_Release_GM|x86 = CN_Release_GM|x86
		CN_Release|x86 = CN_Release|x86
		Debug|x86 = Debug|x86
		JP_Debug|x86 = JP_Debug|x86
		JP_Release_Debug|x86 = JP_Release_Debug|x86
		JP_Release_GM|x86 = JP_Release_GM|x86
		JP_Release|x86 = JP_Release|x86
		KR_Debug|x86 = KR_Debug|x86
		KR_Release_Debug|x86 = KR_Release_Debug|x86
		KR_Release_GM|x86 = KR_Release_GM|x86
		KR_Release|x86 = KR_Release|x86
		KR_Test_Release_Debug|x86 = KR_Test_Release_Debug|x86
		KR_Test_Release_GM|x86 = KR_Test_Release_GM|x86
		KR_Test_Release|x86 = KR_Test_Release|x86
		Release_include_debugging_information|x86 = Release_include_debugging_information|x86
		Release|x86 = Release|x86
		RS_Debug|x86 = RS_Debug|x86
		RS_Release_Debug|x86 = RS_Release_Debug|x86
		RS_Release_GM|x86 = RS_Release_GM|x86
		RS_Release|x86 = RS_Release|x86
		Template|x86 = Template|x86
		test_Debug|x86 = test_Debug|x86
		test_Release|x86 = test_Release|x86
		TH_Debug|x86 = TH_Debug|x86
		TH_Release_Debug|x86 = TH_Release_Debug|x86
		TH_Release_GM|x86 = TH_Release_GM|x86
		TH_Release|x86 = TH_Release|x86
		TW_Debug|x86 = TW_Debug|x86
		TW_Release_Debug|x86 = TW_Release_Debug|x86
		TW_Release_GM|x86 = TW_Release_GM|x86
		TW_Release|x86 = TW_Release|x86
		US_Debug|x86 = US_Debug|x86
		US_Release_Debug|x86 = US_Release_Debug|x86
		US_Release_GM|x86 = US_Release_GM|x86
		US_Release|x86 = US_Release|x86
		VN_Debug|x86 = VN_Debug|x86
		VN_Release_Debug|x86 = VN_Release_Debug|x86
		VN_Release_GM|x86 = VN_Release_GM|x86
		VN_Release|x86 = VN_Release|x86
	EndGlobalSection
	GlobalSection(ProjectConfigurationPlatforms) = postSolution
		{C2940AF0-8D99-4F53-B2E6-478B26D50E8B}.CN_Debug|x86.ActiveCfg = KR_Release_Debug|Win32
		{C2940AF0-8D99-4F53-B2E6-478B26D50E8B}.CN_Debug|x86.Build.0 = KR_Release_Debug|Win32
		{C2940AF0-8D99-4F53-B2E6-478B26D50E8B}.CN_Release_Debug|x86.ActiveCfg = KR_Release_Debug|Win32
		{C2940AF0-8D99-4F53-B2E6-478B26D50E8B}.CN_Release_Debug|x86.Build.0 = KR_Release_Debug|Win32
		{C2940AF0-8D99-4F53-B2E6-478B26D50E8B}.CN_Release_GM|x86.ActiveCfg = KR_Release_Debug|Win32
		{C2940AF0-8D99-4F53-B2E6-478B26D50E8B}.CN_Release_GM|x86.Build.0 = KR_Release_Debug|Win32
		{C2940AF0-8D99-4F53-B2E6-478B26D50E8B}.CN_Release|x86.ActiveCfg = KR_Release_Debug|Win32
		{C2940AF0-8D99-4F53-B2E6-478B26D50E8B}.CN_Release|x86.Build.0 = KR_Release_Debug|Win32
		{C2940AF0-8D99-4F53-B2E6-478B26D50E8B}.Debug|x86.ActiveCfg = KR_Release_Debug|Win32
		{C2940AF0-8D99-4F53-B2E6-478B26D50E8B}.Debug|x86.Build.0 = KR_Release_Debug|Win32
		{C2940AF0-8D99-4F53-B2E6-478B26D50E8B}.JP_Debug|x86.ActiveCfg = KR_Release_Debug|Win32
		{C2940AF0-8D99-4F53-B2E6-478B26D50E8B}.JP_Debug|x86.Build.0 = KR_Release_Debug|Win32
		{C2940AF0-8D99-4F53-B2E6-478B26D50E8B}.JP_Release_Debug|x86.ActiveCfg = KR_Release_Debug|Win32
		{C2940AF0-8D99-4F53-B2E6-478B26D50E8B}.JP_Release_Debug|x86.Build.0 = KR_Release_Debug|Win32
		{C2940AF0-8D99-4F53-B2E6-478B26D50E8B}.JP_Release_GM|x86.ActiveCfg = KR_Release_Debug|Win32
		{C2940AF0-8D99-4F53-B2E6-478B26D50E8B}.JP_Release_GM|x86.Build.0 = KR_Release_Debug|Win32
		{C2940AF0-8D99-4F53-B2E6-478B26D50E8B}.JP_Release|x86.ActiveCfg = KR_Release_Debug|Win32
		{C2940AF0-8D99-4F53-B2E6-478B26D50E8B}.JP_Release|x86.Build.0 = KR_Release_Debug|Win32
		{C2940AF0-8D99-4F53-B2E6-478B26D50E8B}.KR_Debug|x86.ActiveCfg = KR_Release_Debug|Win32
		{C2940AF0-8D99-4F53-B2E6-478B26D50E8B}.KR_Debug|x86.Build.0 = KR_Release_Debug|Win32
		{C2940AF0-8D99-4F53-B2E6-478B26D50E8B}.KR_Release_Debug|x86.ActiveCfg = KR_Release_Debug|Win32
		{C2940AF0-8D99-4F53-B2E6-478B26D50E8B}.KR_Release_Debug|x86.Build.0 = KR_Release_Debug|Win32
		{C2940AF0-8D99-4F53-B2E6-478B26D50E8B}.KR_Release_GM|x86.ActiveCfg = KR_Release_GM|Win32
		{C2940AF0-8D99-4F53-B2E6-478B26D50E8B}.KR_Release_GM|x86.Build.0 = KR_Release_GM|Win32
		{C2940AF0-8D99-4F53-B2E6-478B26D50E8B}.KR_Release|x86.ActiveCfg = KR_Release|Win32
		{C2940AF0-8D99-4F53-B2E6-478B26D50E8B}.KR_Release|x86.Build.0 = KR_Release|Win32
		{C2940AF0-8D99-4F53-B2E6-478B26D50E8B}.KR_Test_Release_Debug|x86.ActiveCfg = KR_Release_Debug|Win32
		{C2940AF0-8D99-4F53-B2E6-478B26D50E8B}.KR_Test_Release_Debug|x86.Build.0 = KR_Release_Debug|Win32
		{C2940AF0-8D99-4F53-B2E6-478B26D50E8B}.KR_Test_Release_GM|x86.ActiveCfg = KR_Release_Debug|Win32
		{C2940AF0-8D99-4F53-B2E6-478B26D50E8B}.KR_Test_Release_GM|x86.Build.0 = KR_Release_Debug|Win32
		{C2940AF0-8D99-4F53-B2E6-478B26D50E8B}.KR_Test_Release|x86.ActiveCfg = KR_Release_Debug|Win32
		{C2940AF0-8D99-4F53-B2E6-478B26D50E8B}.KR_Test_Release|x86.Build.0 = KR_Release_Debug|Win32
		{C2940AF0-8D99-4F53-B2E6-478B26D50E8B}.Release_include_debugging_information|x86.ActiveCfg = KR_Release_Debug|Win32
		{C2940AF0-8D99-4F53-B2E6-478B26D50E8B}.Release_include_debugging_information|x86.Build.0 = KR_Release_Debug|Win32
		{C2940AF0-8D99-4F53-B2E6-478B26D50E8B}.Release|x86.ActiveCfg = KR_Release_Debug|Win32
		{C2940AF0-8D99-4F53-B2E6-478B26D50E8B}.Release|x86.Build.0 = KR_Release_Debug|Win32
		{C2940AF0-8D99-4F53-B2E6-478B26D50E8B}.RS_Debug|x86.ActiveCfg = KR_Release_Debug|Win32
		{C2940AF0-8D99-4F53-B2E6-478B26D50E8B}.RS_Debug|x86.Build.0 = KR_Release_Debug|Win32
		{C2940AF0-8D99-4F53-B2E6-478B26D50E8B}.RS_Release_Debug|x86.ActiveCfg = KR_Release_Debug|Win32
		{C2940AF0-8D99-4F53-B2E6-478B26D50E8B}.RS_Release_Debug|x86.Build.0 = KR_Release_Debug|Win32
		{C2940AF0-8D99-4F53-B2E6-478B26D50E8B}.RS_Release_GM|x86.ActiveCfg = KR_Release_Debug|Win32
		{C2940AF0-8D99-4F53-B2E6-478B26D50E8B}.RS_Release_GM|x86.Build.0 = KR_Release_Debug|Win32
		{C2940AF0-8D99-4F53-B2E6-478B26D50E8B}.RS_Release|x86.ActiveCfg = KR_Release_Debug|Win32
		{C2940AF0-8D99-4F53-B2E6-478B26D50E8B}.RS_Release|x86.Build.0 = KR_Release_Debug|Win32
		{C2940AF0-8D99-4F53-B2E6-478B26D50E8B}.Template|x86.ActiveCfg = KR_Release_Debug|Win32
		{C2940AF0-8D99-4F53-B2E6-478B26D50E8B}.Template|x86.Build.0 = KR_Release_Debug|Win32
		{C2940AF0-8D99-4F53-B2E6-478B26D50E8B}.test_Debug|x86.ActiveCfg = KR_Release_Debug|Win32
		{C2940AF0-8D99-4F53-B2E6-478B26D50E8B}.test_Debug|x86.Build.0 = KR_Release_Debug|Win32
		{C2940AF0-8D99-4F53-B2E6-478B26D50E8B}.test_Release|x86.ActiveCfg = KR_Release_Debug|Win32
		{C2940AF0-8D99-4F53-B2E6-478B26D50E8B}.test_Release|x86.Build.0 = KR_Release_Debug|Win32
		{C2940AF0-8D99-4F53-B2E6-478B26D50E8B}.TH_Debug|x86.ActiveCfg = KR_Release_Debug|Win32
		{C2940AF0-8D99-4F53-B2E6-478B26D50E8B}.TH_Debug|x86.Build.0 = KR_Release_Debug|Win32
		{C2940AF0-8D99-4F53-B2E6-478B26D50E8B}.TH_Release_Debug|x86.ActiveCfg = KR_Release_Debug|Win32
		{C2940AF0-8D99-4F53-B2E6-478B26D50E8B}.TH_Release_Debug|x86.Build.0 = KR_Release_Debug|Win32
		{C2940AF0-8D99-4F53-B2E6-478B26D50E8B}.TH_Release_GM|x86.ActiveCfg = KR_Release_Debug|Win32
		{C2940AF0-8D99-4F53-B2E6-478B26D50E8B}.TH_Release_GM|x86.Build.0 = KR_Release_Debug|Win32
		{C2940AF0-8D99-4F53-B2E6-478B26D50E8B}.TH_Release|x86.ActiveCfg = KR_Release_Debug|Win32
		{C2940AF0-8D99-4F53-B2E6-478B26D50E8B}.TH_Release|x86.Build.0 = KR_Release_Debug|Win32
		{C2940AF0-8D99-4F53-B2E6-478B26D50E8B}.TW_Debug|x86.ActiveCfg = KR_Release_Debug|Win32
		{C2940AF0-8D99-4F53-B2E6-478B26D50E8B}.TW_Debug|x86.Build.0 = KR_Release_Debug|Win32
		{C2940AF0-8D99-4F53-B2E6-478B26D50E8B}.TW_Release_Debug|x86.ActiveCfg = KR_Release_Debug|Win32
		{C2940AF0-8D99-4F53-B2E6-478B26D50E8B}.TW_Release_Debug|x86.Build.0 = KR_Release_Debug|Win32
		{C2940AF0-8D99-4F53-B2E6-478B26D50E8B}.TW_Release_GM|x86.ActiveCfg = KR_Release_Debug|Win32
		{C2940AF0-8D99-4F53-B2E6-478B26D50E8B}.TW_Release_GM|x86.Build.0 = KR_Release_Debug|Win32
		{C2940AF0-8D99-4F53-B2E6-478B26D50E8B}.TW_Release|x86.ActiveCfg = KR_Release_Debug|Win32
		{C2940AF0-8D99-4F53-B2E6-478B26D50E8B}.TW_Release|x86.Build.0 = KR_Release_Debug|Win32
		{C2940AF0-8D99-4F53-B2E6-478B26D50E8B}.US_Debug|x86.ActiveCfg = KR_Release_Debug|Win32
		{C2940AF0-8D99-4F53-B2E6-478B26D50E8B}.US_Debug|x86.Build.0 = KR_Release_Debug|Win32
		{C2940AF0-8D99-4F53-B2E6-478B26D50E8B}.US_Release_Debug|x86.ActiveCfg = KR_Release_Debug|Win32
		{C2940AF0-8D99-4F53-B2E6-478B26D50E8B}.US_Release_Debug|x86.Build.0 = KR_Release_Debug|Win32
		{C2940AF0-8D99-4F53-B2E6-478B26D50E8B}.US_Release_GM|x86.ActiveCfg = KR_Release_Debug|Win32
		{C2940AF0-8D99-4F53-B2E6-478B26D50E8B}.US_Release_GM|x86.Build.0 = KR_Release_Debug|Win32
		{C2940AF0-8D99-4F53-B2E6-478B26D50E8B}.US_Release|x86.ActiveCfg = KR_Release_Debug|Win32
		{C2940AF0-8D99-4F53-B2E6-478B26D50E8B}.US_Release|x86.Build.0 = KR_Release_Debug|Win32
		{C2940AF0-8D99-4F53-B2E6-478B26D50E8B}.VN_Debug|x86.ActiveCfg = KR_Release_Debug|Win32
		{C2940AF0-8D99-4F53-B2E6-478B26D50E8B}.VN_Debug|x86.Build.0 = KR_Release_Debug|Win32
		{C2940AF0-8D99-4F53-B2E6-478B26D50E8B}.VN_Release_Debug|x86.ActiveCfg = KR_Release_Debug|Win32
		{C2940AF0-8D99-4F53-B2E6-478B26D50E8B}.VN_Release_Debug|x86.Build.0 = KR_Release_Debug|Win32
		{C2940AF0-8D99-4F53-B2E6-478B26D50E8B}.VN_Release_GM|x86.ActiveCfg = KR_Release_Debug|Win32
		{C2940AF0-8D99-4F53-B2E6-478B26D50E8B}.VN_Release_GM|x86.Build.0 = KR_Release_Debug|Win32
		{C2940AF0-8D99-4F53-B2E6-478B26D50E8B}.VN_Release|x86.ActiveCfg = KR_Release_Debug|Win32
		{C2940AF0-8D99-4F53-B2E6-478B26D50E8B}.VN_Release|x86.Build.0 = KR_Release_Debug|Win32
		{8CE3C0D2-C217-42C2-B6F2-B1C44D054E42}.CN_Debug|x86.ActiveCfg = Debug|Win32
		{8CE3C0D2-C217-42C2-B6F2-B1C44D054E42}.CN_Debug|x86.Build.0 = Debug|Win32
		{8CE3C0D2-C217-42C2-B6F2-B1C44D054E42}.CN_Release_Debug|x86.ActiveCfg = Release|Win32
		{8CE3C0D2-C217-42C2-B6F2-B1C44D054E42}.CN_Release_Debug|x86.Build.0 = Release|Win32
		{8CE3C0D2-C217-42C2-B6F2-B1C44D054E42}.CN_Release_GM|x86.ActiveCfg = Release|Win32
		{8CE3C0D2-C217-42C2-B6F2-B1C44D054E42}.CN_Release_GM|x86.Build.0 = Release|Win32
		{8CE3C0D2-C217-42C2-B6F2-B1C44D054E42}.CN_Release|x86.ActiveCfg = Release|Win32
		{8CE3C0D2-C217-42C2-B6F2-B1C44D054E42}.CN_Release|x86.Build.0 = Release|Win32
		{8CE3C0D2-C217-42C2-B6F2-B1C44D054E42}.Debug|x86.ActiveCfg = Debug|Win32
		{8CE3C0D2-C217-42C2-B6F2-B1C44D054E42}.Debug|x86.Build.0 = Debug|Win32
		{8CE3C0D2-C217-42C2-B6F2-B1C44D054E42}.JP_Debug|x86.ActiveCfg = Debug|Win32
		{8CE3C0D2-C217-42C2-B6F2-B1C44D054E42}.JP_Debug|x86.Build.0 = Debug|Win32
		{8CE3C0D2-C217-42C2-B6F2-B1C44D054E42}.JP_Release_Debug|x86.ActiveCfg = Release|Win32
		{8CE3C0D2-C217-42C2-B6F2-B1C44D054E42}.JP_Release_Debug|x86.Build.0 = Release|Win32
		{8CE3C0D2-C217-42C2-B6F2-B1C44D054E42}.JP_Release_GM|x86.ActiveCfg = Release|Win32
		{8CE3C0D2-C217-42C2-B6F2-B1C44D054E42}.JP_Release_GM|x86.Build.0 = Release|Win32
		{8CE3C0D2-C217-42C2-B6F2-B1C44D054E42}.JP_Release|x86.ActiveCfg = Release|Win32
		{8CE3C0D2-C217-42C2-B6F2-B1C44D054E42}.JP_Release|x86.Build.0 = Release|Win32
		{8CE3C0D2-C217-42C2-B6F2-B1C44D054E42}.KR_Debug|x86.ActiveCfg = Debug|Win32
		{8CE3C0D2-C217-42C2-B6F2-B1C44D054E42}.KR_Debug|x86.Build.0 = Debug|Win32
		{8CE3C0D2-C217-42C2-B6F2-B1C44D054E42}.KR_Release_Debug|x86.ActiveCfg = Release|Win32
		{8CE3C0D2-C217-42C2-B6F2-B1C44D054E42}.KR_Release_Debug|x86.Build.0 = Release|Win32
		{8CE3C0D2-C217-42C2-B6F2-B1C44D054E42}.KR_Release_GM|x86.ActiveCfg = Release|Win32
		{8CE3C0D2-C217-42C2-B6F2-B1C44D054E42}.KR_Release_GM|x86.Build.0 = Release|Win32
		{8CE3C0D2-C217-42C2-B6F2-B1C44D054E42}.KR_Release|x86.ActiveCfg = Release|Win32
		{8CE3C0D2-C217-42C2-B6F2-B1C44D054E42}.KR_Release|x86.Build.0 = Release|Win32
		{8CE3C0D2-C217-42C2-B6F2-B1C44D054E42}.KR_Test_Release_Debug|x86.ActiveCfg = Release|Win32
		{8CE3C0D2-C217-42C2-B6F2-B1C44D054E42}.KR_Test_Release_Debug|x86.Build.0 = Release|Win32
		{8CE3C0D2-C217-42C2-B6F2-B1C44D054E42}.KR_Test_Release_GM|x86.ActiveCfg = Release|Win32
		{8CE3C0D2-C217-42C2-B6F2-B1C44D054E42}.KR_Test_Release_GM|x86.Build.0 = Release|Win32
		{8CE3C0D2-C217-42C2-B6F2-B1C44D054E42}.KR_Test_Release|x86.ActiveCfg = Release|Win32
		{8CE3C0D2-C217-42C2-B6F2-B1C44D054E42}.KR_Test_Release|x86.Build.0 = Release|Win32
		{8CE3C0D2-C217-42C2-B6F2-B1C44D054E42}.Release_include_debugging_information|x86.ActiveCfg = Release|Win32
		{8CE3C0D2-C217-42C2-B6F2-B1C44D054E42}.Release_include_debugging_information|x86.Build.0 = Release|Win32
		{8CE3C0D2-C217-42C2-B6F2-B1C44D054E42}.Release|x86.ActiveCfg = Release|Win32
		{8CE3C0D2-C217-42C2-B6F2-B1C44D054E42}.Release|x86.Build.0 = Release|Win32
		{8CE3C0D2-C217-42C2-B6F2-B1C44D054E42}.RS_Debug|x86.ActiveCfg = Debug|Win32
		{8CE3C0D2-C217-42C2-B6F2-B1C44D054E42}.RS_Debug|x86.Build.0 = Debug|Win32
		{8CE3C0D2-C217-42C2-B6F2-B1C44D054E42}.RS_Release_Debug|x86.ActiveCfg = Release|Win32
		{8CE3C0D2-C217-42C2-B6F2-B1C44D054E42}.RS_Release_Debug|x86.Build.0 = Release|Win32
		{8CE3C0D2-C217-42C2-B6F2-B1C44D054E42}.RS_Release_GM|x86.ActiveCfg = Release|Win32
		{8CE3C0D2-C217-42C2-B6F2-B1C44D054E42}.RS_Release_GM|x86.Build.0 = Release|Win32
		{8CE3C0D2-C217-42C2-B6F2-B1C44D054E42}.RS_Release|x86.ActiveCfg = Release|Win32
		{8CE3C0D2-C217-42C2-B6F2-B1C44D054E42}.RS_Release|x86.Build.0 = Release|Win32
		{8CE3C0D2-C217-42C2-B6F2-B1C44D054E42}.Template|x86.ActiveCfg = Template|Win32
		{8CE3C0D2-C217-42C2-B6F2-B1C44D054E42}.Template|x86.Build.0 = Template|Win32
		{8CE3C0D2-C217-42C2-B6F2-B1C44D054E42}.test_Debug|x86.ActiveCfg = Debug|Win32
		{8CE3C0D2-C217-42C2-B6F2-B1C44D054E42}.test_Debug|x86.Build.0 = Debug|Win32
		{8CE3C0D2-C217-42C2-B6F2-B1C44D054E42}.test_Release|x86.ActiveCfg = Release|Win32
		{8CE3C0D2-C217-42C2-B6F2-B1C44D054E42}.test_Release|x86.Build.0 = Release|Win32
		{8CE3C0D2-C217-42C2-B6F2-B1C44D054E42}.TH_Debug|x86.ActiveCfg = Debug|Win32
		{8CE3C0D2-C217-42C2-B6F2-B1C44D054E42}.TH_Debug|x86.Build.0 = Debug|Win32
		{8CE3C0D2-C217-42C2-B6F2-B1C44D054E42}.TH_Release_Debug|x86.ActiveCfg = Release|Win32
		{8CE3C0D2-C217-42C2-B6F2-B1C44D054E42}.TH_Release_Debug|x86.Build.0 = Release|Win32
		{8CE3C0D2-C217-42C2-B6F2-B1C44D054E42}.TH_Release_GM|x86.ActiveCfg = Release|Win32
		{8CE3C0D2-C217-42C2-B6F2-B1C44D054E42}.TH_Release_GM|x86.Build.0 = Release|Win32
		{8CE3C0D2-C217-42C2-B6F2-B1C44D054E42}.TH_Release|x86.ActiveCfg = Release|Win32
		{8CE3C0D2-C217-42C2-B6F2-B1C44D054E42}.TH_Release|x86.Build.0 = Release|Win32
		{8CE3C0D2-C217-42C2-B6F2-B1C44D054E42}.TW_Debug|x86.ActiveCfg = Debug|Win32
		{8CE3C0D2-C217-42C2-B6F2-B1C44D054E42}.TW_Debug|x86.Build.0 = Debug|Win32
		{8CE3C0D2-C217-42C2-B6F2-B1C44D054E42}.TW_Release_Debug|x86.ActiveCfg = Release|Win32
		{8CE3C0D2-C217-42C2-B6F2-B1C44D054E42}.TW_Release_Debug|x86.Build.0 = Release|Win32
		{8CE3C0D2-C217-42C2-B6F2-B1C44D054E42}.TW_Release_GM|x86.ActiveCfg = Release|Win32
		{8CE3C0D2-C217-42C2-B6F2-B1C44D054E42}.TW_Release_GM|x86.Build.0 = Release|Win32
		{8CE3C0D2-C217-42C2-B6F2-B1C44D054E42}.TW_Release|x86.ActiveCfg = Release|Win32
		{8CE3C0D2-C217-42C2-B6F2-B1C44D054E42}.TW_Release|x86.Build.0 = Release|Win32
		{8CE3C0D2-C217-42C2-B6F2-B1C44D054E42}.US_Debug|x86.ActiveCfg = Debug|Win32
		{8CE3C0D2-C217-42C2-B6F2-B1C44D054E42}.US_Debug|x86.Build.0 = Debug|Win32
		{8CE3C0D2-C217-42C2-B6F2-B1C44D054E42}.US_Release_Debug|x86.ActiveCfg = Release|Win32
		{8CE3C0D2-C217-42C2-B6F2-B1C44D054E42}.US_Release_Debug|x86.Build.0 = Release|Win32
		{8CE3C0D2-C217-42C2-B6F2-B1C44D054E42}.US_Release_GM|x86.ActiveCfg = Release|Win32
		{8CE3C0D2-C217-42C2-B6F2-B1C44D054E42}.US_Release_GM|x86.Build.0 = Release|Win32
		{8CE3C0D2-C217-42C2-B6F2-B1C44D054E42}.US_Release|x86.ActiveCfg = Release|Win32
		{8CE3C0D2-C217-42C2-B6F2-B1C44D054E42}.US_Release|x86.Build.0 = Release|Win32
		{8CE3C0D2-C217-42C2-B6F2-B1C44D054E42}.VN_Debug|x86.ActiveCfg = Debug|Win32
		{8CE3C0D2-C217-42C2-B6F2-B1C44D054E42}.VN_Debug|x86.Build.0 = Debug|Win32
		{8CE3C0D2-C217-42C2-B6F2-B1C44D054E42}.VN_Release_Debug|x86.ActiveCfg = Release|Win32
		{8CE3C0D2-C217-42C2-B6F2-B1C44D054E42}.VN_Release_Debug|x86.Build.0 = Release|Win32
		{8CE3C0D2-C217-42C2-B6F2-B1C44D054E42}.VN_Release_GM|x86.ActiveCfg = Release|Win32
		{8CE3C0D2-C217-42C2-B6F2-B1C44D054E42}.VN_Release_GM|x86.Build.0 = Release|Win32
		{8CE3C0D2-C217-42C2-B6F2-B1C44D054E42}.VN_Release|x86.ActiveCfg = Release|Win32
		{8CE3C0D2-C217-42C2-B6F2-B1C44D054E42}.VN_Release|x86.Build.0 = Release|Win32
		{80C45CD1-845E-468B-A9F9-F01F6D6303FE}.CN_Debug|x86.ActiveCfg = CN_Debug|Win32
		{80C45CD1-845E-468B-A9F9-F01F6D6303FE}.CN_Debug|x86.Build.0 = CN_Debug|Win32
		{80C45CD1-845E-468B-A9F9-F01F6D6303FE}.CN_Release_Debug|x86.ActiveCfg = CN_Release_Debug|Win32
		{80C45CD1-845E-468B-A9F9-F01F6D6303FE}.CN_Release_Debug|x86.Build.0 = CN_Release_Debug|Win32
		{80C45CD1-845E-468B-A9F9-F01F6D6303FE}.CN_Release_GM|x86.ActiveCfg = CN_Release_GM|Win32
		{80C45CD1-845E-468B-A9F9-F01F6D6303FE}.CN_Release_GM|x86.Build.0 = CN_Release_GM|Win32
		{80C45CD1-845E-468B-A9F9-F01F6D6303FE}.CN_Release|x86.ActiveCfg = CN_Release|Win32
		{80C45CD1-845E-468B-A9F9-F01F6D6303FE}.CN_Release|x86.Build.0 = CN_Release|Win32
		{80C45CD1-845E-468B-A9F9-F01F6D6303FE}.Debug|x86.ActiveCfg = JP_Debug|Win32
		{80C45CD1-845E-468B-A9F9-F01F6D6303FE}.Debug|x86.Build.0 = JP_Debug|Win32
		{80C45CD1-845E-468B-A9F9-F01F6D6303FE}.JP_Debug|x86.ActiveCfg = JP_Debug|Win32
		{80C45CD1-845E-468B-A9F9-F01F6D6303FE}.JP_Debug|x86.Build.0 = JP_Debug|Win32
		{80C45CD1-845E-468B-A9F9-F01F6D6303FE}.JP_Release_Debug|x86.ActiveCfg = JP_Release_Debug|Win32
		{80C45CD1-845E-468B-A9F9-F01F6D6303FE}.JP_Release_Debug|x86.Build.0 = JP_Release_Debug|Win32
		{80C45CD1-845E-468B-A9F9-F01F6D6303FE}.JP_Release_GM|x86.ActiveCfg = JP_Release_GM|Win32
		{80C45CD1-845E-468B-A9F9-F01F6D6303FE}.JP_Release_GM|x86.Build.0 = JP_Release_GM|Win32
		{80C45CD1-845E-468B-A9F9-F01F6D6303FE}.JP_Release|x86.ActiveCfg = JP_Release|Win32
		{80C45CD1-845E-468B-A9F9-F01F6D6303FE}.JP_Release|x86.Build.0 = JP_Release|Win32
		{80C45CD1-845E-468B-A9F9-F01F6D6303FE}.KR_Debug|x86.ActiveCfg = KR_Debug|Win32
		{80C45CD1-845E-468B-A9F9-F01F6D6303FE}.KR_Debug|x86.Build.0 = KR_Debug|Win32
		{80C45CD1-845E-468B-A9F9-F01F6D6303FE}.KR_Release_Debug|x86.ActiveCfg = KR_Release_Debug|Win32
		{80C45CD1-845E-468B-A9F9-F01F6D6303FE}.KR_Release_Debug|x86.Build.0 = KR_Release_Debug|Win32
		{80C45CD1-845E-468B-A9F9-F01F6D6303FE}.KR_Release_GM|x86.ActiveCfg = KR_Release_GM|Win32
		{80C45CD1-845E-468B-A9F9-F01F6D6303FE}.KR_Release_GM|x86.Build.0 = KR_Release_GM|Win32
		{80C45CD1-845E-468B-A9F9-F01F6D6303FE}.KR_Release|x86.ActiveCfg = KR_Release|Win32
		{80C45CD1-845E-468B-A9F9-F01F6D6303FE}.KR_Release|x86.Build.0 = KR_Release|Win32
		{80C45CD1-845E-468B-A9F9-F01F6D6303FE}.KR_Test_Release_Debug|x86.ActiveCfg = KR_Release_Debug|Win32
		{80C45CD1-845E-468B-A9F9-F01F6D6303FE}.KR_Test_Release_Debug|x86.Build.0 = KR_Release_Debug|Win32
		{80C45CD1-845E-468B-A9F9-F01F6D6303FE}.KR_Test_Release_GM|x86.ActiveCfg = KR_Release_Debug|Win32
		{80C45CD1-845E-468B-A9F9-F01F6D6303FE}.KR_Test_Release_GM|x86.Build.0 = KR_Release_Debug|Win32
		{80C45CD1-845E-468B-A9F9-F01F6D6303FE}.KR_Test_Release|x86.ActiveCfg = KR_Release_Debug|Win32
		{80C45CD1-845E-468B-A9F9-F01F6D6303FE}.KR_Test_Release|x86.Build.0 = KR_Release_Debug|Win32
		{80C45CD1-845E-468B-A9F9-F01F6D6303FE}.Release_include_debugging_information|x86.ActiveCfg = RS_Release|Win32
		{80C45CD1-845E-468B-A9F9-F01F6D6303FE}.Release_include_debugging_information|x86.Build.0 = RS_Release|Win32
		{80C45CD1-845E-468B-A9F9-F01F6D6303FE}.Release|x86.ActiveCfg = RS_Release|Win32
		{80C45CD1-845E-468B-A9F9-F01F6D6303FE}.Release|x86.Build.0 = RS_Release|Win32
		{80C45CD1-845E-468B-A9F9-F01F6D6303FE}.RS_Debug|x86.ActiveCfg = RS_Debug|Win32
		{80C45CD1-845E-468B-A9F9-F01F6D6303FE}.RS_Debug|x86.Build.0 = RS_Debug|Win32
		{80C45CD1-845E-468B-A9F9-F01F6D6303FE}.RS_Release_Debug|x86.ActiveCfg = RS_Release_Debug|Win32
		{80C45CD1-845E-468B-A9F9-F01F6D6303FE}.RS_Release_Debug|x86.Build.0 = RS_Release_Debug|Win32
		{80C45CD1-845E-468B-A9F9-F01F6D6303FE}.RS_Release_GM|x86.ActiveCfg = RS_Release_GM|Win32
		{80C45CD1-845E-468B-A9F9-F01F6D6303FE}.RS_Release_GM|x86.Build.0 = RS_Release_GM|Win32
		{80C45CD1-845E-468B-A9F9-F01F6D6303FE}.RS_Release|x86.ActiveCfg = RS_Release|Win32
		{80C45CD1-845E-468B-A9F9-F01F6D6303FE}.RS_Release|x86.Build.0 = RS_Release|Win32
		{80C45CD1-845E-468B-A9F9-F01F6D6303FE}.Template|x86.ActiveCfg = Template|Win32
		{80C45CD1-845E-468B-A9F9-F01F6D6303FE}.Template|x86.Build.0 = Template|Win32
		{80C45CD1-845E-468B-A9F9-F01F6D6303FE}.test_Debug|x86.ActiveCfg = Template|Win32
		{80C45CD1-845E-468B-A9F9-F01F6D6303FE}.test_Debug|x86.Build.0 = Template|Win32
		{80C45CD1-845E-468B-A9F9-F01F6D6303FE}.test_Release|x86.ActiveCfg = Template|Win32
		{80C45CD1-845E-468B-A9F9-F01F6D6303FE}.test_Release|x86.Build.0 = Template|Win32
		{80C45CD1-845E-468B-A9F9-F01F6D6303FE}.TH_Debug|x86.ActiveCfg = TH_Debug|Win32
		{80C45CD1-845E-468B-A9F9-F01F6D6303FE}.TH_Debug|x86.Build.0 = TH_Debug|Win32
		{80C45CD1-845E-468B-A9F9-F01F6D6303FE}.TH_Release_Debug|x86.ActiveCfg = TH_Release_Debug|Win32
		{80C45CD1-845E-468B-A9F9-F01F6D6303FE}.TH_Release_Debug|x86.Build.0 = TH_Release_Debug|Win32
		{80C45CD1-845E-468B-A9F9-F01F6D6303FE}.TH_Release_GM|x86.ActiveCfg = TH_Release_GM|Win32
		{80C45CD1-845E-468B-A9F9-F01F6D6303FE}.TH_Release_GM|x86.Build.0 = TH_Release_GM|Win32
		{80C45CD1-845E-468B-A9F9-F01F6D6303FE}.TH_Release|x86.ActiveCfg = TH_Release|Win32
		{80C45CD1-845E-468B-A9F9-F01F6D6303FE}.TH_Release|x86.Build.0 = TH_Release|Win32
		{80C45CD1-845E-468B-A9F9-F01F6D6303FE}.TW_Debug|x86.ActiveCfg = TW_Debug|Win32
		{80C45CD1-845E-468B-A9F9-F01F6D6303FE}.TW_Debug|x86.Build.0 = TW_Debug|Win32
		{80C45CD1-845E-468B-A9F9-F01F6D6303FE}.TW_Release_Debug|x86.ActiveCfg = TW_Release_Debug|Win32
		{80C45CD1-845E-468B-A9F9-F01F6D6303FE}.TW_Release_Debug|x86.Build.0 = TW_Release_Debug|Win32
		{80C45CD1-845E-468B-A9F9-F01F6D6303FE}.TW_Release_GM|x86.ActiveCfg = TW_Release_GM|Win32
		{80C45CD1-845E-468B-A9F9-F01F6D6303FE}.TW_Release_GM|x86.Build.0 = TW_Release_GM|Win32
		{80C45CD1-845E-468B-A9F9-F01F6D6303FE}.TW_Release|x86.ActiveCfg = TW_Release|Win32
		{80C45CD1-845E-468B-A9F9-F01F6D6303FE}.TW_Release|x86.Build.0 = TW_Release|Win32
		{80C45CD1-845E-468B-A9F9-F01F6D6303FE}.US_Debug|x86.ActiveCfg = US_Debug|Win32
		{80C45CD1-845E-468B-A9F9-F01F6D6303FE}.US_Debug|x86.Build.0 = US_Debug|Win32
		{80C45CD1-845E-468B-A9F9-F01F6D6303FE}.US_Release_Debug|x86.ActiveCfg = US_Release_Debug|Win32
		{80C45CD1-845E-468B-A9F9-F01F6D6303FE}.US_Release_Debug|x86.Build.0 = US_Release_Debug|Win32
		{80C45CD1-845E-468B-A9F9-F01F6D6303FE}.US_Release_GM|x86.ActiveCfg = US_Release_GM|Win32
		{80C45CD1-845E-468B-A9F9-F01F6D6303FE}.US_Release_GM|x86.Build.0 = US_Release_GM|Win32
		{80C45CD1-845E-468B-A9F9-F01F6D6303FE}.US_Release|x86.ActiveCfg = US_Release|Win32
		{80C45CD1-845E-468B-A9F9-F01F6D6303FE}.US_Release|x86.Build.0 = US_Release|Win32
		{80C45CD1-845E-468B-A9F9-F01F6D6303FE}.VN_Debug|x86.ActiveCfg = VN_Debug|Win32
		{80C45CD1-845E-468B-A9F9-F01F6D6303FE}.VN_Debug|x86.Build.0 = VN_Debug|Win32
		{80C45CD1-845E-468B-A9F9-F01F6D6303FE}.VN_Release_Debug|x86.ActiveCfg = VN_Release_Debug|Win32
		{80C45CD1-845E-468B-A9F9-F01F6D6303FE}.VN_Release_Debug|x86.Build.0 = VN_Release_Debug|Win32
		{80C45CD1-845E-468B-A9F9-F01F6D6303FE}.VN_Release_GM|x86.ActiveCfg = VN_Release_GM|Win32
		{80C45CD1-845E-468B-A9F9-F01F6D6303FE}.VN_Release_GM|x86.Build.0 = VN_Release_GM|Win32
		{80C45CD1-845E-468B-A9F9-F01F6D6303FE}.VN_Release|x86.ActiveCfg = VN_Release|Win32
		{80C45CD1-845E-468B-A9F9-F01F6D6303FE}.VN_Release|x86.Build.0 = VN_Release|Win32
		{4118AF65-84D8-480B-83DA-5B07D2B14B57}.CN_Debug|x86.ActiveCfg = Debug|Win32
		{4118AF65-84D8-480B-83DA-5B07D2B14B57}.CN_Debug|x86.Build.0 = Debug|Win32
		{4118AF65-84D8-480B-83DA-5B07D2B14B57}.CN_Release_Debug|x86.ActiveCfg = Release|Win32
		{4118AF65-84D8-480B-83DA-5B07D2B14B57}.CN_Release_Debug|x86.Build.0 = Release|Win32
		{4118AF65-84D8-480B-83DA-5B07D2B14B57}.CN_Release_GM|x86.ActiveCfg = Release|Win32
		{4118AF65-84D8-480B-83DA-5B07D2B14B57}.CN_Release_GM|x86.Build.0 = Release|Win32
		{4118AF65-84D8-480B-83DA-5B07D2B14B57}.CN_Release|x86.ActiveCfg = Release|Win32
		{4118AF65-84D8-480B-83DA-5B07D2B14B57}.CN_Release|x86.Build.0 = Release|Win32
		{4118AF65-84D8-480B-83DA-5B07D2B14B57}.Debug|x86.ActiveCfg = Debug|Win32
		{4118AF65-84D8-480B-83DA-5B07D2B14B57}.Debug|x86.Build.0 = Debug|Win32
		{4118AF65-84D8-480B-83DA-5B07D2B14B57}.JP_Debug|x86.ActiveCfg = Debug|Win32
		{4118AF65-84D8-480B-83DA-5B07D2B14B57}.JP_Debug|x86.Build.0 = Debug|Win32
		{4118AF65-84D8-480B-83DA-5B07D2B14B57}.JP_Release_Debug|x86.ActiveCfg = Release|Win32
		{4118AF65-84D8-480B-83DA-5B07D2B14B57}.JP_Release_Debug|x86.Build.0 = Release|Win32
		{4118AF65-84D8-480B-83DA-5B07D2B14B57}.JP_Release_GM|x86.ActiveCfg = Release|Win32
		{4118AF65-84D8-480B-83DA-5B07D2B14B57}.JP_Release_GM|x86.Build.0 = Release|Win32
		{4118AF65-84D8-480B-83DA-5B07D2B14B57}.JP_Release|x86.ActiveCfg = Release|Win32
		{4118AF65-84D8-480B-83DA-5B07D2B14B57}.JP_Release|x86.Build.0 = Release|Win32
		{4118AF65-84D8-480B-83DA-5B07D2B14B57}.KR_Debug|x86.ActiveCfg = Debug|Win32
		{4118AF65-84D8-480B-83DA-5B07D2B14B57}.KR_Debug|x86.Build.0 = Debug|Win32
		{4118AF65-84D8-480B-83DA-5B07D2B14B57}.KR_Release_Debug|x86.ActiveCfg = Release|Win32
		{4118AF65-84D8-480B-83DA-5B07D2B14B57}.KR_Release_Debug|x86.Build.0 = Release|Win32
		{4118AF65-84D8-480B-83DA-5B07D2B14B57}.KR_Release_GM|x86.ActiveCfg = Release|Win32
		{4118AF65-84D8-480B-83DA-5B07D2B14B57}.KR_Release_GM|x86.Build.0 = Release|Win32
		{4118AF65-84D8-480B-83DA-5B07D2B14B57}.KR_Release|x86.ActiveCfg = Release|Win32
		{4118AF65-84D8-480B-83DA-5B07D2B14B57}.KR_Release|x86.Build.0 = Release|Win32
		{4118AF65-84D8-480B-83DA-5B07D2B14B57}.KR_Test_Release_Debug|x86.ActiveCfg = Release|Win32
		{4118AF65-84D8-480B-83DA-5B07D2B14B57}.KR_Test_Release_Debug|x86.Build.0 = Release|Win32
		{4118AF65-84D8-480B-83DA-5B07D2B14B57}.KR_Test_Release_GM|x86.ActiveCfg = Release|Win32
		{4118AF65-84D8-480B-83DA-5B07D2B14B57}.KR_Test_Release_GM|x86.Build.0 = Release|Win32
		{4118AF65-84D8-480B-83DA-5B07D2B14B57}.KR_Test_Release|x86.ActiveCfg = Release|Win32
		{4118AF65-84D8-480B-83DA-5B07D2B14B57}.KR_Test_Release|x86.Build.0 = Release|Win32
		{4118AF65-84D8-480B-83DA-5B07D2B14B57}.Release_include_debugging_information|x86.ActiveCfg = Release|Win32
		{4118AF65-84D8-480B-83DA-5B07D2B14B57}.Release_include_debugging_information|x86.Build.0 = Release|Win32
		{4118AF65-84D8-480B-83DA-5B07D2B14B57}.Release|x86.ActiveCfg = Release|Win32
		{4118AF65-84D8-480B-83DA-5B07D2B14B57}.Release|x86.Build.0 = Release|Win32
		{4118AF65-84D8-480B-83DA-5B07D2B14B57}.RS_Debug|x86.ActiveCfg = Debug|Win32
		{4118AF65-84D8-480B-83DA-5B07D2B14B57}.RS_Debug|x86.Build.0 = Debug|Win32
		{4118AF65-84D8-480B-83DA-5B07D2B14B57}.RS_Release_Debug|x86.ActiveCfg = Release|Win32
		{4118AF65-84D8-480B-83DA-5B07D2B14B57}.RS_Release_Debug|x86.Build.0 = Release|Win32
		{4118AF65-84D8-480B-83DA-5B07D2B14B57}.RS_Release_GM|x86.ActiveCfg = Release|Win32
		{4118AF65-84D8-480B-83DA-5B07D2B14B57}.RS_Release_GM|x86.Build.0 = Release|Win32
		{4118AF65-84D8-480B-83DA-5B07D2B14B57}.RS_Release|x86.ActiveCfg = Release|Win32
		{4118AF65-84D8-480B-83DA-5B07D2B14B57}.RS_Release|x86.Build.0 = Release|Win32
		{4118AF65-84D8-480B-83DA-5B07D2B14B57}.Template|x86.ActiveCfg = Template|Win32
		{4118AF65-84D8-480B-83DA-5B07D2B14B57}.Template|x86.Build.0 = Template|Win32
		{4118AF65-84D8-480B-83DA-5B07D2B14B57}.test_Debug|x86.ActiveCfg = Debug|Win32
		{4118AF65-84D8-480B-83DA-5B07D2B14B57}.test_Debug|x86.Build.0 = Debug|Win32
		{4118AF65-84D8-480B-83DA-5B07D2B14B57}.test_Release|x86.ActiveCfg = Release|Win32
		{4118AF65-84D8-480B-83DA-5B07D2B14B57}.test_Release|x86.Build.0 = Release|Win32
		{4118AF65-84D8-480B-83DA-5B07D2B14B57}.TH_Debug|x86.ActiveCfg = Debug|Win32
		{4118AF65-84D8-480B-83DA-5B07D2B14B57}.TH_Debug|x86.Build.0 = Debug|Win32
		{4118AF65-84D8-480B-83DA-5B07D2B14B57}.TH_Release_Debug|x86.ActiveCfg = Release|Win32
		{4118AF65-84D8-480B-83DA-5B07D2B14B57}.TH_Release_Debug|x86.Build.0 = Release|Win32
		{4118AF65-84D8-480B-83DA-5B07D2B14B57}.TH_Release_GM|x86.ActiveCfg = Release|Win32
		{4118AF65-84D8-480B-83DA-5B07D2B14B57}.TH_Release_GM|x86.Build.0 = Release|Win32
		{4118AF65-84D8-480B-83DA-5B07D2B14B57}.TH_Release|x86.ActiveCfg = Release|Win32
		{4118AF65-84D8-480B-83DA-5B07D2B14B57}.TH_Release|x86.Build.0 = Release|Win32
		{4118AF65-84D8-480B-83DA-5B07D2B14B57}.TW_Debug|x86.ActiveCfg = Debug|Win32
		{4118AF65-84D8-480B-83DA-5B07D2B14B57}.TW_Debug|x86.Build.0 = Debug|Win32
		{4118AF65-84D8-480B-83DA-5B07D2B14B57}.TW_Release_Debug|x86.ActiveCfg = Release|Win32
		{4118AF65-84D8-480B-83DA-5B07D2B14B57}.TW_Release_Debug|x86.Build.0 = Release|Win32
		{4118AF65-84D8-480B-83DA-5B07D2B14B57}.TW_Release_GM|x86.ActiveCfg = Release|Win32
		{4118AF65-84D8-480B-83DA-5B07D2B14B57}.TW_Release_GM|x86.Build.0 = Release|Win32
		{4118AF65-84D8-480B-83DA-5B07D2B14B57}.TW_Release|x86.ActiveCfg = Release|Win32
		{4118AF65-84D8-480B-83DA-5B07D2B14B57}.TW_Release|x86.Build.0 = Release|Win32
		{4118AF65-84D8-480B-83DA-5B07D2B14B57}.US_Debug|x86.ActiveCfg = Debug|Win32
		{4118AF65-84D8-480B-83DA-5B07D2B14B57}.US_Debug|x86.Build.0 = Debug|Win32
		{4118AF65-84D8-480B-83DA-5B07D2B14B57}.US_Release_Debug|x86.ActiveCfg = Release|Win32
		{4118AF65-84D8-480B-83DA-5B07D2B14B57}.US_Release_Debug|x86.Build.0 = Release|Win32
		{4118AF65-84D8-480B-83DA-5B07D2B14B57}.US_Release_GM|x86.ActiveCfg = Release|Win32
		{4118AF65-84D8-480B-83DA-5B07D2B14B57}.US_Release_GM|x86.Build.0 = Release|Win32
		{4118AF65-84D8-480B-83DA-5B07D2B14B57}.US_Release|x86.ActiveCfg = Release|Win32
		{4118AF65-84D8-480B-83DA-5B07D2B14B57}.US_Release|x86.Build.0 = Release|Win32
		{4118AF65-84D8-480B-83DA-5B07D2B14B57}.VN_Debug|x86.ActiveCfg = Debug|Win32
		{4118AF65-84D8-480B-83DA-5B07D2B14B57}.VN_Debug|x86.Build.0 = Debug|Win32
		{4118AF65-84D8-480B-83DA-5B07D2B14B57}.VN_Release_Debug|x86.ActiveCfg = Release|Win32
		{4118AF65-84D8-480B-83DA-5B07D2B14B57}.VN_Release_Debug|x86.Build.0 = Release|Win32
		{4118AF65-84D8-480B-83DA-5B07D2B14B57}.VN_Release_GM|x86.ActiveCfg = Release|Win32
		{4118AF65-84D8-480B-83DA-5B07D2B14B57}.VN_Release_GM|x86.Build.0 = Release|Win32
		{4118AF65-84D8-480B-83DA-5B07D2B14B57}.VN_Release|x86.ActiveCfg = Release|Win32
		{4118AF65-84D8-480B-83DA-5B07D2B14B57}.VN_Release|x86.Build.0 = Release|Win32
		{6AA56202-B62A-4F33-ABBB-F9D05E884535}.CN_Debug|x86.ActiveCfg = CN_Debug|Win32
		{6AA56202-B62A-4F33-ABBB-F9D05E884535}.CN_Debug|x86.Build.0 = CN_Debug|Win32
		{6AA56202-B62A-4F33-ABBB-F9D05E884535}.CN_Release_Debug|x86.ActiveCfg = CN_Release_Debug|Win32
		{6AA56202-B62A-4F33-ABBB-F9D05E884535}.CN_Release_Debug|x86.Build.0 = CN_Release_Debug|Win32
		{6AA56202-B62A-4F33-ABBB-F9D05E884535}.CN_Release_GM|x86.ActiveCfg = CN_Release_GM|Win32
		{6AA56202-B62A-4F33-ABBB-F9D05E884535}.CN_Release_GM|x86.Build.0 = CN_Release_GM|Win32
		{6AA56202-B62A-4F33-ABBB-F9D05E884535}.CN_Release|x86.ActiveCfg = CN_Release|Win32
		{6AA56202-B62A-4F33-ABBB-F9D05E884535}.CN_Release|x86.Build.0 = CN_Release|Win32
		{6AA56202-B62A-4F33-ABBB-F9D05E884535}.Debug|x86.ActiveCfg = JP_Debug|Win32
		{6AA56202-B62A-4F33-ABBB-F9D05E884535}.Debug|x86.Build.0 = JP_Debug|Win32
		{6AA56202-B62A-4F33-ABBB-F9D05E884535}.JP_Debug|x86.ActiveCfg = JP_Debug|Win32
		{6AA56202-B62A-4F33-ABBB-F9D05E884535}.JP_Debug|x86.Build.0 = JP_Debug|Win32
		{6AA56202-B62A-4F33-ABBB-F9D05E884535}.JP_Release_Debug|x86.ActiveCfg = JP_Release_Debug|Win32
		{6AA56202-B62A-4F33-ABBB-F9D05E884535}.JP_Release_Debug|x86.Build.0 = JP_Release_Debug|Win32
		{6AA56202-B62A-4F33-ABBB-F9D05E884535}.JP_Release_GM|x86.ActiveCfg = JP_Release_GM|Win32
		{6AA56202-B62A-4F33-ABBB-F9D05E884535}.JP_Release_GM|x86.Build.0 = JP_Release_GM|Win32
		{6AA56202-B62A-4F33-ABBB-F9D05E884535}.JP_Release|x86.ActiveCfg = JP_Release|Win32
		{6AA56202-B62A-4F33-ABBB-F9D05E884535}.JP_Release|x86.Build.0 = JP_Release|Win32
		{6AA56202-B62A-4F33-ABBB-F9D05E884535}.KR_Debug|x86.ActiveCfg = KR_Debug|Win32
		{6AA56202-B62A-4F33-ABBB-F9D05E884535}.KR_Debug|x86.Build.0 = KR_Debug|Win32
		{6AA56202-B62A-4F33-ABBB-F9D05E884535}.KR_Release_Debug|x86.ActiveCfg = KR_Release_Debug|Win32
		{6AA56202-B62A-4F33-ABBB-F9D05E884535}.KR_Release_Debug|x86.Build.0 = KR_Release_Debug|Win32
		{6AA56202-B62A-4F33-ABBB-F9D05E884535}.KR_Release_GM|x86.ActiveCfg = KR_Release_GM|Win32
		{6AA56202-B62A-4F33-ABBB-F9D05E884535}.KR_Release_GM|x86.Build.0 = KR_Release_GM|Win32
		{6AA56202-B62A-4F33-ABBB-F9D05E884535}.KR_Release|x86.ActiveCfg = KR_Release|Win32
		{6AA56202-B62A-4F33-ABBB-F9D05E884535}.KR_Release|x86.Build.0 = KR_Release|Win32
		{6AA56202-B62A-4F33-ABBB-F9D05E884535}.KR_Test_Release_Debug|x86.ActiveCfg = KR_Test_Release_Debug|Win32
		{6AA56202-B62A-4F33-ABBB-F9D05E884535}.KR_Test_Release_Debug|x86.Build.0 = KR_Test_Release_Debug|Win32
		{6AA56202-B62A-4F33-ABBB-F9D05E884535}.KR_Test_Release_GM|x86.ActiveCfg = KR_Test_Release_GM|Win32
		{6AA56202-B62A-4F33-ABBB-F9D05E884535}.KR_Test_Release_GM|x86.Build.0 = KR_Test_Release_GM|Win32
		{6AA56202-B62A-4F33-ABBB-F9D05E884535}.KR_Test_Release|x86.ActiveCfg = KR_Test_Release|Win32
		{6AA56202-B62A-4F33-ABBB-F9D05E884535}.KR_Test_Release|x86.Build.0 = KR_Test_Release|Win32
		{6AA56202-B62A-4F33-ABBB-F9D05E884535}.Release_include_debugging_information|x86.ActiveCfg = RS_Release|Win32
		{6AA56202-B62A-4F33-ABBB-F9D05E884535}.Release_include_debugging_information|x86.Build.0 = RS_Release|Win32
		{6AA56202-B62A-4F33-ABBB-F9D05E884535}.Release|x86.ActiveCfg = RS_Release|Win32
		{6AA56202-B62A-4F33-ABBB-F9D05E884535}.Release|x86.Build.0 = RS_Release|Win32
		{6AA56202-B62A-4F33-ABBB-F9D05E884535}.RS_Debug|x86.ActiveCfg = RS_Debug|Win32
		{6AA56202-B62A-4F33-ABBB-F9D05E884535}.RS_Debug|x86.Build.0 = RS_Debug|Win32
		{6AA56202-B62A-4F33-ABBB-F9D05E884535}.RS_Release_Debug|x86.ActiveCfg = RS_Release_Debug|Win32
		{6AA56202-B62A-4F33-ABBB-F9D05E884535}.RS_Release_Debug|x86.Build.0 = RS_Release_Debug|Win32
		{6AA56202-B62A-4F33-ABBB-F9D05E884535}.RS_Release_GM|x86.ActiveCfg = RS_Release_GM|Win32
		{6AA56202-B62A-4F33-ABBB-F9D05E884535}.RS_Release_GM|x86.Build.0 = RS_Release_GM|Win32
		{6AA56202-B62A-4F33-ABBB-F9D05E884535}.RS_Release|x86.ActiveCfg = RS_Release|Win32
		{6AA56202-B62A-4F33-ABBB-F9D05E884535}.RS_Release|x86.Build.0 = RS_Release|Win32
		{6AA56202-B62A-4F33-ABBB-F9D05E884535}.Template|x86.ActiveCfg = Template|Win32
		{6AA56202-B62A-4F33-ABBB-F9D05E884535}.Template|x86.Build.0 = Template|Win32
		{6AA56202-B62A-4F33-ABBB-F9D05E884535}.test_Debug|x86.ActiveCfg = Template|Win32
		{6AA56202-B62A-4F33-ABBB-F9D05E884535}.test_Debug|x86.Build.0 = Template|Win32
		{6AA56202-B62A-4F33-ABBB-F9D05E884535}.test_Release|x86.ActiveCfg = Template|Win32
		{6AA56202-B62A-4F33-ABBB-F9D05E884535}.test_Release|x86.Build.0 = Template|Win32
		{6AA56202-B62A-4F33-ABBB-F9D05E884535}.TH_Debug|x86.ActiveCfg = TH_Debug|Win32
		{6AA56202-B62A-4F33-ABBB-F9D05E884535}.TH_Debug|x86.Build.0 = TH_Debug|Win32
		{6AA56202-B62A-4F33-ABBB-F9D05E884535}.TH_Release_Debug|x86.ActiveCfg = TH_Release_Debug|Win32
		{6AA56202-B62A-4F33-ABBB-F9D05E884535}.TH_Release_Debug|x86.Build.0 = TH_Release_Debug|Win32
		{6AA56202-B62A-4F33-ABBB-F9D05E884535}.TH_Release_GM|x86.ActiveCfg = TH_Release_GM|Win32
		{6AA56202-B62A-4F33-ABBB-F9D05E884535}.TH_Release_GM|x86.Build.0 = TH_Release_GM|Win32
		{6AA56202-B62A-4F33-ABBB-F9D05E884535}.TH_Release|x86.ActiveCfg = TH_Release|Win32
		{6AA56202-B62A-4F33-ABBB-F9D05E884535}.TH_Release|x86.Build.0 = TH_Release|Win32
		{6AA56202-B62A-4F33-ABBB-F9D05E884535}.TW_Debug|x86.ActiveCfg = TW_Debug|Win32
		{6AA56202-B62A-4F33-ABBB-F9D05E884535}.TW_Debug|x86.Build.0 = TW_Debug|Win32
		{6AA56202-B62A-4F33-ABBB-F9D05E884535}.TW_Release_Debug|x86.ActiveCfg = TW_Release_Debug|Win32
		{6AA56202-B62A-4F33-ABBB-F9D05E884535}.TW_Release_Debug|x86.Build.0 = TW_Release_Debug|Win32
		{6AA56202-B62A-4F33-ABBB-F9D05E884535}.TW_Release_GM|x86.ActiveCfg = TW_Release_GM|Win32
		{6AA56202-B62A-4F33-ABBB-F9D05E884535}.TW_Release_GM|x86.Build.0 = TW_Release_GM|Win32
		{6AA56202-B62A-4F33-ABBB-F9D05E884535}.TW_Release|x86.ActiveCfg = TW_Release|Win32
		{6AA56202-B62A-4F33-ABBB-F9D05E884535}.TW_Release|x86.Build.0 = TW_Release|Win32
		{6AA56202-B62A-4F33-ABBB-F9D05E884535}.US_Debug|x86.ActiveCfg = US_Debug|Win32
		{6AA56202-B62A-4F33-ABBB-F9D05E884535}.US_Debug|x86.Build.0 = US_Debug|Win32
		{6AA56202-B62A-4F33-ABBB-F9D05E884535}.US_Release_Debug|x86.ActiveCfg = US_Release_Debug|Win32
		{6AA56202-B62A-4F33-ABBB-F9D05E884535}.US_Release_Debug|x86.Build.0 = US_Release_Debug|Win32
		{6AA56202-B62A-4F33-ABBB-F9D05E884535}.US_Release_GM|x86.ActiveCfg = US_Release_GM|Win32
		{6AA56202-B62A-4F33-ABBB-F9D05E884535}.US_Release_GM|x86.Build.0 = US_Release_GM|Win32
		{6AA56202-B62A-4F33-ABBB-F9D05E884535}.US_Release|x86.ActiveCfg = US_Release|Win32
		{6AA56202-B62A-4F33-ABBB-F9D05E884535}.US_Release|x86.Build.0 = US_Release|Win32
		{6AA56202-B62A-4F33-ABBB-F9D05E884535}.VN_Debug|x86.ActiveCfg = VN_Debug|Win32
		{6AA56202-B62A-4F33-ABBB-F9D05E884535}.VN_Debug|x86.Build.0 = VN_Debug|Win32
		{6AA56202-B62A-4F33-ABBB-F9D05E884535}.VN_Release_Debug|x86.ActiveCfg = VN_Release_Debug|Win32
		{6AA56202-B62A-4F33-ABBB-F9D05E884535}.VN_Release_Debug|x86.Build.0 = VN_Release_Debug|Win32
		{6AA56202-B62A-4F33-ABBB-F9D05E884535}.VN_Release_GM|x86.ActiveCfg = VN_Release_GM|Win32
		{6AA56202-B62A-4F33-ABBB-F9D05E884535}.VN_Release_GM|x86.Build.0 = VN_Release_GM|Win32
		{6AA56202-B62A-4F33-ABBB-F9D05E884535}.VN_Release|x86.ActiveCfg = VN_Release|Win32
		{6AA56202-B62A-4F33-ABBB-F9D05E884535}.VN_Release|x86.Build.0 = VN_Release|Win32
		{2D7241CC-145D-4E67-A9D9-C5F597057F67}.CN_Debug|x86.ActiveCfg = CN_Debug|Win32
		{2D7241CC-145D-4E67-A9D9-C5F597057F67}.CN_Debug|x86.Build.0 = CN_Debug|Win32
		{2D7241CC-145D-4E67-A9D9-C5F597057F67}.CN_Release_Debug|x86.ActiveCfg = CN_Release_debug|Win32
		{2D7241CC-145D-4E67-A9D9-C5F597057F67}.CN_Release_Debug|x86.Build.0 = CN_Release_debug|Win32
		{2D7241CC-145D-4E67-A9D9-C5F597057F67}.CN_Release_GM|x86.ActiveCfg = CN_Release_GM|Win32
		{2D7241CC-145D-4E67-A9D9-C5F597057F67}.CN_Release_GM|x86.Build.0 = CN_Release_GM|Win32
		{2D7241CC-145D-4E67-A9D9-C5F597057F67}.CN_Release|x86.ActiveCfg = CN_Release|Win32
		{2D7241CC-145D-4E67-A9D9-C5F597057F67}.CN_Release|x86.Build.0 = CN_Release|Win32
		{2D7241CC-145D-4E67-A9D9-C5F597057F67}.Debug|x86.ActiveCfg = JP_Debug|Win32
		{2D7241CC-145D-4E67-A9D9-C5F597057F67}.Debug|x86.Build.0 = JP_Debug|Win32
		{2D7241CC-145D-4E67-A9D9-C5F597057F67}.JP_Debug|x86.ActiveCfg = JP_Debug|Win32
		{2D7241CC-145D-4E67-A9D9-C5F597057F67}.JP_Debug|x86.Build.0 = JP_Debug|Win32
		{2D7241CC-145D-4E67-A9D9-C5F597057F67}.JP_Release_Debug|x86.ActiveCfg = JP_Release_debug|Win32
		{2D7241CC-145D-4E67-A9D9-C5F597057F67}.JP_Release_Debug|x86.Build.0 = JP_Release_debug|Win32
		{2D7241CC-145D-4E67-A9D9-C5F597057F67}.JP_Release_GM|x86.ActiveCfg = JP_Release_GM|Win32
		{2D7241CC-145D-4E67-A9D9-C5F597057F67}.JP_Release_GM|x86.Build.0 = JP_Release_GM|Win32
		{2D7241CC-145D-4E67-A9D9-C5F597057F67}.JP_Release|x86.ActiveCfg = JP_Release|Win32
		{2D7241CC-145D-4E67-A9D9-C5F597057F67}.JP_Release|x86.Build.0 = JP_Release|Win32
		{2D7241CC-145D-4E67-A9D9-C5F597057F67}.KR_Debug|x86.ActiveCfg = KR_Debug|Win32
		{2D7241CC-145D-4E67-A9D9-C5F597057F67}.KR_Debug|x86.Build.0 = KR_Debug|Win32
		{2D7241CC-145D-4E67-A9D9-C5F597057F67}.KR_Release_Debug|x86.ActiveCfg = KR_Release_debug|Win32
		{2D7241CC-145D-4E67-A9D9-C5F597057F67}.KR_Release_Debug|x86.Build.0 = KR_Release_debug|Win32
		{2D7241CC-145D-4E67-A9D9-C5F597057F67}.KR_Release_GM|x86.ActiveCfg = KR_Release_GM|Win32
		{2D7241CC-145D-4E67-A9D9-C5F597057F67}.KR_Release_GM|x86.Build.0 = KR_Release_GM|Win32
		{2D7241CC-145D-4E67-A9D9-C5F597057F67}.KR_Release|x86.ActiveCfg = KR_Release|Win32
		{2D7241CC-145D-4E67-A9D9-C5F597057F67}.KR_Release|x86.Build.0 = KR_Release|Win32
		{2D7241CC-145D-4E67-A9D9-C5F597057F67}.KR_Test_Release_Debug|x86.ActiveCfg = KR_Test_Release_debug|Win32
		{2D7241CC-145D-4E67-A9D9-C5F597057F67}.KR_Test_Release_Debug|x86.Build.0 = KR_Test_Release_debug|Win32
		{2D7241CC-145D-4E67-A9D9-C5F597057F67}.KR_Test_Release_GM|x86.ActiveCfg = KR_Test_Release_GM|Win32
		{2D7241CC-145D-4E67-A9D9-C5F597057F67}.KR_Test_Release_GM|x86.Build.0 = KR_Test_Release_GM|Win32
		{2D7241CC-145D-4E67-A9D9-C5F597057F67}.KR_Test_Release|x86.ActiveCfg = KR_Test_Release|Win32
		{2D7241CC-145D-4E67-A9D9-C5F597057F67}.KR_Test_Release|x86.Build.0 = KR_Test_Release|Win32
		{2D7241CC-145D-4E67-A9D9-C5F597057F67}.Release_include_debugging_information|x86.ActiveCfg = RS_Release|Win32
		{2D7241CC-145D-4E67-A9D9-C5F597057F67}.Release_include_debugging_information|x86.Build.0 = RS_Release|Win32
		{2D7241CC-145D-4E67-A9D9-C5F597057F67}.Release|x86.ActiveCfg = RS_Release|Win32
		{2D7241CC-145D-4E67-A9D9-C5F597057F67}.Release|x86.Build.0 = RS_Release|Win32
		{2D7241CC-145D-4E67-A9D9-C5F597057F67}.RS_Debug|x86.ActiveCfg = RS_Debug|Win32
		{2D7241CC-145D-4E67-A9D9-C5F597057F67}.RS_Debug|x86.Build.0 = RS_Debug|Win32
		{2D7241CC-145D-4E67-A9D9-C5F597057F67}.RS_Release_Debug|x86.ActiveCfg = RS_Release_debug|Win32
		{2D7241CC-145D-4E67-A9D9-C5F597057F67}.RS_Release_Debug|x86.Build.0 = RS_Release_debug|Win32
		{2D7241CC-145D-4E67-A9D9-C5F597057F67}.RS_Release_GM|x86.ActiveCfg = RS_Release_GM|Win32
		{2D7241CC-145D-4E67-A9D9-C5F597057F67}.RS_Release_GM|x86.Build.0 = RS_Release_GM|Win32
		{2D7241CC-145D-4E67-A9D9-C5F597057F67}.RS_Release|x86.ActiveCfg = RS_Release|Win32
		{2D7241CC-145D-4E67-A9D9-C5F597057F67}.RS_Release|x86.Build.0 = RS_Release|Win32
		{2D7241CC-145D-4E67-A9D9-C5F597057F67}.Template|x86.ActiveCfg = Template|Win32
		{2D7241CC-145D-4E67-A9D9-C5F597057F67}.Template|x86.Build.0 = Template|Win32
		{2D7241CC-145D-4E67-A9D9-C5F597057F67}.test_Debug|x86.ActiveCfg = Template|Win32
		{2D7241CC-145D-4E67-A9D9-C5F597057F67}.test_Debug|x86.Build.0 = Template|Win32
		{2D7241CC-145D-4E67-A9D9-C5F597057F67}.test_Release|x86.ActiveCfg = Template|Win32
		{2D7241CC-145D-4E67-A9D9-C5F597057F67}.test_Release|x86.Build.0 = Template|Win32
		{2D7241CC-145D-4E67-A9D9-C5F597057F67}.TH_Debug|x86.ActiveCfg = TH_Debug|Win32
		{2D7241CC-145D-4E67-A9D9-C5F597057F67}.TH_Debug|x86.Build.0 = TH_Debug|Win32
		{2D7241CC-145D-4E67-A9D9-C5F597057F67}.TH_Release_Debug|x86.ActiveCfg = TH_Release_debug|Win32
		{2D7241CC-145D-4E67-A9D9-C5F597057F67}.TH_Release_Debug|x86.Build.0 = TH_Release_debug|Win32
		{2D7241CC-145D-4E67-A9D9-C5F597057F67}.TH_Release_GM|x86.ActiveCfg = TH_Release_GM|Win32
		{2D7241CC-145D-4E67-A9D9-C5F597057F67}.TH_Release_GM|x86.Build.0 = TH_Release_GM|Win32
		{2D7241CC-145D-4E67-A9D9-C5F597057F67}.TH_Release|x86.ActiveCfg = TH_Release|Win32
		{2D7241CC-145D-4E67-A9D9-C5F597057F67}.TH_Release|x86.Build.0 = TH_Release|Win32
		{2D7241CC-145D-4E67-A9D9-C5F597057F67}.TW_Debug|x86.ActiveCfg = TW_Debug|Win32
		{2D7241CC-145D-4E67-A9D9-C5F597057F67}.TW_Debug|x86.Build.0 = TW_Debug|Win32
		{2D7241CC-145D-4E67-A9D9-C5F597057F67}.TW_Release_Debug|x86.ActiveCfg = TW_Release_debug|Win32
		{2D7241CC-145D-4E67-A9D9-C5F597057F67}.TW_Release_Debug|x86.Build.0 = TW_Release_debug|Win32
		{2D7241CC-145D-4E67-A9D9-C5F597057F67}.TW_Release_GM|x86.ActiveCfg = TW_Release_GM|Win32
		{2D7241CC-145D-4E67-A9D9-C5F597057F67}.TW_Release_GM|x86.Build.0 = TW_Release_GM|Win32
		{2D7241CC-145D-4E67-A9D9-C5F597057F67}.TW_Release|x86.ActiveCfg = TW_Release|Win32
		{2D7241CC-145D-4E67-A9D9-C5F597057F67}.TW_Release|x86.Build.0 = TW_Release|Win32
		{2D7241CC-145D-4E67-A9D9-C5F597057F67}.US_Debug|x86.ActiveCfg = US_Debug|Win32
		{2D7241CC-145D-4E67-A9D9-C5F597057F67}.US_Debug|x86.Build.0 = US_Debug|Win32
		{2D7241CC-145D-4E67-A9D9-C5F597057F67}.US_Release_Debug|x86.ActiveCfg = US_Release_debug|Win32
		{2D7241CC-145D-4E67-A9D9-C5F597057F67}.US_Release_Debug|x86.Build.0 = US_Release_debug|Win32
		{2D7241CC-145D-4E67-A9D9-C5F597057F67}.US_Release_GM|x86.ActiveCfg = US_Release_GM|Win32
		{2D7241CC-145D-4E67-A9D9-C5F597057F67}.US_Release_GM|x86.Build.0 = US_Release_GM|Win32
		{2D7241CC-145D-4E67-A9D9-C5F597057F67}.US_Release|x86.ActiveCfg = US_Release|Win32
		{2D7241CC-145D-4E67-A9D9-C5F597057F67}.US_Release|x86.Build.0 = US_Release|Win32
		{2D7241CC-145D-4E67-A9D9-C5F597057F67}.VN_Debug|x86.ActiveCfg = VN_Debug|Win32
		{2D7241CC-145D-4E67-A9D9-C5F597057F67}.VN_Debug|x86.Build.0 = VN_Debug|Win32
		{2D7241CC-145D-4E67-A9D9-C5F597057F67}.VN_Release_Debug|x86.ActiveCfg = VN_Release_debug|Win32
		{2D7241CC-145D-4E67-A9D9-C5F597057F67}.VN_Release_Debug|x86.Build.0 = VN_Release_debug|Win32
		{2D7241CC-145D-4E67-A9D9-C5F597057F67}.VN_Release_GM|x86.ActiveCfg = VN_Release_GM|Win32
		{2D7241CC-145D-4E67-A9D9-C5F597057F67}.VN_Release_GM|x86.Build.0 = VN_Release_GM|Win32
		{2D7241CC-145D-4E67-A9D9-C5F597057F67}.VN_Release|x86.ActiveCfg = VN_Release|Win32
		{2D7241CC-145D-4E67-A9D9-C5F597057F67}.VN_Release|x86.Build.0 = VN_Release|Win32
		{E8C64569-43D7-4B0A-AC04-8B7D18197A6B}.CN_Debug|x86.ActiveCfg = Debug|Win32
		{E8C64569-43D7-4B0A-AC04-8B7D18197A6B}.CN_Debug|x86.Build.0 = Debug|Win32
		{E8C64569-43D7-4B0A-AC04-8B7D18197A6B}.CN_Release_Debug|x86.ActiveCfg = Release|Win32
		{E8C64569-43D7-4B0A-AC04-8B7D18197A6B}.CN_Release_Debug|x86.Build.0 = Release|Win32
		{E8C64569-43D7-4B0A-AC04-8B7D18197A6B}.CN_Release_GM|x86.ActiveCfg = Release|Win32
		{E8C64569-43D7-4B0A-AC04-8B7D18197A6B}.CN_Release_GM|x86.Build.0 = Release|Win32
		{E8C64569-43D7-4B0A-AC04-8B7D18197A6B}.CN_Release|x86.ActiveCfg = Release|Win32
		{E8C64569-43D7-4B0A-AC04-8B7D18197A6B}.CN_Release|x86.Build.0 = Release|Win32
		{E8C64569-43D7-4B0A-AC04-8B7D18197A6B}.Debug|x86.ActiveCfg = Debug|Win32
		{E8C64569-43D7-4B0A-AC04-8B7D18197A6B}.Debug|x86.Build.0 = Debug|Win32
		{E8C64569-43D7-4B0A-AC04-8B7D18197A6B}.JP_Debug|x86.ActiveCfg = Debug|Win32
		{E8C64569-43D7-4B0A-AC04-8B7D18197A6B}.JP_Debug|x86.Build.0 = Debug|Win32
		{E8C64569-43D7-4B0A-AC04-8B7D18197A6B}.JP_Release_Debug|x86.ActiveCfg = Release|Win32
		{E8C64569-43D7-4B0A-AC04-8B7D18197A6B}.JP_Release_Debug|x86.Build.0 = Release|Win32
		{E8C64569-43D7-4B0A-AC04-8B7D18197A6B}.JP_Release_GM|x86.ActiveCfg = Release|Win32
		{E8C64569-43D7-4B0A-AC04-8B7D18197A6B}.JP_Release_GM|x86.Build.0 = Release|Win32
		{E8C64569-43D7-4B0A-AC04-8B7D18197A6B}.JP_Release|x86.ActiveCfg = Release|Win32
		{E8C64569-43D7-4B0A-AC04-8B7D18197A6B}.JP_Release|x86.Build.0 = Release|Win32
		{E8C64569-43D7-4B0A-AC04-8B7D18197A6B}.KR_Debug|x86.ActiveCfg = Debug|Win32
		{E8C64569-43D7-4B0A-AC04-8B7D18197A6B}.KR_Debug|x86.Build.0 = Debug|Win32
		{E8C64569-43D7-4B0A-AC04-8B7D18197A6B}.KR_Release_Debug|x86.ActiveCfg = Release|Win32
		{E8C64569-43D7-4B0A-AC04-8B7D18197A6B}.KR_Release_Debug|x86.Build.0 = Release|Win32
		{E8C64569-43D7-4B0A-AC04-8B7D18197A6B}.KR_Release_GM|x86.ActiveCfg = Release|Win32
		{E8C64569-43D7-4B0A-AC04-8B7D18197A6B}.KR_Release_GM|x86.Build.0 = Release|Win32
		{E8C64569-43D7-4B0A-AC04-8B7D18197A6B}.KR_Release|x86.ActiveCfg = Release|Win32
		{E8C64569-43D7-4B0A-AC04-8B7D18197A6B}.KR_Release|x86.Build.0 = Release|Win32
		{E8C64569-43D7-4B0A-AC04-8B7D18197A6B}.KR_Test_Release_Debug|x86.ActiveCfg = Release|Win32
		{E8C64569-43D7-4B0A-AC04-8B7D18197A6B}.KR_Test_Release_Debug|x86.Build.0 = Release|Win32
		{E8C64569-43D7-4B0A-AC04-8B7D18197A6B}.KR_Test_Release_GM|x86.ActiveCfg = Release|Win32
		{E8C64569-43D7-4B0A-AC04-8B7D18197A6B}.KR_Test_Release_GM|x86.Build.0 = Release|Win32
		{E8C64569-43D7-4B0A-AC04-8B7D18197A6B}.KR_Test_Release|x86.ActiveCfg = Release|Win32
		{E8C64569-43D7-4B0A-AC04-8B7D18197A6B}.KR_Test_Release|x86.Build.0 = Release|Win32
		{E8C64569-43D7-4B0A-AC04-8B7D18197A6B}.Release_include_debugging_information|x86.ActiveCfg = Release_include_debugging_information|Win32
		{E8C64569-43D7-4B0A-AC04-8B7D18197A6B}.Release_include_debugging_information|x86.Build.0 = Release_include_debugging_information|Win32
		{E8C64569-43D7-4B0A-AC04-8B7D18197A6B}.Release|x86.ActiveCfg = Release|Win32
		{E8C64569-43D7-4B0A-AC04-8B7D18197A6B}.Release|x86.Build.0 = Release|Win32
		{E8C64569-43D7-4B0A-AC04-8B7D18197A6B}.RS_Debug|x86.ActiveCfg = Debug|Win32
		{E8C64569-43D7-4B0A-AC04-8B7D18197A6B}.RS_Debug|x86.Build.0 = Debug|Win32
		{E8C64569-43D7-4B0A-AC04-8B7D18197A6B}.RS_Release_Debug|x86.ActiveCfg = Release|Win32
		{E8C64569-43D7-4B0A-AC04-8B7D18197A6B}.RS_Release_Debug|x86.Build.0 = Release|Win32
		{E8C64569-43D7-4B0A-AC04-8B7D18197A6B}.RS_Release_GM|x86.ActiveCfg = Release|Win32
		{E8C64569-43D7-4B0A-AC04-8B7D18197A6B}.RS_Release_GM|x86.Build.0 = Release|Win32
		{E8C64569-43D7-4B0A-AC04-8B7D18197A6B}.RS_Release|x86.ActiveCfg = Release|Win32
		{E8C64569-43D7-4B0A-AC04-8B7D18197A6B}.RS_Release|x86.Build.0 = Release|Win32
		{E8C64569-43D7-4B0A-AC04-8B7D18197A6B}.Template|x86.ActiveCfg = Template|Win32
		{E8C64569-43D7-4B0A-AC04-8B7D18197A6B}.Template|x86.Build.0 = Template|Win32
		{E8C64569-43D7-4B0A-AC04-8B7D18197A6B}.test_Debug|x86.ActiveCfg = test_Debug|Win32
		{E8C64569-43D7-4B0A-AC04-8B7D18197A6B}.test_Debug|x86.Build.0 = test_Debug|Win32
		{E8C64569-43D7-4B0A-AC04-8B7D18197A6B}.test_Release|x86.ActiveCfg = test_Release|Win32
		{E8C64569-43D7-4B0A-AC04-8B7D18197A6B}.test_Release|x86.Build.0 = test_Release|Win32
		{E8C64569-43D7-4B0A-AC04-8B7D18197A6B}.TH_Debug|x86.ActiveCfg = Debug|Win32
		{E8C64569-43D7-4B0A-AC04-8B7D18197A6B}.TH_Debug|x86.Build.0 = Debug|Win32
		{E8C64569-43D7-4B0A-AC04-8B7D18197A6B}.TH_Release_Debug|x86.ActiveCfg = Release|Win32
		{E8C64569-43D7-4B0A-AC04-8B7D18197A6B}.TH_Release_Debug|x86.Build.0 = Release|Win32
		{E8C64569-43D7-4B0A-AC04-8B7D18197A6B}.TH_Release_GM|x86.ActiveCfg = Release|Win32
		{E8C64569-43D7-4B0A-AC04-8B7D18197A6B}.TH_Release_GM|x86.Build.0 = Release|Win32
		{E8C64569-43D7-4B0A-AC04-8B7D18197A6B}.TH_Release|x86.ActiveCfg = Release|Win32
		{E8C64569-43D7-4B0A-AC04-8B7D18197A6B}.TH_Release|x86.Build.0 = Release|Win32
		{E8C64569-43D7-4B0A-AC04-8B7D18197A6B}.TW_Debug|x86.ActiveCfg = Debug|Win32
		{E8C64569-43D7-4B0A-AC04-8B7D18197A6B}.TW_Debug|x86.Build.0 = Debug|Win32
		{E8C64569-43D7-4B0A-AC04-8B7D18197A6B}.TW_Release_Debug|x86.ActiveCfg = Release|Win32
		{E8C64569-43D7-4B0A-AC04-8B7D18197A6B}.TW_Release_Debug|x86.Build.0 = Release|Win32
		{E8C64569-43D7-4B0A-AC04-8B7D18197A6B}.TW_Release_GM|x86.ActiveCfg = Release|Win32
		{E8C64569-43D7-4B0A-AC04-8B7D18197A6B}.TW_Release_GM|x86.Build.0 = Release|Win32
		{E8C64569-43D7-4B0A-AC04-8B7D18197A6B}.TW_Release|x86.ActiveCfg = Release|Win32
		{E8C64569-43D7-4B0A-AC04-8B7D18197A6B}.TW_Release|x86.Build.0 = Release|Win32
		{E8C64569-43D7-4B0A-AC04-8B7D18197A6B}.US_Debug|x86.ActiveCfg = Debug|Win32
		{E8C64569-43D7-4B0A-AC04-8B7D18197A6B}.US_Debug|x86.Build.0 = Debug|Win32
		{E8C64569-43D7-4B0A-AC04-8B7D18197A6B}.US_Release_Debug|x86.ActiveCfg = Release|Win32
		{E8C64569-43D7-4B0A-AC04-8B7D18197A6B}.US_Release_Debug|x86.Build.0 = Release|Win32
		{E8C64569-43D7-4B0A-AC04-8B7D18197A6B}.US_Release_GM|x86.ActiveCfg = Release|Win32
		{E8C64569-43D7-4B0A-AC04-8B7D18197A6B}.US_Release_GM|x86.Build.0 = Release|Win32
		{E8C64569-43D7-4B0A-AC04-8B7D18197A6B}.US_Release|x86.ActiveCfg = Release|Win32
		{E8C64569-43D7-4B0A-AC04-8B7D18197A6B}.US_Release|x86.Build.0 = Release|Win32
		{E8C64569-43D7-4B0A-AC04-8B7D18197A6B}.VN_Debug|x86.ActiveCfg = Debug|Win32
		{E8C64569-43D7-4B0A-AC04-8B7D18197A6B}.VN_Debug|x86.Build.0 = Debug|Win32
		{E8C64569-43D7-4B0A-AC04-8B7D18197A6B}.VN_Release_Debug|x86.ActiveCfg = Release|Win32
		{E8C64569-43D7-4B0A-AC04-8B7D18197A6B}.VN_Release_Debug|x86.Build.0 = Release|Win32
		{E8C64569-43D7-4B0A-AC04-8B7D18197A6B}.VN_Release_GM|x86.ActiveCfg = Release|Win32
		{E8C64569-43D7-4B0A-AC04-8B7D18197A6B}.VN_Release_GM|x86.Build.0 = Release|Win32
		{E8C64569-43D7-4B0A-AC04-8B7D18197A6B}.VN_Release|x86.ActiveCfg = Release|Win32
		{E8C64569-43D7-4B0A-AC04-8B7D18197A6B}.VN_Release|x86.Build.0 = Release|Win32
		{9FAE482B-4FBA-4A2E-A077-3EC8766A9E9C}.CN_Debug|x86.ActiveCfg = Debug|Win32
		{9FAE482B-4FBA-4A2E-A077-3EC8766A9E9C}.CN_Debug|x86.Build.0 = Debug|Win32
		{9FAE482B-4FBA-4A2E-A077-3EC8766A9E9C}.CN_Release_Debug|x86.ActiveCfg = Release|Win32
		{9FAE482B-4FBA-4A2E-A077-3EC8766A9E9C}.CN_Release_Debug|x86.Build.0 = Release|Win32
		{9FAE482B-4FBA-4A2E-A077-3EC8766A9E9C}.CN_Release_GM|x86.ActiveCfg = Release|Win32
		{9FAE482B-4FBA-4A2E-A077-3EC8766A9E9C}.CN_Release_GM|x86.Build.0 = Release|Win32
		{9FAE482B-4FBA-4A2E-A077-3EC8766A9E9C}.CN_Release|x86.ActiveCfg = Release|Win32
		{9FAE482B-4FBA-4A2E-A077-3EC8766A9E9C}.CN_Release|x86.Build.0 = Release|Win32
		{9FAE482B-4FBA-4A2E-A077-3EC8766A9E9C}.Debug|x86.ActiveCfg = Debug|Win32
		{9FAE482B-4FBA-4A2E-A077-3EC8766A9E9C}.Debug|x86.Build.0 = Debug|Win32
		{9FAE482B-4FBA-4A2E-A077-3EC8766A9E9C}.JP_Debug|x86.ActiveCfg = Debug|Win32
		{9FAE482B-4FBA-4A2E-A077-3EC8766A9E9C}.JP_Debug|x86.Build.0 = Debug|Win32
		{9FAE482B-4FBA-4A2E-A077-3EC8766A9E9C}.JP_Release_Debug|x86.ActiveCfg = Release|Win32
		{9FAE482B-4FBA-4A2E-A077-3EC8766A9E9C}.JP_Release_Debug|x86.Build.0 = Release|Win32
		{9FAE482B-4FBA-4A2E-A077-3EC8766A9E9C}.JP_Release_GM|x86.ActiveCfg = Release|Win32
		{9FAE482B-4FBA-4A2E-A077-3EC8766A9E9C}.JP_Release_GM|x86.Build.0 = Release|Win32
		{9FAE482B-4FBA-4A2E-A077-3EC8766A9E9C}.JP_Release|x86.ActiveCfg = Release|Win32
		{9FAE482B-4FBA-4A2E-A077-3EC8766A9E9C}.JP_Release|x86.Build.0 = Release|Win32
		{9FAE482B-4FBA-4A2E-A077-3EC8766A9E9C}.KR_Debug|x86.ActiveCfg = Debug|Win32
		{9FAE482B-4FBA-4A2E-A077-3EC8766A9E9C}.KR_Debug|x86.Build.0 = Debug|Win32
		{9FAE482B-4FBA-4A2E-A077-3EC8766A9E9C}.KR_Release_Debug|x86.ActiveCfg = Release|Win32
		{9FAE482B-4FBA-4A2E-A077-3EC8766A9E9C}.KR_Release_Debug|x86.Build.0 = Release|Win32
		{9FAE482B-4FBA-4A2E-A077-3EC8766A9E9C}.KR_Release_GM|x86.ActiveCfg = Release|Win32
		{9FAE482B-4FBA-4A2E-A077-3EC8766A9E9C}.KR_Release_GM|x86.Build.0 = Release|Win32
		{9FAE482B-4FBA-4A2E-A077-3EC8766A9E9C}.KR_Release|x86.ActiveCfg = Release|Win32
		{9FAE482B-4FBA-4A2E-A077-3EC8766A9E9C}.KR_Release|x86.Build.0 = Release|Win32
		{9FAE482B-4FBA-4A2E-A077-3EC8766A9E9C}.KR_Test_Release_Debug|x86.ActiveCfg = Release|Win32
		{9FAE482B-4FBA-4A2E-A077-3EC8766A9E9C}.KR_Test_Release_Debug|x86.Build.0 = Release|Win32
		{9FAE482B-4FBA-4A2E-A077-3EC8766A9E9C}.KR_Test_Release_GM|x86.ActiveCfg = Release|Win32
		{9FAE482B-4FBA-4A2E-A077-3EC8766A9E9C}.KR_Test_Release_GM|x86.Build.0 = Release|Win32
		{9FAE482B-4FBA-4A2E-A077-3EC8766A9E9C}.KR_Test_Release|x86.ActiveCfg = Release|Win32
		{9FAE482B-4FBA-4A2E-A077-3EC8766A9E9C}.KR_Test_Release|x86.Build.0 = Release|Win32
		{9FAE482B-4FBA-4A2E-A077-3EC8766A9E9C}.Release_include_debugging_information|x86.ActiveCfg = Release|Win32
		{9FAE482B-4FBA-4A2E-A077-3EC8766A9E9C}.Release_include_debugging_information|x86.Build.0 = Release|Win32
		{9FAE482B-4FBA-4A2E-A077-3EC8766A9E9C}.Release|x86.ActiveCfg = Release|Win32
		{9FAE482B-4FBA-4A2E-A077-3EC8766A9E9C}.Release|x86.Build.0 = Release|Win32
		{9FAE482B-4FBA-4A2E-A077-3EC8766A9E9C}.RS_Debug|x86.ActiveCfg = Debug|Win32
		{9FAE482B-4FBA-4A2E-A077-3EC8766A9E9C}.RS_Debug|x86.Build.0 = Debug|Win32
		{9FAE482B-4FBA-4A2E-A077-3EC8766A9E9C}.RS_Release_Debug|x86.ActiveCfg = Release|Win32
		{9FAE482B-4FBA-4A2E-A077-3EC8766A9E9C}.RS_Release_Debug|x86.Build.0 = Release|Win32
		{9FAE482B-4FBA-4A2E-A077-3EC8766A9E9C}.RS_Release_GM|x86.ActiveCfg = Release|Win32
		{9FAE482B-4FBA-4A2E-A077-3EC8766A9E9C}.RS_Release_GM|x86.Build.0 = Release|Win32
		{9FAE482B-4FBA-4A2E-A077-3EC8766A9E9C}.RS_Release|x86.ActiveCfg = Release|Win32
		{9FAE482B-4FBA-4A2E-A077-3EC8766A9E9C}.RS_Release|x86.Build.0 = Release|Win32
		{9FAE482B-4FBA-4A2E-A077-3EC8766A9E9C}.Template|x86.ActiveCfg = Template|Win32
		{9FAE482B-4FBA-4A2E-A077-3EC8766A9E9C}.Template|x86.Build.0 = Template|Win32
		{9FAE482B-4FBA-4A2E-A077-3EC8766A9E9C}.test_Debug|x86.ActiveCfg = Debug|Win32
		{9FAE482B-4FBA-4A2E-A077-3EC8766A9E9C}.test_Debug|x86.Build.0 = Debug|Win32
		{9FAE482B-4FBA-4A2E-A077-3EC8766A9E9C}.test_Release|x86.ActiveCfg = Release|Win32
		{9FAE482B-4FBA-4A2E-A077-3EC8766A9E9C}.test_Release|x86.Build.0 = Release|Win32
		{9FAE482B-4FBA-4A2E-A077-3EC8766A9E9C}.TH_Debug|x86.ActiveCfg = Debug|Win32
		{9FAE482B-4FBA-4A2E-A077-3EC8766A9E9C}.TH_Debug|x86.Build.0 = Debug|Win32
		{9FAE482B-4FBA-4A2E-A077-3EC8766A9E9C}.TH_Release_Debug|x86.ActiveCfg = Release|Win32
		{9FAE482B-4FBA-4A2E-A077-3EC8766A9E9C}.TH_Release_Debug|x86.Build.0 = Release|Win32
		{9FAE482B-4FBA-4A2E-A077-3EC8766A9E9C}.TH_Release_GM|x86.ActiveCfg = Release|Win32
		{9FAE482B-4FBA-4A2E-A077-3EC8766A9E9C}.TH_Release_GM|x86.Build.0 = Release|Win32
		{9FAE482B-4FBA-4A2E-A077-3EC8766A9E9C}.TH_Release|x86.ActiveCfg = Release|Win32
		{9FAE482B-4FBA-4A2E-A077-3EC8766A9E9C}.TH_Release|x86.Build.0 = Release|Win32
		{9FAE482B-4FBA-4A2E-A077-3EC8766A9E9C}.TW_Debug|x86.ActiveCfg = Debug|Win32
		{9FAE482B-4FBA-4A2E-A077-3EC8766A9E9C}.TW_Debug|x86.Build.0 = Debug|Win32
		{9FAE482B-4FBA-4A2E-A077-3EC8766A9E9C}.TW_Release_Debug|x86.ActiveCfg = Release|Win32
		{9FAE482B-4FBA-4A2E-A077-3EC8766A9E9C}.TW_Release_Debug|x86.Build.0 = Release|Win32
		{9FAE482B-4FBA-4A2E-A077-3EC8766A9E9C}.TW_Release_GM|x86.ActiveCfg = Release|Win32
		{9FAE482B-4FBA-4A2E-A077-3EC8766A9E9C}.TW_Release_GM|x86.Build.0 = Release|Win32
		{9FAE482B-4FBA-4A2E-A077-3EC8766A9E9C}.TW_Release|x86.ActiveCfg = Release|Win32
		{9FAE482B-4FBA-4A2E-A077-3EC8766A9E9C}.TW_Release|x86.Build.0 = Release|Win32
		{9FAE482B-4FBA-4A2E-A077-3EC8766A9E9C}.US_Debug|x86.ActiveCfg = Debug|Win32
		{9FAE482B-4FBA-4A2E-A077-3EC8766A9E9C}.US_Debug|x86.Build.0 = Debug|Win32
		{9FAE482B-4FBA-4A2E-A077-3EC8766A9E9C}.US_Release_Debug|x86.ActiveCfg = Release|Win32
		{9FAE482B-4FBA-4A2E-A077-3EC8766A9E9C}.US_Release_Debug|x86.Build.0 = Release|Win32
		{9FAE482B-4FBA-4A2E-A077-3EC8766A9E9C}.US_Release_GM|x86.ActiveCfg = Release|Win32
		{9FAE482B-4FBA-4A2E-A077-3EC8766A9E9C}.US_Release_GM|x86.Build.0 = Release|Win32
		{9FAE482B-4FBA-4A2E-A077-3EC8766A9E9C}.US_Release|x86.ActiveCfg = Release|Win32
		{9FAE482B-4FBA-4A2E-A077-3EC8766A9E9C}.US_Release|x86.Build.0 = Release|Win32
		{9FAE482B-4FBA-4A2E-A077-3EC8766A9E9C}.VN_Debug|x86.ActiveCfg = Debug|Win32
		{9FAE482B-4FBA-4A2E-A077-3EC8766A9E9C}.VN_Debug|x86.Build.0 = Debug|Win32
		{9FAE482B-4FBA-4A2E-A077-3EC8766A9E9C}.VN_Release_Debug|x86.ActiveCfg = Release|Win32
		{9FAE482B-4FBA-4A2E-A077-3EC8766A9E9C}.VN_Release_Debug|x86.Build.0 = Release|Win32
		{9FAE482B-4FBA-4A2E-A077-3EC8766A9E9C}.VN_Release_GM|x86.ActiveCfg = Release|Win32
		{9FAE482B-4FBA-4A2E-A077-3EC8766A9E9C}.VN_Release_GM|x86.Build.0 = Release|Win32
		{9FAE482B-4FBA-4A2E-A077-3EC8766A9E9C}.VN_Release|x86.ActiveCfg = Release|Win32
		{9FAE482B-4FBA-4A2E-A077-3EC8766A9E9C}.VN_Release|x86.Build.0 = Release|Win32
		{6F9D607A-E964-47BD-B4DE-3A15D7FCC843}.CN_Debug|x86.ActiveCfg = Debug|Win32
		{6F9D607A-E964-47BD-B4DE-3A15D7FCC843}.CN_Debug|x86.Build.0 = Debug|Win32
		{6F9D607A-E964-47BD-B4DE-3A15D7FCC843}.CN_Release_Debug|x86.ActiveCfg = Release|Win32
		{6F9D607A-E964-47BD-B4DE-3A15D7FCC843}.CN_Release_Debug|x86.Build.0 = Release|Win32
		{6F9D607A-E964-47BD-B4DE-3A15D7FCC843}.CN_Release_GM|x86.ActiveCfg = Release|Win32
		{6F9D607A-E964-47BD-B4DE-3A15D7FCC843}.CN_Release_GM|x86.Build.0 = Release|Win32
		{6F9D607A-E964-47BD-B4DE-3A15D7FCC843}.CN_Release|x86.ActiveCfg = Release|Win32
		{6F9D607A-E964-47BD-B4DE-3A15D7FCC843}.CN_Release|x86.Build.0 = Release|Win32
		{6F9D607A-E964-47BD-B4DE-3A15D7FCC843}.Debug|x86.ActiveCfg = Debug|Win32
		{6F9D607A-E964-47BD-B4DE-3A15D7FCC843}.Debug|x86.Build.0 = Debug|Win32
		{6F9D607A-E964-47BD-B4DE-3A15D7FCC843}.JP_Debug|x86.ActiveCfg = Debug|Win32
		{6F9D607A-E964-47BD-B4DE-3A15D7FCC843}.JP_Debug|x86.Build.0 = Debug|Win32
		{6F9D607A-E964-47BD-B4DE-3A15D7FCC843}.JP_Release_Debug|x86.ActiveCfg = Release|Win32
		{6F9D607A-E964-47BD-B4DE-3A15D7FCC843}.JP_Release_Debug|x86.Build.0 = Release|Win32
		{6F9D607A-E964-47BD-B4DE-3A15D7FCC843}.JP_Release_GM|x86.ActiveCfg = Release|Win32
		{6F9D607A-E964-47BD-B4DE-3A15D7FCC843}.JP_Release_GM|x86.Build.0 = Release|Win32
		{6F9D607A-E964-47BD-B4DE-3A15D7FCC843}.JP_Release|x86.ActiveCfg = Release|Win32
		{6F9D607A-E964-47BD-B4DE-3A15D7FCC843}.JP_Release|x86.Build.0 = Release|Win32
		{6F9D607A-E964-47BD-B4DE-3A15D7FCC843}.KR_Debug|x86.ActiveCfg = Debug|Win32
		{6F9D607A-E964-47BD-B4DE-3A15D7FCC843}.KR_Debug|x86.Build.0 = Debug|Win32
		{6F9D607A-E964-47BD-B4DE-3A15D7FCC843}.KR_Release_Debug|x86.ActiveCfg = Release|Win32
		{6F9D607A-E964-47BD-B4DE-3A15D7FCC843}.KR_Release_Debug|x86.Build.0 = Release|Win32
		{6F9D607A-E964-47BD-B4DE-3A15D7FCC843}.KR_Release_GM|x86.ActiveCfg = Release|Win32
		{6F9D607A-E964-47BD-B4DE-3A15D7FCC843}.KR_Release_GM|x86.Build.0 = Release|Win32
		{6F9D607A-E964-47BD-B4DE-3A15D7FCC843}.KR_Release|x86.ActiveCfg = Release|Win32
		{6F9D607A-E964-47BD-B4DE-3A15D7FCC843}.KR_Release|x86.Build.0 = Release|Win32
		{6F9D607A-E964-47BD-B4DE-3A15D7FCC843}.KR_Test_Release_Debug|x86.ActiveCfg = Release|Win32
		{6F9D607A-E964-47BD-B4DE-3A15D7FCC843}.KR_Test_Release_Debug|x86.Build.0 = Release|Win32
		{6F9D607A-E964-47BD-B4DE-3A15D7FCC843}.KR_Test_Release_GM|x86.ActiveCfg = Release|Win32
		{6F9D607A-E964-47BD-B4DE-3A15D7FCC843}.KR_Test_Release_GM|x86.Build.0 = Release|Win32
		{6F9D607A-E964-47BD-B4DE-3A15D7FCC843}.KR_Test_Release|x86.ActiveCfg = Release|Win32
		{6F9D607A-E964-47BD-B4DE-3A15D7FCC843}.KR_Test_Release|x86.Build.0 = Release|Win32
		{6F9D607A-E964-47BD-B4DE-3A15D7FCC843}.Release_include_debugging_information|x86.ActiveCfg = Release|Win32
		{6F9D607A-E964-47BD-B4DE-3A15D7FCC843}.Release_include_debugging_information|x86.Build.0 = Release|Win32
		{6F9D607A-E964-47BD-B4DE-3A15D7FCC843}.Release|x86.ActiveCfg = Release|Win32
		{6F9D607A-E964-47BD-B4DE-3A15D7FCC843}.Release|x86.Build.0 = Release|Win32
		{6F9D607A-E964-47BD-B4DE-3A15D7FCC843}.RS_Debug|x86.ActiveCfg = Debug|Win32
		{6F9D607A-E964-47BD-B4DE-3A15D7FCC843}.RS_Debug|x86.Build.0 = Debug|Win32
		{6F9D607A-E964-47BD-B4DE-3A15D7FCC843}.RS_Release_Debug|x86.ActiveCfg = Release|Win32
		{6F9D607A-E964-47BD-B4DE-3A15D7FCC843}.RS_Release_Debug|x86.Build.0 = Release|Win32
		{6F9D607A-E964-47BD-B4DE-3A15D7FCC843}.RS_Release_GM|x86.ActiveCfg = Release|Win32
		{6F9D607A-E964-47BD-B4DE-3A15D7FCC843}.RS_Release_GM|x86.Build.0 = Release|Win32
		{6F9D607A-E964-47BD-B4DE-3A15D7FCC843}.RS_Release|x86.ActiveCfg = Release|Win32
		{6F9D607A-E964-47BD-B4DE-3A15D7FCC843}.RS_Release|x86.Build.0 = Release|Win32
		{6F9D607A-E964-47BD-B4DE-3A15D7FCC843}.Template|x86.ActiveCfg = Template|Win32
		{6F9D607A-E964-47BD-B4DE-3A15D7FCC843}.Template|x86.Build.0 = Template|Win32
		{6F9D607A-E964-47BD-B4DE-3A15D7FCC843}.test_Debug|x86.ActiveCfg = Debug|Win32
		{6F9D607A-E964-47BD-B4DE-3A15D7FCC843}.test_Debug|x86.Build.0 = Debug|Win32
		{6F9D607A-E964-47BD-B4DE-3A15D7FCC843}.test_Release|x86.ActiveCfg = Release|Win32
		{6F9D607A-E964-47BD-B4DE-3A15D7FCC843}.test_Release|x86.Build.0 = Release|Win32
		{6F9D607A-E964-47BD-B4DE-3A15D7FCC843}.TH_Debug|x86.ActiveCfg = Debug|Win32
		{6F9D607A-E964-47BD-B4DE-3A15D7FCC843}.TH_Debug|x86.Build.0 = Debug|Win32
		{6F9D607A-E964-47BD-B4DE-3A15D7FCC843}.TH_Release_Debug|x86.ActiveCfg = Release|Win32
		{6F9D607A-E964-47BD-B4DE-3A15D7FCC843}.TH_Release_Debug|x86.Build.0 = Release|Win32
		{6F9D607A-E964-47BD-B4DE-3A15D7FCC843}.TH_Release_GM|x86.ActiveCfg = Release|Win32
		{6F9D607A-E964-47BD-B4DE-3A15D7FCC843}.TH_Release_GM|x86.Build.0 = Release|Win32
		{6F9D607A-E964-47BD-B4DE-3A15D7FCC843}.TH_Release|x86.ActiveCfg = Release|Win32
		{6F9D607A-E964-47BD-B4DE-3A15D7FCC843}.TH_Release|x86.Build.0 = Release|Win32
		{6F9D607A-E964-47BD-B4DE-3A15D7FCC843}.TW_Debug|x86.ActiveCfg = Debug|Win32
		{6F9D607A-E964-47BD-B4DE-3A15D7FCC843}.TW_Debug|x86.Build.0 = Debug|Win32
		{6F9D607A-E964-47BD-B4DE-3A15D7FCC843}.TW_Release_Debug|x86.ActiveCfg = Release|Win32
		{6F9D607A-E964-47BD-B4DE-3A15D7FCC843}.TW_Release_Debug|x86.Build.0 = Release|Win32
		{6F9D607A-E964-47BD-B4DE-3A15D7FCC843}.TW_Release_GM|x86.ActiveCfg = Release|Win32
		{6F9D607A-E964-47BD-B4DE-3A15D7FCC843}.TW_Release_GM|x86.Build.0 = Release|Win32
		{6F9D607A-E964-47BD-B4DE-3A15D7FCC843}.TW_Release|x86.ActiveCfg = Release|Win32
		{6F9D607A-E964-47BD-B4DE-3A15D7FCC843}.TW_Release|x86.Build.0 = Release|Win32
		{6F9D607A-E964-47BD-B4DE-3A15D7FCC843}.US_Debug|x86.ActiveCfg = Debug|Win32
		{6F9D607A-E964-47BD-B4DE-3A15D7FCC843}.US_Debug|x86.Build.0 = Debug|Win32
		{6F9D607A-E964-47BD-B4DE-3A15D7FCC843}.US_Release_Debug|x86.ActiveCfg = Release|Win32
		{6F9D607A-E964-47BD-B4DE-3A15D7FCC843}.US_Release_Debug|x86.Build.0 = Release|Win32
		{6F9D607A-E964-47BD-B4DE-3A15D7FCC843}.US_Release_GM|x86.ActiveCfg = Release|Win32
		{6F9D607A-E964-47BD-B4DE-3A15D7FCC843}.US_Release_GM|x86.Build.0 = Release|Win32
		{6F9D607A-E964-47BD-B4DE-3A15D7FCC843}.US_Release|x86.ActiveCfg = Release|Win32
		{6F9D607A-E964-47BD-B4DE-3A15D7FCC843}.US_Release|x86.Build.0 = Release|Win32
		{6F9D607A-E964-47BD-B4DE-3A15D7FCC843}.VN_Debug|x86.ActiveCfg = Debug|Win32
		{6F9D607A-E964-47BD-B4DE-3A15D7FCC843}.VN_Debug|x86.Build.0 = Debug|Win32
		{6F9D607A-E964-47BD-B4DE-3A15D7FCC843}.VN_Release_Debug|x86.ActiveCfg = Release|Win32
		{6F9D607A-E964-47BD-B4DE-3A15D7FCC843}.VN_Release_Debug|x86.Build.0 = Release|Win32
		{6F9D607A-E964-47BD-B4DE-3A15D7FCC843}.VN_Release_GM|x86.ActiveCfg = Release|Win32
		{6F9D607A-E964-47BD-B4DE-3A15D7FCC843}.VN_Release_GM|x86.Build.0 = Release|Win32
		{6F9D607A-E964-47BD-B4DE-3A15D7FCC843}.VN_Release|x86.ActiveCfg = Release|Win32
		{6F9D607A-E964-47BD-B4DE-3A15D7FCC843}.VN_Release|x86.Build.0 = Release|Win32
	EndGlobalSection
	GlobalSection(SolutionProperties) = preSolution
		HideSolutionNode = FALSE
	EndGlobalSection
	GlobalSection(ExtensibilityGlobals) = postSolution
		SolutionGuid = {D956ED8E-D933-4060-B81D-0D0ECF60ACB0}
	EndGlobalSection
EndGlobal
